
Microsoft Visual Studio Solution File, Format Version 11.00
# Visual Studio 2010
Project("{FAE04EC0-301F-11D3-BF4B-00C04F79EFBC}") = "Config", "Config\Config.csproj", "{3CC541EB-6E9A-4A16-B0E1-AC88AEF969FC}"
EndProject
Project("{FAE04EC0-301F-11D3-BF4B-00C04F79EFBC}") = "Schemas", "Schemas\Schemas.csproj", "{5B4A9C51-D19A-4F4D-B8D8-FC9B26AA7EF5}"
EndProject
Project("{FAE04EC0-301F-11D3-BF4B-00C04F79EFBC}") = "Data", "Data\Data.csproj", "{BBD25F50-FA7A-4799-9832-287AF59FB6C4}"
EndProject
Project("{FAE04EC0-301F-11D3-BF4B-00C04F79EFBC}") = "Installers", "Installers\Installers.csproj", "{301C6060-336E-4363-BF63-9ED84A0770FB}"
EndProject
Project("{FAE04EC0-301F-11D3-BF4B-00C04F79EFBC}") = "Engine", "Engine\Engine.csproj", "{9CB902C0-C352-447D-8E42-5EA5E2E23873}"
EndProject
Project("{FAE04EC0-301F-11D3-BF4B-00C04F79EFBC}") = "Utilities", "Utilities\Utilities.csproj", "{E0D551C1-574F-4B69-8981-CF5F44391E5E}"
EndProject
Project("{930C7802-8A8C-48F9-8165-68863BCCD9DD}") = "WixCommon", "WixCommon\WixCommon.wixproj", "{C087F894-7DDD-4630-AE88-4FFC8C772F3F}"
EndProject
Project("{FAE04EC0-301F-11D3-BF4B-00C04F79EFBC}") = "Schemas.Tests", "Schemas.Tests\Schemas.Tests.csproj", "{A05A4338-8E7F-41D7-A530-95FE0BB7CB24}"
EndProject
Project("{FAE04EC0-301F-11D3-BF4B-00C04F79EFBC}") = "Engine.Tests", "Engine.Tests\Engine.Tests.csproj", "{8CCCE0D5-9234-4CEF-AAC8-720E56FBFE95}"
EndProject
Project("{FAE04EC0-301F-11D3-BF4B-00C04F79EFBC}") = "Utilities.Tests", "Utilities.Tests\Utilities.Tests.csproj", "{32379DF6-3DAA-46B6-B694-E91954AD75FE}"
EndProject
Project("{FAE04EC0-301F-11D3-BF4B-00C04F79EFBC}") = "Installers.Tests", "Installers.Tests\Installers.Tests.csproj", "{35C512A4-5752-420C-A890-A8C1D97DE55A}"
EndProject
Project("{FAE04EC0-301F-11D3-BF4B-00C04F79EFBC}") = "Data.Tests", "Data.Tests\Data.Tests.csproj", "{B382270F-18B3-4B0D-9FF2-34B71A0DD8B2}"
EndProject
Global
	GlobalSection(SolutionConfigurationPlatforms) = preSolution
		Debug|Any CPU = Debug|Any CPU
		Debug|Mixed Platforms = Debug|Mixed Platforms
		Debug|Mono = Debug|Mono
		Debug|x86 = Debug|x86
		Release|Any CPU = Release|Any CPU
		Release|Mixed Platforms = Release|Mixed Platforms
		Release|Mono = Release|Mono
		Release|x86 = Release|x86
	EndGlobalSection
	GlobalSection(ProjectConfigurationPlatforms) = postSolution
		{3CC541EB-6E9A-4A16-B0E1-AC88AEF969FC}.Debug|Any CPU.ActiveCfg = Debug|Any CPU
		{3CC541EB-6E9A-4A16-B0E1-AC88AEF969FC}.Debug|Any CPU.Build.0 = Debug|Any CPU
		{3CC541EB-6E9A-4A16-B0E1-AC88AEF969FC}.Debug|Mixed Platforms.ActiveCfg = Debug|Any CPU
		{3CC541EB-6E9A-4A16-B0E1-AC88AEF969FC}.Debug|Mixed Platforms.Build.0 = Debug|Any CPU
		{3CC541EB-6E9A-4A16-B0E1-AC88AEF969FC}.Debug|Mono.ActiveCfg = Debug|Mono
		{3CC541EB-6E9A-4A16-B0E1-AC88AEF969FC}.Debug|Mono.Build.0 = Debug|Mono
		{3CC541EB-6E9A-4A16-B0E1-AC88AEF969FC}.Debug|x86.ActiveCfg = Debug|Any CPU
		{3CC541EB-6E9A-4A16-B0E1-AC88AEF969FC}.Release|Any CPU.ActiveCfg = Release|Any CPU
		{3CC541EB-6E9A-4A16-B0E1-AC88AEF969FC}.Release|Any CPU.Build.0 = Release|Any CPU
		{3CC541EB-6E9A-4A16-B0E1-AC88AEF969FC}.Release|Mixed Platforms.ActiveCfg = Release|Any CPU
		{3CC541EB-6E9A-4A16-B0E1-AC88AEF969FC}.Release|Mixed Platforms.Build.0 = Release|Any CPU
		{3CC541EB-6E9A-4A16-B0E1-AC88AEF969FC}.Release|Mono.ActiveCfg = Release|Any CPU
		{3CC541EB-6E9A-4A16-B0E1-AC88AEF969FC}.Release|Mono.Build.0 = Release|Any CPU
		{3CC541EB-6E9A-4A16-B0E1-AC88AEF969FC}.Release|x86.ActiveCfg = Release|Any CPU
		{5B4A9C51-D19A-4F4D-B8D8-FC9B26AA7EF5}.Debug|Any CPU.ActiveCfg = Debug|Any CPU
		{5B4A9C51-D19A-4F4D-B8D8-FC9B26AA7EF5}.Debug|Any CPU.Build.0 = Debug|Any CPU
		{5B4A9C51-D19A-4F4D-B8D8-FC9B26AA7EF5}.Debug|Mixed Platforms.ActiveCfg = Debug|Any CPU
		{5B4A9C51-D19A-4F4D-B8D8-FC9B26AA7EF5}.Debug|Mixed Platforms.Build.0 = Debug|Any CPU
		{5B4A9C51-D19A-4F4D-B8D8-FC9B26AA7EF5}.Debug|Mono.ActiveCfg = Debug|Mono
		{5B4A9C51-D19A-4F4D-B8D8-FC9B26AA7EF5}.Debug|Mono.Build.0 = Debug|Mono
		{5B4A9C51-D19A-4F4D-B8D8-FC9B26AA7EF5}.Debug|x86.ActiveCfg = Debug|Any CPU
		{5B4A9C51-D19A-4F4D-B8D8-FC9B26AA7EF5}.Release|Any CPU.ActiveCfg = Release|Any CPU
		{5B4A9C51-D19A-4F4D-B8D8-FC9B26AA7EF5}.Release|Any CPU.Build.0 = Release|Any CPU
		{5B4A9C51-D19A-4F4D-B8D8-FC9B26AA7EF5}.Release|Mixed Platforms.ActiveCfg = Release|Any CPU
		{5B4A9C51-D19A-4F4D-B8D8-FC9B26AA7EF5}.Release|Mixed Platforms.Build.0 = Release|Any CPU
		{5B4A9C51-D19A-4F4D-B8D8-FC9B26AA7EF5}.Release|Mono.ActiveCfg = Release|Any CPU
		{5B4A9C51-D19A-4F4D-B8D8-FC9B26AA7EF5}.Release|Mono.Build.0 = Release|Any CPU
		{5B4A9C51-D19A-4F4D-B8D8-FC9B26AA7EF5}.Release|x86.ActiveCfg = Release|Any CPU
		{BBD25F50-FA7A-4799-9832-287AF59FB6C4}.Debug|Any CPU.ActiveCfg = Debug|Any CPU
		{BBD25F50-FA7A-4799-9832-287AF59FB6C4}.Debug|Any CPU.Build.0 = Debug|Any CPU
		{BBD25F50-FA7A-4799-9832-287AF59FB6C4}.Debug|Mixed Platforms.ActiveCfg = Debug|Any CPU
		{BBD25F50-FA7A-4799-9832-287AF59FB6C4}.Debug|Mixed Platforms.Build.0 = Debug|Any CPU
		{BBD25F50-FA7A-4799-9832-287AF59FB6C4}.Debug|Mono.ActiveCfg = Debug|Mono
		{BBD25F50-FA7A-4799-9832-287AF59FB6C4}.Debug|Mono.Build.0 = Debug|Mono
		{BBD25F50-FA7A-4799-9832-287AF59FB6C4}.Debug|x86.ActiveCfg = Debug|Any CPU
		{BBD25F50-FA7A-4799-9832-287AF59FB6C4}.Release|Any CPU.ActiveCfg = Release|Any CPU
		{BBD25F50-FA7A-4799-9832-287AF59FB6C4}.Release|Any CPU.Build.0 = Release|Any CPU
		{BBD25F50-FA7A-4799-9832-287AF59FB6C4}.Release|Mixed Platforms.ActiveCfg = Release|Any CPU
		{BBD25F50-FA7A-4799-9832-287AF59FB6C4}.Release|Mixed Platforms.Build.0 = Release|Any CPU
		{BBD25F50-FA7A-4799-9832-287AF59FB6C4}.Release|Mono.ActiveCfg = Release|Mono
		{BBD25F50-FA7A-4799-9832-287AF59FB6C4}.Release|Mono.Build.0 = Release|Mono
		{BBD25F50-FA7A-4799-9832-287AF59FB6C4}.Release|x86.ActiveCfg = Release|Any CPU
		{301C6060-336E-4363-BF63-9ED84A0770FB}.Debug|Any CPU.ActiveCfg = Debug|Any CPU
		{301C6060-336E-4363-BF63-9ED84A0770FB}.Debug|Any CPU.Build.0 = Debug|Any CPU
		{301C6060-336E-4363-BF63-9ED84A0770FB}.Debug|Mixed Platforms.ActiveCfg = Debug|Any CPU
		{301C6060-336E-4363-BF63-9ED84A0770FB}.Debug|Mixed Platforms.Build.0 = Debug|Any CPU
		{301C6060-336E-4363-BF63-9ED84A0770FB}.Debug|Mono.ActiveCfg = Debug|Any CPU
		{301C6060-336E-4363-BF63-9ED84A0770FB}.Debug|x86.ActiveCfg = Debug|Any CPU
		{301C6060-336E-4363-BF63-9ED84A0770FB}.Release|Any CPU.ActiveCfg = Release|Any CPU
		{301C6060-336E-4363-BF63-9ED84A0770FB}.Release|Any CPU.Build.0 = Release|Any CPU
		{301C6060-336E-4363-BF63-9ED84A0770FB}.Release|Mixed Platforms.ActiveCfg = Release|Any CPU
		{301C6060-336E-4363-BF63-9ED84A0770FB}.Release|Mixed Platforms.Build.0 = Release|Any CPU
		{301C6060-336E-4363-BF63-9ED84A0770FB}.Release|Mono.ActiveCfg = Release|Any CPU
		{301C6060-336E-4363-BF63-9ED84A0770FB}.Release|x86.ActiveCfg = Release|Any CPU
		{9CB902C0-C352-447D-8E42-5EA5E2E23873}.Debug|Any CPU.ActiveCfg = Debug|Any CPU
		{9CB902C0-C352-447D-8E42-5EA5E2E23873}.Debug|Any CPU.Build.0 = Debug|Any CPU
		{9CB902C0-C352-447D-8E42-5EA5E2E23873}.Debug|Mixed Platforms.ActiveCfg = Debug|Any CPU
		{9CB902C0-C352-447D-8E42-5EA5E2E23873}.Debug|Mixed Platforms.Build.0 = Debug|Any CPU
		{9CB902C0-C352-447D-8E42-5EA5E2E23873}.Debug|Mono.ActiveCfg = Debug|Mono
		{9CB902C0-C352-447D-8E42-5EA5E2E23873}.Debug|Mono.Build.0 = Debug|Mono
		{9CB902C0-C352-447D-8E42-5EA5E2E23873}.Debug|x86.ActiveCfg = Debug|Any CPU
		{9CB902C0-C352-447D-8E42-5EA5E2E23873}.Release|Any CPU.ActiveCfg = Release|Any CPU
		{9CB902C0-C352-447D-8E42-5EA5E2E23873}.Release|Any CPU.Build.0 = Release|Any CPU
		{9CB902C0-C352-447D-8E42-5EA5E2E23873}.Release|Mixed Platforms.ActiveCfg = Release|Any CPU
		{9CB902C0-C352-447D-8E42-5EA5E2E23873}.Release|Mixed Platforms.Build.0 = Release|Any CPU
		{9CB902C0-C352-447D-8E42-5EA5E2E23873}.Release|Mono.ActiveCfg = Release|Any CPU
		{9CB902C0-C352-447D-8E42-5EA5E2E23873}.Release|Mono.Build.0 = Release|Any CPU
		{9CB902C0-C352-447D-8E42-5EA5E2E23873}.Release|x86.ActiveCfg = Release|Any CPU
		{E0D551C1-574F-4B69-8981-CF5F44391E5E}.Debug|Any CPU.ActiveCfg = Debug|Any CPU
		{E0D551C1-574F-4B69-8981-CF5F44391E5E}.Debug|Any CPU.Build.0 = Debug|Any CPU
		{E0D551C1-574F-4B69-8981-CF5F44391E5E}.Debug|Mixed Platforms.ActiveCfg = Debug|Any CPU
		{E0D551C1-574F-4B69-8981-CF5F44391E5E}.Debug|Mixed Platforms.Build.0 = Debug|Any CPU
		{E0D551C1-574F-4B69-8981-CF5F44391E5E}.Debug|Mono.ActiveCfg = Debug|Mono
		{E0D551C1-574F-4B69-8981-CF5F44391E5E}.Debug|Mono.Build.0 = Debug|Mono
		{E0D551C1-574F-4B69-8981-CF5F44391E5E}.Debug|x86.ActiveCfg = Debug|Any CPU
		{E0D551C1-574F-4B69-8981-CF5F44391E5E}.Release|Any CPU.ActiveCfg = Release|Any CPU
		{E0D551C1-574F-4B69-8981-CF5F44391E5E}.Release|Any CPU.Build.0 = Release|Any CPU
		{E0D551C1-574F-4B69-8981-CF5F44391E5E}.Release|Mixed Platforms.ActiveCfg = Release|Any CPU
		{E0D551C1-574F-4B69-8981-CF5F44391E5E}.Release|Mixed Platforms.Build.0 = Release|Any CPU
		{E0D551C1-574F-4B69-8981-CF5F44391E5E}.Release|Mono.ActiveCfg = Release|Mono
		{E0D551C1-574F-4B69-8981-CF5F44391E5E}.Release|Mono.Build.0 = Release|Mono
		{E0D551C1-574F-4B69-8981-CF5F44391E5E}.Release|x86.ActiveCfg = Release|Any CPU
		{C087F894-7DDD-4630-AE88-4FFC8C772F3F}.Debug|Any CPU.ActiveCfg = Debug|x86
		{C087F894-7DDD-4630-AE88-4FFC8C772F3F}.Debug|Mixed Platforms.ActiveCfg = Debug|x86
		{C087F894-7DDD-4630-AE88-4FFC8C772F3F}.Debug|Mixed Platforms.Build.0 = Debug|x86
		{C087F894-7DDD-4630-AE88-4FFC8C772F3F}.Debug|Mono.ActiveCfg = Debug|x86
		{C087F894-7DDD-4630-AE88-4FFC8C772F3F}.Debug|x86.ActiveCfg = Debug|x86
		{C087F894-7DDD-4630-AE88-4FFC8C772F3F}.Debug|x86.Build.0 = Debug|x86
		{C087F894-7DDD-4630-AE88-4FFC8C772F3F}.Release|Any CPU.ActiveCfg = Release|x86
		{C087F894-7DDD-4630-AE88-4FFC8C772F3F}.Release|Mixed Platforms.ActiveCfg = Release|x86
		{C087F894-7DDD-4630-AE88-4FFC8C772F3F}.Release|Mixed Platforms.Build.0 = Release|x86
		{C087F894-7DDD-4630-AE88-4FFC8C772F3F}.Release|Mono.ActiveCfg = Release|x86
		{C087F894-7DDD-4630-AE88-4FFC8C772F3F}.Release|x86.ActiveCfg = Release|x86
		{C087F894-7DDD-4630-AE88-4FFC8C772F3F}.Release|x86.Build.0 = Release|x86
		{A05A4338-8E7F-41D7-A530-95FE0BB7CB24}.Debug|Any CPU.ActiveCfg = Debug|Any CPU
		{A05A4338-8E7F-41D7-A530-95FE0BB7CB24}.Debug|Any CPU.Build.0 = Debug|Any CPU
		{A05A4338-8E7F-41D7-A530-95FE0BB7CB24}.Debug|Mixed Platforms.ActiveCfg = Debug|Any CPU
		{A05A4338-8E7F-41D7-A530-95FE0BB7CB24}.Debug|Mixed Platforms.Build.0 = Debug|Any CPU
		{A05A4338-8E7F-41D7-A530-95FE0BB7CB24}.Debug|Mono.ActiveCfg = Debug|Any CPU
		{A05A4338-8E7F-41D7-A530-95FE0BB7CB24}.Debug|x86.ActiveCfg = Debug|Any CPU
		{A05A4338-8E7F-41D7-A530-95FE0BB7CB24}.Release|Any CPU.ActiveCfg = Release|Any CPU
		{A05A4338-8E7F-41D7-A530-95FE0BB7CB24}.Release|Any CPU.Build.0 = Release|Any CPU
		{A05A4338-8E7F-41D7-A530-95FE0BB7CB24}.Release|Mixed Platforms.ActiveCfg = Release|Any CPU
		{A05A4338-8E7F-41D7-A530-95FE0BB7CB24}.Release|Mixed Platforms.Build.0 = Release|Any CPU
		{A05A4338-8E7F-41D7-A530-95FE0BB7CB24}.Release|Mono.ActiveCfg = Release|Any CPU
		{A05A4338-8E7F-41D7-A530-95FE0BB7CB24}.Release|x86.ActiveCfg = Release|Any CPU
		{8CCCE0D5-9234-4CEF-AAC8-720E56FBFE95}.Debug|Any CPU.ActiveCfg = Debug|Any CPU
		{8CCCE0D5-9234-4CEF-AAC8-720E56FBFE95}.Debug|Any CPU.Build.0 = Debug|Any CPU
		{8CCCE0D5-9234-4CEF-AAC8-720E56FBFE95}.Debug|Mixed Platforms.ActiveCfg = Debug|Any CPU
		{8CCCE0D5-9234-4CEF-AAC8-720E56FBFE95}.Debug|Mixed Platforms.Build.0 = Debug|Any CPU
		{8CCCE0D5-9234-4CEF-AAC8-720E56FBFE95}.Debug|Mono.ActiveCfg = Debug|Any CPU
		{8CCCE0D5-9234-4CEF-AAC8-720E56FBFE95}.Debug|x86.ActiveCfg = Debug|Any CPU
		{8CCCE0D5-9234-4CEF-AAC8-720E56FBFE95}.Release|Any CPU.ActiveCfg = Release|Any CPU
		{8CCCE0D5-9234-4CEF-AAC8-720E56FBFE95}.Release|Any CPU.Build.0 = Release|Any CPU
		{8CCCE0D5-9234-4CEF-AAC8-720E56FBFE95}.Release|Mixed Platforms.ActiveCfg = Release|Any CPU
		{8CCCE0D5-9234-4CEF-AAC8-720E56FBFE95}.Release|Mixed Platforms.Build.0 = Release|Any CPU
		{8CCCE0D5-9234-4CEF-AAC8-720E56FBFE95}.Release|Mono.ActiveCfg = Release|Any CPU
		{8CCCE0D5-9234-4CEF-AAC8-720E56FBFE95}.Release|x86.ActiveCfg = Release|Any CPU
		{32379DF6-3DAA-46B6-B694-E91954AD75FE}.Debug|Any CPU.ActiveCfg = Debug|Any CPU
		{32379DF6-3DAA-46B6-B694-E91954AD75FE}.Debug|Any CPU.Build.0 = Debug|Any CPU
		{32379DF6-3DAA-46B6-B694-E91954AD75FE}.Debug|Mixed Platforms.ActiveCfg = Debug|Any CPU
		{32379DF6-3DAA-46B6-B694-E91954AD75FE}.Debug|Mixed Platforms.Build.0 = Debug|Any CPU
		{32379DF6-3DAA-46B6-B694-E91954AD75FE}.Debug|Mono.ActiveCfg = Debug|Any CPU
		{32379DF6-3DAA-46B6-B694-E91954AD75FE}.Debug|x86.ActiveCfg = Debug|Any CPU
		{32379DF6-3DAA-46B6-B694-E91954AD75FE}.Release|Any CPU.ActiveCfg = Release|Any CPU
		{32379DF6-3DAA-46B6-B694-E91954AD75FE}.Release|Any CPU.Build.0 = Release|Any CPU
		{32379DF6-3DAA-46B6-B694-E91954AD75FE}.Release|Mixed Platforms.ActiveCfg = Release|Any CPU
		{32379DF6-3DAA-46B6-B694-E91954AD75FE}.Release|Mixed Platforms.Build.0 = Release|Any CPU
		{32379DF6-3DAA-46B6-B694-E91954AD75FE}.Release|Mono.ActiveCfg = Release|Any CPU
		{32379DF6-3DAA-46B6-B694-E91954AD75FE}.Release|x86.ActiveCfg = Release|Any CPU
		{35C512A4-5752-420C-A890-A8C1D97DE55A}.Debug|Any CPU.ActiveCfg = Debug|Any CPU
		{35C512A4-5752-420C-A890-A8C1D97DE55A}.Debug|Any CPU.Build.0 = Debug|Any CPU
		{35C512A4-5752-420C-A890-A8C1D97DE55A}.Debug|Mixed Platforms.ActiveCfg = Debug|Any CPU
		{35C512A4-5752-420C-A890-A8C1D97DE55A}.Debug|Mixed Platforms.Build.0 = Debug|Any CPU
		{35C512A4-5752-420C-A890-A8C1D97DE55A}.Debug|Mono.ActiveCfg = Debug|Any CPU
		{35C512A4-5752-420C-A890-A8C1D97DE55A}.Debug|x86.ActiveCfg = Debug|Any CPU
		{35C512A4-5752-420C-A890-A8C1D97DE55A}.Release|Any CPU.ActiveCfg = Release|Any CPU
		{35C512A4-5752-420C-A890-A8C1D97DE55A}.Release|Any CPU.Build.0 = Release|Any CPU
		{35C512A4-5752-420C-A890-A8C1D97DE55A}.Release|Mixed Platforms.ActiveCfg = Release|Any CPU
		{35C512A4-5752-420C-A890-A8C1D97DE55A}.Release|Mixed Platforms.Build.0 = Release|Any CPU
		{35C512A4-5752-420C-A890-A8C1D97DE55A}.Release|Mono.ActiveCfg = Release|Any CPU
		{35C512A4-5752-420C-A890-A8C1D97DE55A}.Release|x86.ActiveCfg = Release|Any CPU
		{B382270F-18B3-4B0D-9FF2-34B71A0DD8B2}.Debug|Any CPU.ActiveCfg = Debug|Any CPU
		{B382270F-18B3-4B0D-9FF2-34B71A0DD8B2}.Debug|Any CPU.Build.0 = Debug|Any CPU
		{B382270F-18B3-4B0D-9FF2-34B71A0DD8B2}.Debug|Mixed Platforms.ActiveCfg = Debug|Any CPU
		{B382270F-18B3-4B0D-9FF2-34B71A0DD8B2}.Debug|Mixed Platforms.Build.0 = Debug|Any CPU
		{B382270F-18B3-4B0D-9FF2-34B71A0DD8B2}.Debug|Mono.ActiveCfg = Debug|Any CPU
		{B382270F-18B3-4B0D-9FF2-34B71A0DD8B2}.Debug|x86.ActiveCfg = Debug|Any CPU
		{B382270F-18B3-4B0D-9FF2-34B71A0DD8B2}.Release|Any CPU.ActiveCfg = Release|Any CPU
		{B382270F-18B3-4B0D-9FF2-34B71A0DD8B2}.Release|Any CPU.Build.0 = Release|Any CPU
		{B382270F-18B3-4B0D-9FF2-34B71A0DD8B2}.Release|Mixed Platforms.ActiveCfg = Release|Any CPU
		{B382270F-18B3-4B0D-9FF2-34B71A0DD8B2}.Release|Mixed Platforms.Build.0 = Release|Any CPU
		{B382270F-18B3-4B0D-9FF2-34B71A0DD8B2}.Release|Mono.ActiveCfg = Release|Any CPU
		{B382270F-18B3-4B0D-9FF2-34B71A0DD8B2}.Release|x86.ActiveCfg = Release|Any CPU
	EndGlobalSection
	GlobalSection(SolutionProperties) = preSolution
		HideSolutionNode = FALSE
	EndGlobalSection
EndGlobal
