
Microsoft Visual Studio Solution File, Format Version 11.00
# Visual Studio 2010
Project("{C8D11400-126E-41CD-887F-60BD40844F9E}") = "Scripts", "Scripts\Scripts.dbproj", "{67CBC824-A49E-4E9B-A947-360F3DFE65C3}"
EndProject
Project("{FAE04EC0-301F-11D3-BF4B-00C04F79EFBC}") = "EventBroker", "EventBroker\EventBroker.csproj", "{D8FC2102-488A-480A-8197-8842B8192E68}"
EndProject
Project("{FAE04EC0-301F-11D3-BF4B-00C04F79EFBC}") = "EventBrokerWeb", "EventBrokerWeb\EventBrokerWeb.csproj", "{C3FC6479-AE9B-4CAE-9083-2192F1266A4E}"
EndProject
Project("{FAE04EC0-301F-11D3-BF4B-00C04F79EFBC}") = "Backend", "Backend\Backend.csproj", "{AA6A8258-ED37-44F4-A8F4-5253D1A2B1E0}"
EndProject
Project("{FAE04EC0-301F-11D3-BF4B-00C04F79EFBC}") = "EventBrokerInstallers", "EventBrokerInstallers\EventBrokerInstallers.csproj", "{F6890247-F6CC-4EFB-B3DF-0D60D9DACAEE}"
EndProject
Global
	GlobalSection(SolutionConfigurationPlatforms) = preSolution
		Debug|Any CPU = Debug|Any CPU
		Release|Any CPU = Release|Any CPU
	EndGlobalSection
	GlobalSection(ProjectConfigurationPlatforms) = postSolution
		{67CBC824-A49E-4E9B-A947-360F3DFE65C3}.Debug|Any CPU.ActiveCfg = Debug|Any CPU
		{67CBC824-A49E-4E9B-A947-360F3DFE65C3}.Release|Any CPU.ActiveCfg = Release|Any CPU
		{D8FC2102-488A-480A-8197-8842B8192E68}.Debug|Any CPU.ActiveCfg = Debug|Any CPU
		{D8FC2102-488A-480A-8197-8842B8192E68}.Debug|Any CPU.Build.0 = Debug|Any CPU
		{D8FC2102-488A-480A-8197-8842B8192E68}.Release|Any CPU.ActiveCfg = Release|Any CPU
		{D8FC2102-488A-480A-8197-8842B8192E68}.Release|Any CPU.Build.0 = Release|Any CPU
		{C3FC6479-AE9B-4CAE-9083-2192F1266A4E}.Debug|Any CPU.ActiveCfg = Debug|Any CPU
		{C3FC6479-AE9B-4CAE-9083-2192F1266A4E}.Debug|Any CPU.Build.0 = Debug|Any CPU
		{C3FC6479-AE9B-4CAE-9083-2192F1266A4E}.Release|Any CPU.ActiveCfg = Release|Any CPU
		{C3FC6479-AE9B-4CAE-9083-2192F1266A4E}.Release|Any CPU.Build.0 = Release|Any CPU
		{AA6A8258-ED37-44F4-A8F4-5253D1A2B1E0}.Debug|Any CPU.ActiveCfg = Debug|Any CPU
		{AA6A8258-ED37-44F4-A8F4-5253D1A2B1E0}.Debug|Any CPU.Build.0 = Debug|Any CPU
		{AA6A8258-ED37-44F4-A8F4-5253D1A2B1E0}.Release|Any CPU.ActiveCfg = Release|Any CPU
		{AA6A8258-ED37-44F4-A8F4-5253D1A2B1E0}.Release|Any CPU.Build.0 = Release|Any CPU
		{F6890247-F6CC-4EFB-B3DF-0D60D9DACAEE}.Debug|Any CPU.ActiveCfg = Debug|Any CPU
		{F6890247-F6CC-4EFB-B3DF-0D60D9DACAEE}.Debug|Any CPU.Build.0 = Debug|Any CPU
		{F6890247-F6CC-4EFB-B3DF-0D60D9DACAEE}.Release|Any CPU.ActiveCfg = Release|Any CPU
		{F6890247-F6CC-4EFB-B3DF-0D60D9DACAEE}.Release|Any CPU.Build.0 = Release|Any CPU
	EndGlobalSection
	GlobalSection(SolutionProperties) = preSolution
		HideSolutionNode = FALSE
	EndGlobalSection
EndGlobal
