
Microsoft Visual Studio Solution File, Format Version 11.00
# Visual Studio 2010
Project("{FAE04EC0-301F-11D3-BF4B-00C04F79EFBC}") = "KMD", "KMD\KMD.csproj", "{47B58366-342A-4699-9CF5-E13FB8F8B413}"
EndProject
Project("{FAE04EC0-301F-11D3-BF4B-00C04F79EFBC}") = "DPR", "DPR\DPR.csproj", "{F98E5179-88E3-404E-83BE-54F0A3E7DBC0}"
EndProject
Project("{FAE04EC0-301F-11D3-BF4B-00C04F79EFBC}") = "Local", "Local\Local.csproj", "{74212D20-BB98-401F-A5F7-03669B2CD07A}"
EndProject
Project("{FAE04EC0-301F-11D3-BF4B-00C04F79EFBC}") = "Web", "Web\Web.csproj", "{4964BBE5-F111-454F-86C1-766960A72396}"
EndProject
Project("{FAE04EC0-301F-11D3-BF4B-00C04F79EFBC}") = "PersonMaster", "PersonMaster\PersonMaster.csproj", "{51186183-BEEA-4B6D-8865-B7070EFCA126}"
EndProject
Project("{930C7802-8A8C-48F9-8165-68863BCCD9DD}") = "InstallCprBrokerWix", "InstallCprBrokerWix\InstallCprBrokerWix.wixproj", "{D51844A7-91FC-405B-B25C-497AE9856548}"
	ProjectSection(ProjectDependencies) = postProject
		{24E1E816-D9CD-47B8-96B6-619EAF3379C6} = {24E1E816-D9CD-47B8-96B6-619EAF3379C6}
		{74212D20-BB98-401F-A5F7-03669B2CD07A} = {74212D20-BB98-401F-A5F7-03669B2CD07A}
		{47B58366-342A-4699-9CF5-E13FB8F8B413} = {47B58366-342A-4699-9CF5-E13FB8F8B413}
		{895FDF74-8A3F-475B-B28D-B88BAB9C941E} = {895FDF74-8A3F-475B-B28D-B88BAB9C941E}
		{F98E5179-88E3-404E-83BE-54F0A3E7DBC0} = {F98E5179-88E3-404E-83BE-54F0A3E7DBC0}
		{51186183-BEEA-4B6D-8865-B7070EFCA126} = {51186183-BEEA-4B6D-8865-B7070EFCA126}
		{4964BBE5-F111-454F-86C1-766960A72396} = {4964BBE5-F111-454F-86C1-766960A72396}
	EndProjectSection
EndProject
Project("{FAE04EC0-301F-11D3-BF4B-00C04F79EFBC}") = "CprBrokerWixInstallers", "CprBrokerWixInstallers\CprBrokerWixInstallers.csproj", "{EBE4DA5E-1E87-4071-B8A3-EC6096B35B31}"
EndProject
Project("{FAE04EC0-301F-11D3-BF4B-00C04F79EFBC}") = "E_M", "E_M\E_M.csproj", "{24E1E816-D9CD-47B8-96B6-619EAF3379C6}"
EndProject
Project("{FAE04EC0-301F-11D3-BF4B-00C04F79EFBC}") = "BatchClient", "BatchClient\BatchClient.csproj", "{895FDF74-8A3F-475B-B28D-B88BAB9C941E}"
EndProject
Project("{FAE04EC0-301F-11D3-BF4B-00C04F79EFBC}") = "E_M.Tests", "E_M.Tests\E_M.Tests.csproj", "{37B2453E-5D68-4920-98D3-476BA76DF900}"
EndProject
Project("{FAE04EC0-301F-11D3-BF4B-00C04F79EFBC}") = "DPR.Tests", "DPR.Tests\DPR.Tests.csproj", "{6EC5979C-CDC3-4F01-8527-344A3307D642}"
EndProject
Project("{FAE04EC0-301F-11D3-BF4B-00C04F79EFBC}") = "CPRDirect", "CPRDirect\CPRDirect.csproj", "{EDDB494D-782D-4D45-8599-633057B9B203}"
EndProject
Project("{FAE04EC0-301F-11D3-BF4B-00C04F79EFBC}") = "CPRDirect.Tests", "CPRDirect.Tests\CPRDirect.Tests.csproj", "{F9F2357B-981F-4048-96C5-315EE3872276}"
EndProject
Project("{FAE04EC0-301F-11D3-BF4B-00C04F79EFBC}") = "PerformanceTests", "PerformanceTests\PerformanceTests.csproj", "{FFF59C5A-F7DF-4D70-A56B-6091DA1FDF91}"
EndProject
Project("{FAE04EC0-301F-11D3-BF4B-00C04F79EFBC}") = "Local.Tests", "Local.Tests\Local.Tests.csproj", "{9F79A89C-BA9C-4EC2-99D9-EA4FB42F59AD}"
EndProject
Project("{FAE04EC0-301F-11D3-BF4B-00C04F79EFBC}") = "Local.Search", "Local.Search\Local.Search.csproj", "{700C3C48-4833-4136-B6B4-6B6D8890AA13}"
EndProject
Global
	GlobalSection(SolutionConfigurationPlatforms) = preSolution
		Debug|.NET = Debug|.NET
		Debug|Any CPU = Debug|Any CPU
		Debug|Mixed Platforms = Debug|Mixed Platforms
		Debug|Mono = Debug|Mono
		Debug|Win32 = Debug|Win32
		Debug|x86 = Debug|x86
		Release|.NET = Release|.NET
		Release|Any CPU = Release|Any CPU
		Release|Mixed Platforms = Release|Mixed Platforms
		Release|Mono = Release|Mono
		Release|Win32 = Release|Win32
		Release|x86 = Release|x86
	EndGlobalSection
	GlobalSection(ProjectConfigurationPlatforms) = postSolution
		{47B58366-342A-4699-9CF5-E13FB8F8B413}.Debug|.NET.ActiveCfg = Debug|Any CPU
		{47B58366-342A-4699-9CF5-E13FB8F8B413}.Debug|Any CPU.ActiveCfg = Debug|Any CPU
		{47B58366-342A-4699-9CF5-E13FB8F8B413}.Debug|Any CPU.Build.0 = Debug|Any CPU
		{47B58366-342A-4699-9CF5-E13FB8F8B413}.Debug|Mixed Platforms.ActiveCfg = Debug|Any CPU
		{47B58366-342A-4699-9CF5-E13FB8F8B413}.Debug|Mixed Platforms.Build.0 = Debug|Any CPU
		{47B58366-342A-4699-9CF5-E13FB8F8B413}.Debug|Mono.ActiveCfg = Debug|Any CPU
		{47B58366-342A-4699-9CF5-E13FB8F8B413}.Debug|Mono.Build.0 = Debug|Any CPU
		{47B58366-342A-4699-9CF5-E13FB8F8B413}.Debug|Win32.ActiveCfg = Debug|Any CPU
		{47B58366-342A-4699-9CF5-E13FB8F8B413}.Debug|x86.ActiveCfg = Debug|Any CPU
		{47B58366-342A-4699-9CF5-E13FB8F8B413}.Release|.NET.ActiveCfg = Release|Any CPU
		{47B58366-342A-4699-9CF5-E13FB8F8B413}.Release|Any CPU.ActiveCfg = Release|Any CPU
		{47B58366-342A-4699-9CF5-E13FB8F8B413}.Release|Any CPU.Build.0 = Release|Any CPU
		{47B58366-342A-4699-9CF5-E13FB8F8B413}.Release|Mixed Platforms.ActiveCfg = Release|Any CPU
		{47B58366-342A-4699-9CF5-E13FB8F8B413}.Release|Mixed Platforms.Build.0 = Release|Any CPU
		{47B58366-342A-4699-9CF5-E13FB8F8B413}.Release|Mono.ActiveCfg = Release|Any CPU
		{47B58366-342A-4699-9CF5-E13FB8F8B413}.Release|Mono.Build.0 = Release|Any CPU
		{47B58366-342A-4699-9CF5-E13FB8F8B413}.Release|Win32.ActiveCfg = Release|Any CPU
		{47B58366-342A-4699-9CF5-E13FB8F8B413}.Release|x86.ActiveCfg = Release|Any CPU
		{F98E5179-88E3-404E-83BE-54F0A3E7DBC0}.Debug|.NET.ActiveCfg = Debug|Any CPU
		{F98E5179-88E3-404E-83BE-54F0A3E7DBC0}.Debug|Any CPU.ActiveCfg = Debug|Any CPU
		{F98E5179-88E3-404E-83BE-54F0A3E7DBC0}.Debug|Any CPU.Build.0 = Debug|Any CPU
		{F98E5179-88E3-404E-83BE-54F0A3E7DBC0}.Debug|Mixed Platforms.ActiveCfg = Debug|Any CPU
		{F98E5179-88E3-404E-83BE-54F0A3E7DBC0}.Debug|Mixed Platforms.Build.0 = Debug|Any CPU
		{F98E5179-88E3-404E-83BE-54F0A3E7DBC0}.Debug|Mono.ActiveCfg = Debug|Any CPU
		{F98E5179-88E3-404E-83BE-54F0A3E7DBC0}.Debug|Mono.Build.0 = Debug|Any CPU
		{F98E5179-88E3-404E-83BE-54F0A3E7DBC0}.Debug|Win32.ActiveCfg = Debug|Any CPU
		{F98E5179-88E3-404E-83BE-54F0A3E7DBC0}.Debug|x86.ActiveCfg = Debug|Any CPU
		{F98E5179-88E3-404E-83BE-54F0A3E7DBC0}.Release|.NET.ActiveCfg = Release|Any CPU
		{F98E5179-88E3-404E-83BE-54F0A3E7DBC0}.Release|Any CPU.ActiveCfg = Release|Any CPU
		{F98E5179-88E3-404E-83BE-54F0A3E7DBC0}.Release|Any CPU.Build.0 = Release|Any CPU
		{F98E5179-88E3-404E-83BE-54F0A3E7DBC0}.Release|Mixed Platforms.ActiveCfg = Release|Any CPU
		{F98E5179-88E3-404E-83BE-54F0A3E7DBC0}.Release|Mixed Platforms.Build.0 = Release|Any CPU
		{F98E5179-88E3-404E-83BE-54F0A3E7DBC0}.Release|Mono.ActiveCfg = Release|Any CPU
		{F98E5179-88E3-404E-83BE-54F0A3E7DBC0}.Release|Mono.Build.0 = Release|Any CPU
		{F98E5179-88E3-404E-83BE-54F0A3E7DBC0}.Release|Win32.ActiveCfg = Release|Any CPU
		{F98E5179-88E3-404E-83BE-54F0A3E7DBC0}.Release|x86.ActiveCfg = Release|Any CPU
		{74212D20-BB98-401F-A5F7-03669B2CD07A}.Debug|.NET.ActiveCfg = Debug|Any CPU
		{74212D20-BB98-401F-A5F7-03669B2CD07A}.Debug|Any CPU.ActiveCfg = Debug|Any CPU
		{74212D20-BB98-401F-A5F7-03669B2CD07A}.Debug|Any CPU.Build.0 = Debug|Any CPU
		{74212D20-BB98-401F-A5F7-03669B2CD07A}.Debug|Mixed Platforms.ActiveCfg = Debug|Any CPU
		{74212D20-BB98-401F-A5F7-03669B2CD07A}.Debug|Mixed Platforms.Build.0 = Debug|Any CPU
		{74212D20-BB98-401F-A5F7-03669B2CD07A}.Debug|Mono.ActiveCfg = Debug|Any CPU
		{74212D20-BB98-401F-A5F7-03669B2CD07A}.Debug|Mono.Build.0 = Debug|Any CPU
		{74212D20-BB98-401F-A5F7-03669B2CD07A}.Debug|Win32.ActiveCfg = Debug|Any CPU
		{74212D20-BB98-401F-A5F7-03669B2CD07A}.Debug|x86.ActiveCfg = Debug|Any CPU
		{74212D20-BB98-401F-A5F7-03669B2CD07A}.Release|.NET.ActiveCfg = Release|Any CPU
		{74212D20-BB98-401F-A5F7-03669B2CD07A}.Release|Any CPU.ActiveCfg = Release|Any CPU
		{74212D20-BB98-401F-A5F7-03669B2CD07A}.Release|Any CPU.Build.0 = Release|Any CPU
		{74212D20-BB98-401F-A5F7-03669B2CD07A}.Release|Mixed Platforms.ActiveCfg = Release|Any CPU
		{74212D20-BB98-401F-A5F7-03669B2CD07A}.Release|Mixed Platforms.Build.0 = Release|Any CPU
		{74212D20-BB98-401F-A5F7-03669B2CD07A}.Release|Mono.ActiveCfg = Release|Any CPU
		{74212D20-BB98-401F-A5F7-03669B2CD07A}.Release|Mono.Build.0 = Release|Any CPU
		{74212D20-BB98-401F-A5F7-03669B2CD07A}.Release|Win32.ActiveCfg = Release|Any CPU
		{74212D20-BB98-401F-A5F7-03669B2CD07A}.Release|x86.ActiveCfg = Release|Any CPU
		{4964BBE5-F111-454F-86C1-766960A72396}.Debug|.NET.ActiveCfg = Debug|Any CPU
		{4964BBE5-F111-454F-86C1-766960A72396}.Debug|Any CPU.ActiveCfg = Debug|Any CPU
		{4964BBE5-F111-454F-86C1-766960A72396}.Debug|Any CPU.Build.0 = Debug|Any CPU
		{4964BBE5-F111-454F-86C1-766960A72396}.Debug|Mixed Platforms.ActiveCfg = Debug|Any CPU
		{4964BBE5-F111-454F-86C1-766960A72396}.Debug|Mixed Platforms.Build.0 = Debug|Any CPU
		{4964BBE5-F111-454F-86C1-766960A72396}.Debug|Mono.ActiveCfg = Debug|Any CPU
		{4964BBE5-F111-454F-86C1-766960A72396}.Debug|Mono.Build.0 = Debug|Any CPU
		{4964BBE5-F111-454F-86C1-766960A72396}.Debug|Win32.ActiveCfg = Debug|Any CPU
		{4964BBE5-F111-454F-86C1-766960A72396}.Debug|x86.ActiveCfg = Debug|Any CPU
		{4964BBE5-F111-454F-86C1-766960A72396}.Release|.NET.ActiveCfg = Release|Any CPU
		{4964BBE5-F111-454F-86C1-766960A72396}.Release|Any CPU.ActiveCfg = Release|Any CPU
		{4964BBE5-F111-454F-86C1-766960A72396}.Release|Any CPU.Build.0 = Release|Any CPU
		{4964BBE5-F111-454F-86C1-766960A72396}.Release|Mixed Platforms.ActiveCfg = Release|Any CPU
		{4964BBE5-F111-454F-86C1-766960A72396}.Release|Mixed Platforms.Build.0 = Release|Any CPU
		{4964BBE5-F111-454F-86C1-766960A72396}.Release|Mono.ActiveCfg = Release|Any CPU
		{4964BBE5-F111-454F-86C1-766960A72396}.Release|Mono.Build.0 = Release|Any CPU
		{4964BBE5-F111-454F-86C1-766960A72396}.Release|Win32.ActiveCfg = Release|Any CPU
		{4964BBE5-F111-454F-86C1-766960A72396}.Release|x86.ActiveCfg = Release|Any CPU
		{51186183-BEEA-4B6D-8865-B7070EFCA126}.Debug|.NET.ActiveCfg = Debug|Any CPU
		{51186183-BEEA-4B6D-8865-B7070EFCA126}.Debug|Any CPU.ActiveCfg = Debug|Any CPU
		{51186183-BEEA-4B6D-8865-B7070EFCA126}.Debug|Any CPU.Build.0 = Debug|Any CPU
		{51186183-BEEA-4B6D-8865-B7070EFCA126}.Debug|Mixed Platforms.ActiveCfg = Debug|Any CPU
		{51186183-BEEA-4B6D-8865-B7070EFCA126}.Debug|Mixed Platforms.Build.0 = Debug|Any CPU
		{51186183-BEEA-4B6D-8865-B7070EFCA126}.Debug|Mono.ActiveCfg = Debug|Any CPU
		{51186183-BEEA-4B6D-8865-B7070EFCA126}.Debug|Mono.Build.0 = Debug|Any CPU
		{51186183-BEEA-4B6D-8865-B7070EFCA126}.Debug|Win32.ActiveCfg = Debug|Any CPU
		{51186183-BEEA-4B6D-8865-B7070EFCA126}.Debug|x86.ActiveCfg = Debug|Any CPU
		{51186183-BEEA-4B6D-8865-B7070EFCA126}.Release|.NET.ActiveCfg = Release|Any CPU
		{51186183-BEEA-4B6D-8865-B7070EFCA126}.Release|Any CPU.ActiveCfg = Release|Any CPU
		{51186183-BEEA-4B6D-8865-B7070EFCA126}.Release|Any CPU.Build.0 = Release|Any CPU
		{51186183-BEEA-4B6D-8865-B7070EFCA126}.Release|Mixed Platforms.ActiveCfg = Release|Any CPU
		{51186183-BEEA-4B6D-8865-B7070EFCA126}.Release|Mixed Platforms.Build.0 = Release|Any CPU
		{51186183-BEEA-4B6D-8865-B7070EFCA126}.Release|Mono.ActiveCfg = Release|Any CPU
		{51186183-BEEA-4B6D-8865-B7070EFCA126}.Release|Mono.Build.0 = Release|Any CPU
		{51186183-BEEA-4B6D-8865-B7070EFCA126}.Release|Win32.ActiveCfg = Release|Any CPU
		{51186183-BEEA-4B6D-8865-B7070EFCA126}.Release|x86.ActiveCfg = Release|Any CPU
		{D51844A7-91FC-405B-B25C-497AE9856548}.Debug|.NET.ActiveCfg = Debug|x86
		{D51844A7-91FC-405B-B25C-497AE9856548}.Debug|Any CPU.ActiveCfg = Debug|x86
		{D51844A7-91FC-405B-B25C-497AE9856548}.Debug|Mixed Platforms.ActiveCfg = Debug|x86
		{D51844A7-91FC-405B-B25C-497AE9856548}.Debug|Mixed Platforms.Build.0 = Debug|x86
		{D51844A7-91FC-405B-B25C-497AE9856548}.Debug|Mono.ActiveCfg = Debug|x86
		{D51844A7-91FC-405B-B25C-497AE9856548}.Debug|Win32.ActiveCfg = Debug|x86
		{D51844A7-91FC-405B-B25C-497AE9856548}.Debug|x86.ActiveCfg = Debug|x86
		{D51844A7-91FC-405B-B25C-497AE9856548}.Debug|x86.Build.0 = Debug|x86
		{D51844A7-91FC-405B-B25C-497AE9856548}.Release|.NET.ActiveCfg = Release|x86
		{D51844A7-91FC-405B-B25C-497AE9856548}.Release|Any CPU.ActiveCfg = Release|x86
		{D51844A7-91FC-405B-B25C-497AE9856548}.Release|Mixed Platforms.ActiveCfg = Release|x86
		{D51844A7-91FC-405B-B25C-497AE9856548}.Release|Mixed Platforms.Build.0 = Release|x86
		{D51844A7-91FC-405B-B25C-497AE9856548}.Release|Mono.ActiveCfg = Release|x86
		{D51844A7-91FC-405B-B25C-497AE9856548}.Release|Win32.ActiveCfg = Release|x86
		{D51844A7-91FC-405B-B25C-497AE9856548}.Release|x86.ActiveCfg = Release|x86
		{D51844A7-91FC-405B-B25C-497AE9856548}.Release|x86.Build.0 = Release|x86
		{EBE4DA5E-1E87-4071-B8A3-EC6096B35B31}.Debug|.NET.ActiveCfg = Debug|x86
		{EBE4DA5E-1E87-4071-B8A3-EC6096B35B31}.Debug|Any CPU.ActiveCfg = Debug|x86
		{EBE4DA5E-1E87-4071-B8A3-EC6096B35B31}.Debug|Mixed Platforms.ActiveCfg = Debug|x86
		{EBE4DA5E-1E87-4071-B8A3-EC6096B35B31}.Debug|Mixed Platforms.Build.0 = Debug|x86
		{EBE4DA5E-1E87-4071-B8A3-EC6096B35B31}.Debug|Mono.ActiveCfg = Debug|x86
		{EBE4DA5E-1E87-4071-B8A3-EC6096B35B31}.Debug|Win32.ActiveCfg = Debug|x86
		{EBE4DA5E-1E87-4071-B8A3-EC6096B35B31}.Debug|x86.ActiveCfg = Debug|x86
		{EBE4DA5E-1E87-4071-B8A3-EC6096B35B31}.Debug|x86.Build.0 = Debug|x86
		{EBE4DA5E-1E87-4071-B8A3-EC6096B35B31}.Release|.NET.ActiveCfg = Release|x86
		{EBE4DA5E-1E87-4071-B8A3-EC6096B35B31}.Release|Any CPU.ActiveCfg = Release|x86
		{EBE4DA5E-1E87-4071-B8A3-EC6096B35B31}.Release|Mixed Platforms.ActiveCfg = Release|x86
		{EBE4DA5E-1E87-4071-B8A3-EC6096B35B31}.Release|Mixed Platforms.Build.0 = Release|x86
		{EBE4DA5E-1E87-4071-B8A3-EC6096B35B31}.Release|Mono.ActiveCfg = Release|x86
		{EBE4DA5E-1E87-4071-B8A3-EC6096B35B31}.Release|Win32.ActiveCfg = Release|x86
		{EBE4DA5E-1E87-4071-B8A3-EC6096B35B31}.Release|x86.ActiveCfg = Release|x86
		{EBE4DA5E-1E87-4071-B8A3-EC6096B35B31}.Release|x86.Build.0 = Release|x86
		{24E1E816-D9CD-47B8-96B6-619EAF3379C6}.Debug|.NET.ActiveCfg = Debug|Any CPU
		{24E1E816-D9CD-47B8-96B6-619EAF3379C6}.Debug|Any CPU.ActiveCfg = Debug|Any CPU
		{24E1E816-D9CD-47B8-96B6-619EAF3379C6}.Debug|Any CPU.Build.0 = Debug|Any CPU
		{24E1E816-D9CD-47B8-96B6-619EAF3379C6}.Debug|Mixed Platforms.ActiveCfg = Debug|Any CPU
		{24E1E816-D9CD-47B8-96B6-619EAF3379C6}.Debug|Mixed Platforms.Build.0 = Debug|Any CPU
		{24E1E816-D9CD-47B8-96B6-619EAF3379C6}.Debug|Mono.ActiveCfg = Debug|Any CPU
		{24E1E816-D9CD-47B8-96B6-619EAF3379C6}.Debug|Mono.Build.0 = Debug|Any CPU
		{24E1E816-D9CD-47B8-96B6-619EAF3379C6}.Debug|Win32.ActiveCfg = Debug|Any CPU
		{24E1E816-D9CD-47B8-96B6-619EAF3379C6}.Debug|x86.ActiveCfg = Debug|Any CPU
		{24E1E816-D9CD-47B8-96B6-619EAF3379C6}.Release|.NET.ActiveCfg = Release|Any CPU
		{24E1E816-D9CD-47B8-96B6-619EAF3379C6}.Release|Any CPU.ActiveCfg = Release|Any CPU
		{24E1E816-D9CD-47B8-96B6-619EAF3379C6}.Release|Any CPU.Build.0 = Release|Any CPU
		{24E1E816-D9CD-47B8-96B6-619EAF3379C6}.Release|Mixed Platforms.ActiveCfg = Release|Any CPU
		{24E1E816-D9CD-47B8-96B6-619EAF3379C6}.Release|Mixed Platforms.Build.0 = Release|Any CPU
		{24E1E816-D9CD-47B8-96B6-619EAF3379C6}.Release|Mono.ActiveCfg = Release|Any CPU
		{24E1E816-D9CD-47B8-96B6-619EAF3379C6}.Release|Mono.Build.0 = Release|Any CPU
		{24E1E816-D9CD-47B8-96B6-619EAF3379C6}.Release|Win32.ActiveCfg = Release|Any CPU
		{24E1E816-D9CD-47B8-96B6-619EAF3379C6}.Release|x86.ActiveCfg = Release|Any CPU
		{895FDF74-8A3F-475B-B28D-B88BAB9C941E}.Debug|.NET.ActiveCfg = Debug|Any CPU
		{895FDF74-8A3F-475B-B28D-B88BAB9C941E}.Debug|Any CPU.ActiveCfg = Debug|Any CPU
		{895FDF74-8A3F-475B-B28D-B88BAB9C941E}.Debug|Any CPU.Build.0 = Debug|Any CPU
		{895FDF74-8A3F-475B-B28D-B88BAB9C941E}.Debug|Mixed Platforms.ActiveCfg = Debug|Any CPU
		{895FDF74-8A3F-475B-B28D-B88BAB9C941E}.Debug|Mixed Platforms.Build.0 = Debug|Any CPU
		{895FDF74-8A3F-475B-B28D-B88BAB9C941E}.Debug|Mono.ActiveCfg = Debug|Any CPU
		{895FDF74-8A3F-475B-B28D-B88BAB9C941E}.Debug|Mono.Build.0 = Debug|Any CPU
		{895FDF74-8A3F-475B-B28D-B88BAB9C941E}.Debug|Win32.ActiveCfg = Debug|Any CPU
		{895FDF74-8A3F-475B-B28D-B88BAB9C941E}.Debug|x86.ActiveCfg = Debug|Any CPU
		{895FDF74-8A3F-475B-B28D-B88BAB9C941E}.Release|.NET.ActiveCfg = Release|Any CPU
		{895FDF74-8A3F-475B-B28D-B88BAB9C941E}.Release|Any CPU.ActiveCfg = Release|Any CPU
		{895FDF74-8A3F-475B-B28D-B88BAB9C941E}.Release|Any CPU.Build.0 = Release|Any CPU
		{895FDF74-8A3F-475B-B28D-B88BAB9C941E}.Release|Mixed Platforms.ActiveCfg = Release|Any CPU
		{895FDF74-8A3F-475B-B28D-B88BAB9C941E}.Release|Mixed Platforms.Build.0 = Release|Any CPU
		{895FDF74-8A3F-475B-B28D-B88BAB9C941E}.Release|Mono.ActiveCfg = Release|Any CPU
		{895FDF74-8A3F-475B-B28D-B88BAB9C941E}.Release|Mono.Build.0 = Release|Any CPU
		{895FDF74-8A3F-475B-B28D-B88BAB9C941E}.Release|Win32.ActiveCfg = Release|Any CPU
		{895FDF74-8A3F-475B-B28D-B88BAB9C941E}.Release|x86.ActiveCfg = Release|Any CPU
		{37B2453E-5D68-4920-98D3-476BA76DF900}.Debug|.NET.ActiveCfg = Debug|Any CPU
		{37B2453E-5D68-4920-98D3-476BA76DF900}.Debug|Any CPU.ActiveCfg = Debug|Any CPU
		{37B2453E-5D68-4920-98D3-476BA76DF900}.Debug|Any CPU.Build.0 = Debug|Any CPU
		{37B2453E-5D68-4920-98D3-476BA76DF900}.Debug|Mixed Platforms.ActiveCfg = Debug|Any CPU
		{37B2453E-5D68-4920-98D3-476BA76DF900}.Debug|Mixed Platforms.Build.0 = Debug|Any CPU
		{37B2453E-5D68-4920-98D3-476BA76DF900}.Debug|Mono.ActiveCfg = Debug|Any CPU
		{37B2453E-5D68-4920-98D3-476BA76DF900}.Debug|Win32.ActiveCfg = Debug|Any CPU
		{37B2453E-5D68-4920-98D3-476BA76DF900}.Debug|x86.ActiveCfg = Debug|Any CPU
		{37B2453E-5D68-4920-98D3-476BA76DF900}.Release|.NET.ActiveCfg = Release|Any CPU
		{37B2453E-5D68-4920-98D3-476BA76DF900}.Release|Any CPU.ActiveCfg = Release|Any CPU
		{37B2453E-5D68-4920-98D3-476BA76DF900}.Release|Any CPU.Build.0 = Release|Any CPU
		{37B2453E-5D68-4920-98D3-476BA76DF900}.Release|Mixed Platforms.ActiveCfg = Release|Any CPU
		{37B2453E-5D68-4920-98D3-476BA76DF900}.Release|Mixed Platforms.Build.0 = Release|Any CPU
		{37B2453E-5D68-4920-98D3-476BA76DF900}.Release|Mono.ActiveCfg = Release|Any CPU
		{37B2453E-5D68-4920-98D3-476BA76DF900}.Release|Win32.ActiveCfg = Release|Any CPU
		{37B2453E-5D68-4920-98D3-476BA76DF900}.Release|x86.ActiveCfg = Release|Any CPU
		{6EC5979C-CDC3-4F01-8527-344A3307D642}.Debug|.NET.ActiveCfg = Debug|Any CPU
		{6EC5979C-CDC3-4F01-8527-344A3307D642}.Debug|Any CPU.ActiveCfg = Debug|Any CPU
		{6EC5979C-CDC3-4F01-8527-344A3307D642}.Debug|Any CPU.Build.0 = Debug|Any CPU
		{6EC5979C-CDC3-4F01-8527-344A3307D642}.Debug|Mixed Platforms.ActiveCfg = Debug|Any CPU
		{6EC5979C-CDC3-4F01-8527-344A3307D642}.Debug|Mixed Platforms.Build.0 = Debug|Any CPU
		{6EC5979C-CDC3-4F01-8527-344A3307D642}.Debug|Mono.ActiveCfg = Debug|Any CPU
		{6EC5979C-CDC3-4F01-8527-344A3307D642}.Debug|Win32.ActiveCfg = Debug|Any CPU
		{6EC5979C-CDC3-4F01-8527-344A3307D642}.Debug|x86.ActiveCfg = Debug|Any CPU
		{6EC5979C-CDC3-4F01-8527-344A3307D642}.Release|.NET.ActiveCfg = Release|Any CPU
		{6EC5979C-CDC3-4F01-8527-344A3307D642}.Release|Any CPU.ActiveCfg = Release|Any CPU
		{6EC5979C-CDC3-4F01-8527-344A3307D642}.Release|Any CPU.Build.0 = Release|Any CPU
		{6EC5979C-CDC3-4F01-8527-344A3307D642}.Release|Mixed Platforms.ActiveCfg = Release|Any CPU
		{6EC5979C-CDC3-4F01-8527-344A3307D642}.Release|Mixed Platforms.Build.0 = Release|Any CPU
		{6EC5979C-CDC3-4F01-8527-344A3307D642}.Release|Mono.ActiveCfg = Release|Any CPU
		{6EC5979C-CDC3-4F01-8527-344A3307D642}.Release|Win32.ActiveCfg = Release|Any CPU
		{6EC5979C-CDC3-4F01-8527-344A3307D642}.Release|x86.ActiveCfg = Release|Any CPU
		{EDDB494D-782D-4D45-8599-633057B9B203}.Debug|.NET.ActiveCfg = Debug|Any CPU
		{EDDB494D-782D-4D45-8599-633057B9B203}.Debug|Any CPU.ActiveCfg = Debug|Any CPU
		{EDDB494D-782D-4D45-8599-633057B9B203}.Debug|Any CPU.Build.0 = Debug|Any CPU
		{EDDB494D-782D-4D45-8599-633057B9B203}.Debug|Mixed Platforms.ActiveCfg = Debug|Any CPU
		{EDDB494D-782D-4D45-8599-633057B9B203}.Debug|Mixed Platforms.Build.0 = Debug|Any CPU
		{EDDB494D-782D-4D45-8599-633057B9B203}.Debug|Mono.ActiveCfg = Debug|Any CPU
		{EDDB494D-782D-4D45-8599-633057B9B203}.Debug|Mono.Build.0 = Debug|Any CPU
		{EDDB494D-782D-4D45-8599-633057B9B203}.Debug|Win32.ActiveCfg = Debug|Any CPU
		{EDDB494D-782D-4D45-8599-633057B9B203}.Debug|x86.ActiveCfg = Debug|Any CPU
		{EDDB494D-782D-4D45-8599-633057B9B203}.Release|.NET.ActiveCfg = Release|Any CPU
		{EDDB494D-782D-4D45-8599-633057B9B203}.Release|Any CPU.ActiveCfg = Release|Any CPU
		{EDDB494D-782D-4D45-8599-633057B9B203}.Release|Any CPU.Build.0 = Release|Any CPU
		{EDDB494D-782D-4D45-8599-633057B9B203}.Release|Mixed Platforms.ActiveCfg = Release|Any CPU
		{EDDB494D-782D-4D45-8599-633057B9B203}.Release|Mixed Platforms.Build.0 = Release|Any CPU
		{EDDB494D-782D-4D45-8599-633057B9B203}.Release|Mono.ActiveCfg = Release|Any CPU
		{EDDB494D-782D-4D45-8599-633057B9B203}.Release|Mono.Build.0 = Release|Any CPU
		{EDDB494D-782D-4D45-8599-633057B9B203}.Release|Win32.ActiveCfg = Release|Any CPU
		{EDDB494D-782D-4D45-8599-633057B9B203}.Release|x86.ActiveCfg = Release|Any CPU
		{F9F2357B-981F-4048-96C5-315EE3872276}.Debug|.NET.ActiveCfg = Debug|Any CPU
		{F9F2357B-981F-4048-96C5-315EE3872276}.Debug|Any CPU.ActiveCfg = Debug|Any CPU
		{F9F2357B-981F-4048-96C5-315EE3872276}.Debug|Any CPU.Build.0 = Debug|Any CPU
		{F9F2357B-981F-4048-96C5-315EE3872276}.Debug|Mixed Platforms.ActiveCfg = Debug|Any CPU
		{F9F2357B-981F-4048-96C5-315EE3872276}.Debug|Mixed Platforms.Build.0 = Debug|Any CPU
		{F9F2357B-981F-4048-96C5-315EE3872276}.Debug|Mono.ActiveCfg = Debug|Any CPU
		{F9F2357B-981F-4048-96C5-315EE3872276}.Debug|Win32.ActiveCfg = Debug|Any CPU
		{F9F2357B-981F-4048-96C5-315EE3872276}.Debug|x86.ActiveCfg = Debug|Any CPU
		{F9F2357B-981F-4048-96C5-315EE3872276}.Release|.NET.ActiveCfg = Release|Any CPU
		{F9F2357B-981F-4048-96C5-315EE3872276}.Release|Any CPU.ActiveCfg = Release|Any CPU
		{F9F2357B-981F-4048-96C5-315EE3872276}.Release|Any CPU.Build.0 = Release|Any CPU
		{F9F2357B-981F-4048-96C5-315EE3872276}.Release|Mixed Platforms.ActiveCfg = Release|Any CPU
		{F9F2357B-981F-4048-96C5-315EE3872276}.Release|Mixed Platforms.Build.0 = Release|Any CPU
		{F9F2357B-981F-4048-96C5-315EE3872276}.Release|Mono.ActiveCfg = Release|Any CPU
		{F9F2357B-981F-4048-96C5-315EE3872276}.Release|Win32.ActiveCfg = Release|Any CPU
		{F9F2357B-981F-4048-96C5-315EE3872276}.Release|x86.ActiveCfg = Release|Any CPU
		{FFF59C5A-F7DF-4D70-A56B-6091DA1FDF91}.Debug|.NET.ActiveCfg = Debug|Any CPU
		{FFF59C5A-F7DF-4D70-A56B-6091DA1FDF91}.Debug|Any CPU.ActiveCfg = Debug|Any CPU
		{FFF59C5A-F7DF-4D70-A56B-6091DA1FDF91}.Debug|Any CPU.Build.0 = Debug|Any CPU
		{FFF59C5A-F7DF-4D70-A56B-6091DA1FDF91}.Debug|Mixed Platforms.ActiveCfg = Debug|Any CPU
		{FFF59C5A-F7DF-4D70-A56B-6091DA1FDF91}.Debug|Mixed Platforms.Build.0 = Debug|Any CPU
		{FFF59C5A-F7DF-4D70-A56B-6091DA1FDF91}.Debug|Mono.ActiveCfg = Debug|Any CPU
		{FFF59C5A-F7DF-4D70-A56B-6091DA1FDF91}.Debug|Win32.ActiveCfg = Debug|Any CPU
		{FFF59C5A-F7DF-4D70-A56B-6091DA1FDF91}.Debug|x86.ActiveCfg = Debug|Any CPU
		{FFF59C5A-F7DF-4D70-A56B-6091DA1FDF91}.Release|.NET.ActiveCfg = Release|Any CPU
		{FFF59C5A-F7DF-4D70-A56B-6091DA1FDF91}.Release|Any CPU.ActiveCfg = Release|Any CPU
		{FFF59C5A-F7DF-4D70-A56B-6091DA1FDF91}.Release|Any CPU.Build.0 = Release|Any CPU
		{FFF59C5A-F7DF-4D70-A56B-6091DA1FDF91}.Release|Mixed Platforms.ActiveCfg = Release|Any CPU
		{FFF59C5A-F7DF-4D70-A56B-6091DA1FDF91}.Release|Mixed Platforms.Build.0 = Release|Any CPU
		{FFF59C5A-F7DF-4D70-A56B-6091DA1FDF91}.Release|Mono.ActiveCfg = Release|Any CPU
		{FFF59C5A-F7DF-4D70-A56B-6091DA1FDF91}.Release|Win32.ActiveCfg = Release|Any CPU
		{FFF59C5A-F7DF-4D70-A56B-6091DA1FDF91}.Release|x86.ActiveCfg = Release|Any CPU
		{9F79A89C-BA9C-4EC2-99D9-EA4FB42F59AD}.Debug|.NET.ActiveCfg = Debug|Any CPU
		{9F79A89C-BA9C-4EC2-99D9-EA4FB42F59AD}.Debug|Any CPU.ActiveCfg = Debug|Any CPU
		{9F79A89C-BA9C-4EC2-99D9-EA4FB42F59AD}.Debug|Any CPU.Build.0 = Debug|Any CPU
		{9F79A89C-BA9C-4EC2-99D9-EA4FB42F59AD}.Debug|Mixed Platforms.ActiveCfg = Debug|Any CPU
		{9F79A89C-BA9C-4EC2-99D9-EA4FB42F59AD}.Debug|Mixed Platforms.Build.0 = Debug|Any CPU
		{9F79A89C-BA9C-4EC2-99D9-EA4FB42F59AD}.Debug|Mono.ActiveCfg = Debug|Any CPU
		{9F79A89C-BA9C-4EC2-99D9-EA4FB42F59AD}.Debug|Win32.ActiveCfg = Debug|Any CPU
		{9F79A89C-BA9C-4EC2-99D9-EA4FB42F59AD}.Debug|x86.ActiveCfg = Debug|Any CPU
		{9F79A89C-BA9C-4EC2-99D9-EA4FB42F59AD}.Release|.NET.ActiveCfg = Release|Any CPU
		{9F79A89C-BA9C-4EC2-99D9-EA4FB42F59AD}.Release|Any CPU.ActiveCfg = Release|Any CPU
		{9F79A89C-BA9C-4EC2-99D9-EA4FB42F59AD}.Release|Any CPU.Build.0 = Release|Any CPU
		{9F79A89C-BA9C-4EC2-99D9-EA4FB42F59AD}.Release|Mixed Platforms.ActiveCfg = Release|Any CPU
		{9F79A89C-BA9C-4EC2-99D9-EA4FB42F59AD}.Release|Mixed Platforms.Build.0 = Release|Any CPU
		{9F79A89C-BA9C-4EC2-99D9-EA4FB42F59AD}.Release|Mono.ActiveCfg = Release|Any CPU
		{9F79A89C-BA9C-4EC2-99D9-EA4FB42F59AD}.Release|Win32.ActiveCfg = Release|Any CPU
		{9F79A89C-BA9C-4EC2-99D9-EA4FB42F59AD}.Release|x86.ActiveCfg = Release|Any CPU
		{700C3C48-4833-4136-B6B4-6B6D8890AA13}.Debug|.NET.ActiveCfg = Debug|x86
		{700C3C48-4833-4136-B6B4-6B6D8890AA13}.Debug|Any CPU.ActiveCfg = Debug|x86
		{700C3C48-4833-4136-B6B4-6B6D8890AA13}.Debug|Mixed Platforms.ActiveCfg = Debug|x86
		{700C3C48-4833-4136-B6B4-6B6D8890AA13}.Debug|Mixed Platforms.Build.0 = Debug|x86
		{700C3C48-4833-4136-B6B4-6B6D8890AA13}.Debug|Mono.ActiveCfg = Debug|x86
		{700C3C48-4833-4136-B6B4-6B6D8890AA13}.Debug|Win32.ActiveCfg = Debug|x86
		{700C3C48-4833-4136-B6B4-6B6D8890AA13}.Debug|x86.ActiveCfg = Debug|x86
		{700C3C48-4833-4136-B6B4-6B6D8890AA13}.Debug|x86.Build.0 = Debug|x86
		{700C3C48-4833-4136-B6B4-6B6D8890AA13}.Release|.NET.ActiveCfg = Release|x86
		{700C3C48-4833-4136-B6B4-6B6D8890AA13}.Release|Any CPU.ActiveCfg = Release|x86
		{700C3C48-4833-4136-B6B4-6B6D8890AA13}.Release|Mixed Platforms.ActiveCfg = Release|x86
		{700C3C48-4833-4136-B6B4-6B6D8890AA13}.Release|Mixed Platforms.Build.0 = Release|x86
		{700C3C48-4833-4136-B6B4-6B6D8890AA13}.Release|Mono.ActiveCfg = Release|x86
		{700C3C48-4833-4136-B6B4-6B6D8890AA13}.Release|Win32.ActiveCfg = Release|x86
		{700C3C48-4833-4136-B6B4-6B6D8890AA13}.Release|x86.ActiveCfg = Release|x86
		{700C3C48-4833-4136-B6B4-6B6D8890AA13}.Release|x86.Build.0 = Release|x86
	EndGlobalSection
	GlobalSection(SolutionProperties) = preSolution
		HideSolutionNode = FALSE
	EndGlobalSection
EndGlobal
