
Microsoft Visual Studio Solution File, Format Version 10.00
# Visual Studio 2008
Project("{FAE04EC0-301F-11D3-BF4B-00C04F79EFBC}") = "Schemas", "Schemas\Schemas.csproj", "{5B4A9C51-D19A-4F4D-B8D8-FC9B26AA7EF5}"
EndProject
Project("{FAE04EC0-301F-11D3-BF4B-00C04F79EFBC}") = "KMD", "KMD\KMD.csproj", "{47B58366-342A-4699-9CF5-E13FB8F8B413}"
EndProject
Project("{FAE04EC0-301F-11D3-BF4B-00C04F79EFBC}") = "Engine", "Engine\Engine.csproj", "{9CB902C0-C352-447D-8E42-5EA5E2E23873}"
EndProject
Project("{FAE04EC0-301F-11D3-BF4B-00C04F79EFBC}") = "DPR", "DPR\DPR.csproj", "{F98E5179-88E3-404E-83BE-54F0A3E7DBC0}"
EndProject
Project("{FAE04EC0-301F-11D3-BF4B-00C04F79EFBC}") = "NUnitTester", "NUnitTester\NUnitTester.csproj", "{B1C0C2EB-55DA-45EA-B58C-EF04BC5CC281}"
	ProjectSection(ProjectDependencies) = postProject
		{C3FC6479-AE9B-4CAE-9083-2192F1266A4E} = {C3FC6479-AE9B-4CAE-9083-2192F1266A4E}
		{4964BBE5-F111-454F-86C1-766960A72396} = {4964BBE5-F111-454F-86C1-766960A72396}
	EndProjectSection
EndProject
Project("{FAE04EC0-301F-11D3-BF4B-00C04F79EFBC}") = "DAL", "DAL\DAL.csproj", "{BBD25F50-FA7A-4799-9832-287AF59FB6C4}"
EndProject
Project("{FAE04EC0-301F-11D3-BF4B-00C04F79EFBC}") = "Local", "Local\Local.csproj", "{74212D20-BB98-401F-A5F7-03669B2CD07A}"
EndProject
Project("{FAE04EC0-301F-11D3-BF4B-00C04F79EFBC}") = "Web", "CPRService\Web.csproj", "{4964BBE5-F111-454F-86C1-766960A72396}"
EndProject
Project("{FAE04EC0-301F-11D3-BF4B-00C04F79EFBC}") = "Config", "Config\Config.csproj", "{3CC541EB-6E9A-4A16-B0E1-AC88AEF969FC}"
EndProject
Project("{4F174C21-8C12-11D0-8340-0000F80270F8}") = "DB", "DB\DB.dbp", "{C7063C65-7677-4CAA-99AB-2AAB9A5AB6DB}"
EndProject
Project("{FAE04EC0-301F-11D3-BF4B-00C04F79EFBC}") = "EventBroker", "EventBroker\EventBroker.csproj", "{D8FC2102-488A-480A-8197-8842B8192E68}"
	ProjectSection(ProjectDependencies) = postProject
		{4964BBE5-F111-454F-86C1-766960A72396} = {4964BBE5-F111-454F-86C1-766960A72396}
	EndProjectSection
EndProject
Project("{FAE04EC0-301F-11D3-BF4B-00C04F79EFBC}") = "EventBrokerWeb", "EventBrokerWeb\EventBrokerWeb.csproj", "{C3FC6479-AE9B-4CAE-9083-2192F1266A4E}"
EndProject
Project("{2150E333-8FDC-42A3-9474-1A3956D46DE8}") = "Events", "Events", "{BBA8D9D5-A6C6-442F-9572-12D5E9B37F33}"
EndProject
Project("{FAE04EC0-301F-11D3-BF4B-00C04F79EFBC}") = "Backend", "Backend\Backend.csproj", "{AA6A8258-ED37-44F4-A8F4-5253D1A2B1E0}"
EndProject
Project("{2150E333-8FDC-42A3-9474-1A3956D46DE8}") = "Data providers", "Data providers", "{8E43AAC5-08E5-4845-9AE5-B823ACA0A28E}"
EndProject
Project("{2150E333-8FDC-42A3-9474-1A3956D46DE8}") = "Core", "Core", "{C3133F44-2137-4F03-AC07-AA7623F71C31}"
EndProject
Project("{2150E333-8FDC-42A3-9474-1A3956D46DE8}") = "Test", "Test", "{AB3DA531-0E71-4D2F-9F27-A114EA42301F}"
EndProject
Project("{FAE04EC0-301F-11D3-BF4B-00C04F79EFBC}") = "PersonMaster", "PersonMaster\PersonMaster.csproj", "{51186183-BEEA-4B6D-8865-B7070EFCA126}"
EndProject
Project("{2150E333-8FDC-42A3-9474-1A3956D46DE8}") = "Installation", "Installation", "{EBFC24C5-319C-4666-9F6B-662E488F4574}"
EndProject
Project("{FAE04EC0-301F-11D3-BF4B-00C04F79EFBC}") = "Installers", "Installation\Installers\Installers.csproj", "{301C6060-336E-4363-BF63-9ED84A0770FB}"
EndProject
Project("{FAE04EC0-301F-11D3-BF4B-00C04F79EFBC}") = "CprBrokerInstallers", "Installation\CprBrokerInstallers\CprBrokerInstallers.csproj", "{67EC8A41-03B9-49A5-AFFE-98B9EC073366}"
EndProject
Project("{54435603-DBB4-11D2-8724-00A0C9A8B90C}") = "InstallCPRBroker", "Installation\InstallCPRBroker\InstallCPRBroker.vdproj", "{0923826F-91B8-4439-AE96-070240E73663}"
EndProject
Project("{FAE04EC0-301F-11D3-BF4B-00C04F79EFBC}") = "EventBrokerInstallers", "Installation\EventBrokerInstallers\EventBrokerInstallers.csproj", "{F6890247-F6CC-4EFB-B3DF-0D60D9DACAEE}"
EndProject
Project("{54435603-DBB4-11D2-8724-00A0C9A8B90C}") = "InstallEventBroker", "Installation\InstallEventBroker\InstallEventBroker.vdproj", "{97E6C30F-E0C8-4A95-8E7D-C3256BBCD580}"
EndProject
Global
	GlobalSection(SolutionConfigurationPlatforms) = preSolution
		Debug|.NET = Debug|.NET
		Debug|Any CPU = Debug|Any CPU
		Debug|Mixed Platforms = Debug|Mixed Platforms
		Release|.NET = Release|.NET
		Release|Any CPU = Release|Any CPU
		Release|Mixed Platforms = Release|Mixed Platforms
	EndGlobalSection
	GlobalSection(ProjectConfigurationPlatforms) = postSolution
		{5B4A9C51-D19A-4F4D-B8D8-FC9B26AA7EF5}.Debug|.NET.ActiveCfg = Debug|Any CPU
		{5B4A9C51-D19A-4F4D-B8D8-FC9B26AA7EF5}.Debug|Any CPU.ActiveCfg = Debug|Any CPU
		{5B4A9C51-D19A-4F4D-B8D8-FC9B26AA7EF5}.Debug|Any CPU.Build.0 = Debug|Any CPU
		{5B4A9C51-D19A-4F4D-B8D8-FC9B26AA7EF5}.Debug|Mixed Platforms.ActiveCfg = Debug|Any CPU
		{5B4A9C51-D19A-4F4D-B8D8-FC9B26AA7EF5}.Debug|Mixed Platforms.Build.0 = Debug|Any CPU
		{5B4A9C51-D19A-4F4D-B8D8-FC9B26AA7EF5}.Release|.NET.ActiveCfg = Release|Any CPU
		{5B4A9C51-D19A-4F4D-B8D8-FC9B26AA7EF5}.Release|Any CPU.ActiveCfg = Release|Any CPU
		{5B4A9C51-D19A-4F4D-B8D8-FC9B26AA7EF5}.Release|Any CPU.Build.0 = Release|Any CPU
		{5B4A9C51-D19A-4F4D-B8D8-FC9B26AA7EF5}.Release|Mixed Platforms.ActiveCfg = Release|Any CPU
		{5B4A9C51-D19A-4F4D-B8D8-FC9B26AA7EF5}.Release|Mixed Platforms.Build.0 = Release|Any CPU
		{47B58366-342A-4699-9CF5-E13FB8F8B413}.Debug|.NET.ActiveCfg = Debug|Any CPU
		{47B58366-342A-4699-9CF5-E13FB8F8B413}.Debug|Any CPU.ActiveCfg = Debug|Any CPU
		{47B58366-342A-4699-9CF5-E13FB8F8B413}.Debug|Any CPU.Build.0 = Debug|Any CPU
		{47B58366-342A-4699-9CF5-E13FB8F8B413}.Debug|Mixed Platforms.ActiveCfg = Debug|Any CPU
		{47B58366-342A-4699-9CF5-E13FB8F8B413}.Debug|Mixed Platforms.Build.0 = Debug|Any CPU
		{47B58366-342A-4699-9CF5-E13FB8F8B413}.Release|.NET.ActiveCfg = Release|Any CPU
		{47B58366-342A-4699-9CF5-E13FB8F8B413}.Release|Any CPU.ActiveCfg = Release|Any CPU
		{47B58366-342A-4699-9CF5-E13FB8F8B413}.Release|Any CPU.Build.0 = Release|Any CPU
		{47B58366-342A-4699-9CF5-E13FB8F8B413}.Release|Mixed Platforms.ActiveCfg = Release|Any CPU
		{47B58366-342A-4699-9CF5-E13FB8F8B413}.Release|Mixed Platforms.Build.0 = Release|Any CPU
		{9CB902C0-C352-447D-8E42-5EA5E2E23873}.Debug|.NET.ActiveCfg = Debug|Any CPU
		{9CB902C0-C352-447D-8E42-5EA5E2E23873}.Debug|Any CPU.ActiveCfg = Debug|Any CPU
		{9CB902C0-C352-447D-8E42-5EA5E2E23873}.Debug|Any CPU.Build.0 = Debug|Any CPU
		{9CB902C0-C352-447D-8E42-5EA5E2E23873}.Debug|Mixed Platforms.ActiveCfg = Debug|Any CPU
		{9CB902C0-C352-447D-8E42-5EA5E2E23873}.Debug|Mixed Platforms.Build.0 = Debug|Any CPU
		{9CB902C0-C352-447D-8E42-5EA5E2E23873}.Release|.NET.ActiveCfg = Release|Any CPU
		{9CB902C0-C352-447D-8E42-5EA5E2E23873}.Release|Any CPU.ActiveCfg = Release|Any CPU
		{9CB902C0-C352-447D-8E42-5EA5E2E23873}.Release|Any CPU.Build.0 = Release|Any CPU
		{9CB902C0-C352-447D-8E42-5EA5E2E23873}.Release|Mixed Platforms.ActiveCfg = Release|Any CPU
		{9CB902C0-C352-447D-8E42-5EA5E2E23873}.Release|Mixed Platforms.Build.0 = Release|Any CPU
		{F98E5179-88E3-404E-83BE-54F0A3E7DBC0}.Debug|.NET.ActiveCfg = Debug|Any CPU
		{F98E5179-88E3-404E-83BE-54F0A3E7DBC0}.Debug|Any CPU.ActiveCfg = Debug|Any CPU
		{F98E5179-88E3-404E-83BE-54F0A3E7DBC0}.Debug|Any CPU.Build.0 = Debug|Any CPU
		{F98E5179-88E3-404E-83BE-54F0A3E7DBC0}.Debug|Mixed Platforms.ActiveCfg = Debug|Any CPU
		{F98E5179-88E3-404E-83BE-54F0A3E7DBC0}.Debug|Mixed Platforms.Build.0 = Debug|Any CPU
		{F98E5179-88E3-404E-83BE-54F0A3E7DBC0}.Release|.NET.ActiveCfg = Release|Any CPU
		{F98E5179-88E3-404E-83BE-54F0A3E7DBC0}.Release|Any CPU.ActiveCfg = Release|Any CPU
		{F98E5179-88E3-404E-83BE-54F0A3E7DBC0}.Release|Any CPU.Build.0 = Release|Any CPU
		{F98E5179-88E3-404E-83BE-54F0A3E7DBC0}.Release|Mixed Platforms.ActiveCfg = Release|Any CPU
		{F98E5179-88E3-404E-83BE-54F0A3E7DBC0}.Release|Mixed Platforms.Build.0 = Release|Any CPU
		{B1C0C2EB-55DA-45EA-B58C-EF04BC5CC281}.Debug|.NET.ActiveCfg = Debug|Any CPU
		{B1C0C2EB-55DA-45EA-B58C-EF04BC5CC281}.Debug|Any CPU.ActiveCfg = Debug|Any CPU
		{B1C0C2EB-55DA-45EA-B58C-EF04BC5CC281}.Debug|Any CPU.Build.0 = Debug|Any CPU
		{B1C0C2EB-55DA-45EA-B58C-EF04BC5CC281}.Debug|Mixed Platforms.ActiveCfg = Debug|Any CPU
		{B1C0C2EB-55DA-45EA-B58C-EF04BC5CC281}.Release|.NET.ActiveCfg = Release|Any CPU
		{B1C0C2EB-55DA-45EA-B58C-EF04BC5CC281}.Release|Any CPU.ActiveCfg = Release|Any CPU
		{B1C0C2EB-55DA-45EA-B58C-EF04BC5CC281}.Release|Any CPU.Build.0 = Release|Any CPU
		{B1C0C2EB-55DA-45EA-B58C-EF04BC5CC281}.Release|Mixed Platforms.ActiveCfg = Release|Any CPU
		{B1C0C2EB-55DA-45EA-B58C-EF04BC5CC281}.Release|Mixed Platforms.Build.0 = Release|Any CPU
		{BBD25F50-FA7A-4799-9832-287AF59FB6C4}.Debug|.NET.ActiveCfg = Debug|Any CPU
		{BBD25F50-FA7A-4799-9832-287AF59FB6C4}.Debug|Any CPU.ActiveCfg = Debug|Any CPU
		{BBD25F50-FA7A-4799-9832-287AF59FB6C4}.Debug|Any CPU.Build.0 = Debug|Any CPU
		{BBD25F50-FA7A-4799-9832-287AF59FB6C4}.Debug|Mixed Platforms.ActiveCfg = Debug|Any CPU
		{BBD25F50-FA7A-4799-9832-287AF59FB6C4}.Debug|Mixed Platforms.Build.0 = Debug|Any CPU
		{BBD25F50-FA7A-4799-9832-287AF59FB6C4}.Release|.NET.ActiveCfg = Release|Any CPU
		{BBD25F50-FA7A-4799-9832-287AF59FB6C4}.Release|Any CPU.ActiveCfg = Release|Any CPU
		{BBD25F50-FA7A-4799-9832-287AF59FB6C4}.Release|Any CPU.Build.0 = Release|Any CPU
		{BBD25F50-FA7A-4799-9832-287AF59FB6C4}.Release|Mixed Platforms.ActiveCfg = Release|Any CPU
		{BBD25F50-FA7A-4799-9832-287AF59FB6C4}.Release|Mixed Platforms.Build.0 = Release|Any CPU
		{74212D20-BB98-401F-A5F7-03669B2CD07A}.Debug|.NET.ActiveCfg = Debug|Any CPU
		{74212D20-BB98-401F-A5F7-03669B2CD07A}.Debug|Any CPU.ActiveCfg = Debug|Any CPU
		{74212D20-BB98-401F-A5F7-03669B2CD07A}.Debug|Any CPU.Build.0 = Debug|Any CPU
		{74212D20-BB98-401F-A5F7-03669B2CD07A}.Debug|Mixed Platforms.ActiveCfg = Debug|Any CPU
		{74212D20-BB98-401F-A5F7-03669B2CD07A}.Debug|Mixed Platforms.Build.0 = Debug|Any CPU
		{74212D20-BB98-401F-A5F7-03669B2CD07A}.Release|.NET.ActiveCfg = Release|Any CPU
		{74212D20-BB98-401F-A5F7-03669B2CD07A}.Release|Any CPU.ActiveCfg = Release|Any CPU
		{74212D20-BB98-401F-A5F7-03669B2CD07A}.Release|Any CPU.Build.0 = Release|Any CPU
		{74212D20-BB98-401F-A5F7-03669B2CD07A}.Release|Mixed Platforms.ActiveCfg = Release|Any CPU
		{74212D20-BB98-401F-A5F7-03669B2CD07A}.Release|Mixed Platforms.Build.0 = Release|Any CPU
		{4964BBE5-F111-454F-86C1-766960A72396}.Debug|.NET.ActiveCfg = Debug|Any CPU
		{4964BBE5-F111-454F-86C1-766960A72396}.Debug|Any CPU.ActiveCfg = Debug|Any CPU
		{4964BBE5-F111-454F-86C1-766960A72396}.Debug|Any CPU.Build.0 = Debug|Any CPU
		{4964BBE5-F111-454F-86C1-766960A72396}.Debug|Mixed Platforms.ActiveCfg = Debug|Any CPU
		{4964BBE5-F111-454F-86C1-766960A72396}.Debug|Mixed Platforms.Build.0 = Debug|Any CPU
		{4964BBE5-F111-454F-86C1-766960A72396}.Release|.NET.ActiveCfg = Release|Any CPU
		{4964BBE5-F111-454F-86C1-766960A72396}.Release|Any CPU.ActiveCfg = Release|Any CPU
		{4964BBE5-F111-454F-86C1-766960A72396}.Release|Any CPU.Build.0 = Release|Any CPU
		{4964BBE5-F111-454F-86C1-766960A72396}.Release|Mixed Platforms.ActiveCfg = Release|Any CPU
		{4964BBE5-F111-454F-86C1-766960A72396}.Release|Mixed Platforms.Build.0 = Release|Any CPU
		{3CC541EB-6E9A-4A16-B0E1-AC88AEF969FC}.Debug|.NET.ActiveCfg = Debug|Any CPU
		{3CC541EB-6E9A-4A16-B0E1-AC88AEF969FC}.Debug|Any CPU.ActiveCfg = Debug|Any CPU
		{3CC541EB-6E9A-4A16-B0E1-AC88AEF969FC}.Debug|Any CPU.Build.0 = Debug|Any CPU
		{3CC541EB-6E9A-4A16-B0E1-AC88AEF969FC}.Debug|Mixed Platforms.ActiveCfg = Debug|Any CPU
		{3CC541EB-6E9A-4A16-B0E1-AC88AEF969FC}.Debug|Mixed Platforms.Build.0 = Debug|Any CPU
		{3CC541EB-6E9A-4A16-B0E1-AC88AEF969FC}.Release|.NET.ActiveCfg = Release|Any CPU
		{3CC541EB-6E9A-4A16-B0E1-AC88AEF969FC}.Release|Any CPU.ActiveCfg = Release|Any CPU
		{3CC541EB-6E9A-4A16-B0E1-AC88AEF969FC}.Release|Any CPU.Build.0 = Release|Any CPU
		{3CC541EB-6E9A-4A16-B0E1-AC88AEF969FC}.Release|Mixed Platforms.ActiveCfg = Release|Any CPU
		{3CC541EB-6E9A-4A16-B0E1-AC88AEF969FC}.Release|Mixed Platforms.Build.0 = Release|Any CPU
		{D8FC2102-488A-480A-8197-8842B8192E68}.Debug|.NET.ActiveCfg = Debug|Any CPU
		{D8FC2102-488A-480A-8197-8842B8192E68}.Debug|Any CPU.ActiveCfg = Debug|Any CPU
		{D8FC2102-488A-480A-8197-8842B8192E68}.Debug|Any CPU.Build.0 = Debug|Any CPU
		{D8FC2102-488A-480A-8197-8842B8192E68}.Debug|Mixed Platforms.ActiveCfg = Debug|Any CPU
		{D8FC2102-488A-480A-8197-8842B8192E68}.Debug|Mixed Platforms.Build.0 = Debug|Any CPU
		{D8FC2102-488A-480A-8197-8842B8192E68}.Release|.NET.ActiveCfg = Release|Any CPU
		{D8FC2102-488A-480A-8197-8842B8192E68}.Release|Any CPU.ActiveCfg = Release|Any CPU
		{D8FC2102-488A-480A-8197-8842B8192E68}.Release|Any CPU.Build.0 = Release|Any CPU
		{D8FC2102-488A-480A-8197-8842B8192E68}.Release|Mixed Platforms.ActiveCfg = Release|Any CPU
		{D8FC2102-488A-480A-8197-8842B8192E68}.Release|Mixed Platforms.Build.0 = Release|Any CPU
		{C3FC6479-AE9B-4CAE-9083-2192F1266A4E}.Debug|.NET.ActiveCfg = Debug|Any CPU
		{C3FC6479-AE9B-4CAE-9083-2192F1266A4E}.Debug|Any CPU.ActiveCfg = Debug|Any CPU
		{C3FC6479-AE9B-4CAE-9083-2192F1266A4E}.Debug|Any CPU.Build.0 = Debug|Any CPU
		{C3FC6479-AE9B-4CAE-9083-2192F1266A4E}.Debug|Mixed Platforms.ActiveCfg = Debug|Any CPU
		{C3FC6479-AE9B-4CAE-9083-2192F1266A4E}.Debug|Mixed Platforms.Build.0 = Debug|Any CPU
		{C3FC6479-AE9B-4CAE-9083-2192F1266A4E}.Release|.NET.ActiveCfg = Release|Any CPU
		{C3FC6479-AE9B-4CAE-9083-2192F1266A4E}.Release|Any CPU.ActiveCfg = Release|Any CPU
		{C3FC6479-AE9B-4CAE-9083-2192F1266A4E}.Release|Any CPU.Build.0 = Release|Any CPU
		{C3FC6479-AE9B-4CAE-9083-2192F1266A4E}.Release|Mixed Platforms.ActiveCfg = Release|Any CPU
		{C3FC6479-AE9B-4CAE-9083-2192F1266A4E}.Release|Mixed Platforms.Build.0 = Release|Any CPU
		{AA6A8258-ED37-44F4-A8F4-5253D1A2B1E0}.Debug|.NET.ActiveCfg = Debug|Any CPU
		{AA6A8258-ED37-44F4-A8F4-5253D1A2B1E0}.Debug|Any CPU.ActiveCfg = Debug|Any CPU
		{AA6A8258-ED37-44F4-A8F4-5253D1A2B1E0}.Debug|Any CPU.Build.0 = Debug|Any CPU
		{AA6A8258-ED37-44F4-A8F4-5253D1A2B1E0}.Debug|Mixed Platforms.ActiveCfg = Debug|Any CPU
		{AA6A8258-ED37-44F4-A8F4-5253D1A2B1E0}.Debug|Mixed Platforms.Build.0 = Debug|Any CPU
		{AA6A8258-ED37-44F4-A8F4-5253D1A2B1E0}.Release|.NET.ActiveCfg = Release|Any CPU
		{AA6A8258-ED37-44F4-A8F4-5253D1A2B1E0}.Release|Any CPU.ActiveCfg = Release|Any CPU
		{AA6A8258-ED37-44F4-A8F4-5253D1A2B1E0}.Release|Any CPU.Build.0 = Release|Any CPU
		{AA6A8258-ED37-44F4-A8F4-5253D1A2B1E0}.Release|Mixed Platforms.ActiveCfg = Release|Any CPU
		{AA6A8258-ED37-44F4-A8F4-5253D1A2B1E0}.Release|Mixed Platforms.Build.0 = Release|Any CPU
		{51186183-BEEA-4B6D-8865-B7070EFCA126}.Debug|.NET.ActiveCfg = Debug|Any CPU
		{51186183-BEEA-4B6D-8865-B7070EFCA126}.Debug|Any CPU.ActiveCfg = Debug|Any CPU
		{51186183-BEEA-4B6D-8865-B7070EFCA126}.Debug|Any CPU.Build.0 = Debug|Any CPU
		{51186183-BEEA-4B6D-8865-B7070EFCA126}.Debug|Mixed Platforms.ActiveCfg = Debug|Any CPU
		{51186183-BEEA-4B6D-8865-B7070EFCA126}.Debug|Mixed Platforms.Build.0 = Debug|Any CPU
		{51186183-BEEA-4B6D-8865-B7070EFCA126}.Release|.NET.ActiveCfg = Release|Any CPU
		{51186183-BEEA-4B6D-8865-B7070EFCA126}.Release|Any CPU.ActiveCfg = Release|Any CPU
		{51186183-BEEA-4B6D-8865-B7070EFCA126}.Release|Any CPU.Build.0 = Release|Any CPU
		{51186183-BEEA-4B6D-8865-B7070EFCA126}.Release|Mixed Platforms.ActiveCfg = Release|Any CPU
		{51186183-BEEA-4B6D-8865-B7070EFCA126}.Release|Mixed Platforms.Build.0 = Release|Any CPU
		{301C6060-336E-4363-BF63-9ED84A0770FB}.Debug|.NET.ActiveCfg = Debug|Any CPU
		{301C6060-336E-4363-BF63-9ED84A0770FB}.Debug|Any CPU.ActiveCfg = Debug|Any CPU
		{301C6060-336E-4363-BF63-9ED84A0770FB}.Debug|Any CPU.Build.0 = Debug|Any CPU
		{301C6060-336E-4363-BF63-9ED84A0770FB}.Debug|Mixed Platforms.ActiveCfg = Debug|Any CPU
		{301C6060-336E-4363-BF63-9ED84A0770FB}.Debug|Mixed Platforms.Build.0 = Debug|Any CPU
		{301C6060-336E-4363-BF63-9ED84A0770FB}.Release|.NET.ActiveCfg = Release|Any CPU
		{301C6060-336E-4363-BF63-9ED84A0770FB}.Release|Any CPU.ActiveCfg = Release|Any CPU
		{301C6060-336E-4363-BF63-9ED84A0770FB}.Release|Any CPU.Build.0 = Release|Any CPU
		{301C6060-336E-4363-BF63-9ED84A0770FB}.Release|Mixed Platforms.ActiveCfg = Release|Any CPU
		{301C6060-336E-4363-BF63-9ED84A0770FB}.Release|Mixed Platforms.Build.0 = Release|Any CPU
		{67EC8A41-03B9-49A5-AFFE-98B9EC073366}.Debug|.NET.ActiveCfg = Debug|Any CPU
		{67EC8A41-03B9-49A5-AFFE-98B9EC073366}.Debug|Any CPU.ActiveCfg = Debug|Any CPU
		{67EC8A41-03B9-49A5-AFFE-98B9EC073366}.Debug|Any CPU.Build.0 = Debug|Any CPU
		{67EC8A41-03B9-49A5-AFFE-98B9EC073366}.Debug|Mixed Platforms.ActiveCfg = Debug|Any CPU
		{67EC8A41-03B9-49A5-AFFE-98B9EC073366}.Debug|Mixed Platforms.Build.0 = Debug|Any CPU
		{67EC8A41-03B9-49A5-AFFE-98B9EC073366}.Release|.NET.ActiveCfg = Release|Any CPU
		{67EC8A41-03B9-49A5-AFFE-98B9EC073366}.Release|Any CPU.ActiveCfg = Release|Any CPU
		{67EC8A41-03B9-49A5-AFFE-98B9EC073366}.Release|Any CPU.Build.0 = Release|Any CPU
		{67EC8A41-03B9-49A5-AFFE-98B9EC073366}.Release|Mixed Platforms.ActiveCfg = Release|Any CPU
		{67EC8A41-03B9-49A5-AFFE-98B9EC073366}.Release|Mixed Platforms.Build.0 = Release|Any CPU
		{0923826F-91B8-4439-AE96-070240E73663}.Debug|.NET.ActiveCfg = Debug
		{0923826F-91B8-4439-AE96-070240E73663}.Debug|.NET.Build.0 = Debug
		{0923826F-91B8-4439-AE96-070240E73663}.Debug|Any CPU.ActiveCfg = Debug
		{0923826F-91B8-4439-AE96-070240E73663}.Debug|Any CPU.Build.0 = Debug
		{0923826F-91B8-4439-AE96-070240E73663}.Debug|Mixed Platforms.ActiveCfg = Debug
		{0923826F-91B8-4439-AE96-070240E73663}.Release|.NET.ActiveCfg = Release
		{0923826F-91B8-4439-AE96-070240E73663}.Release|.NET.Build.0 = Release
		{0923826F-91B8-4439-AE96-070240E73663}.Release|Any CPU.ActiveCfg = Release
		{0923826F-91B8-4439-AE96-070240E73663}.Release|Any CPU.Build.0 = Release
		{0923826F-91B8-4439-AE96-070240E73663}.Release|Mixed Platforms.ActiveCfg = Release
		{0923826F-91B8-4439-AE96-070240E73663}.Release|Mixed Platforms.Build.0 = Release
		{F6890247-F6CC-4EFB-B3DF-0D60D9DACAEE}.Debug|.NET.ActiveCfg = Debug|Any CPU
		{F6890247-F6CC-4EFB-B3DF-0D60D9DACAEE}.Debug|Any CPU.ActiveCfg = Debug|Any CPU
		{F6890247-F6CC-4EFB-B3DF-0D60D9DACAEE}.Debug|Any CPU.Build.0 = Debug|Any CPU
		{F6890247-F6CC-4EFB-B3DF-0D60D9DACAEE}.Debug|Mixed Platforms.ActiveCfg = Debug|Any CPU
		{F6890247-F6CC-4EFB-B3DF-0D60D9DACAEE}.Debug|Mixed Platforms.Build.0 = Debug|Any CPU
		{F6890247-F6CC-4EFB-B3DF-0D60D9DACAEE}.Release|.NET.ActiveCfg = Release|Any CPU
		{F6890247-F6CC-4EFB-B3DF-0D60D9DACAEE}.Release|Any CPU.ActiveCfg = Release|Any CPU
		{F6890247-F6CC-4EFB-B3DF-0D60D9DACAEE}.Release|Any CPU.Build.0 = Release|Any CPU
		{F6890247-F6CC-4EFB-B3DF-0D60D9DACAEE}.Release|Mixed Platforms.ActiveCfg = Release|Any CPU
		{F6890247-F6CC-4EFB-B3DF-0D60D9DACAEE}.Release|Mixed Platforms.Build.0 = Release|Any CPU
		{97E6C30F-E0C8-4A95-8E7D-C3256BBCD580}.Debug|.NET.ActiveCfg = Debug
		{97E6C30F-E0C8-4A95-8E7D-C3256BBCD580}.Debug|.NET.Build.0 = Debug
		{97E6C30F-E0C8-4A95-8E7D-C3256BBCD580}.Debug|Any CPU.ActiveCfg = Debug
		{97E6C30F-E0C8-4A95-8E7D-C3256BBCD580}.Debug|Any CPU.Build.0 = Debug
		{97E6C30F-E0C8-4A95-8E7D-C3256BBCD580}.Debug|Mixed Platforms.ActiveCfg = Debug
		{97E6C30F-E0C8-4A95-8E7D-C3256BBCD580}.Release|.NET.ActiveCfg = Release
		{97E6C30F-E0C8-4A95-8E7D-C3256BBCD580}.Release|.NET.Build.0 = Release
		{97E6C30F-E0C8-4A95-8E7D-C3256BBCD580}.Release|Any CPU.ActiveCfg = Release
		{97E6C30F-E0C8-4A95-8E7D-C3256BBCD580}.Release|Any CPU.Build.0 = Release
		{97E6C30F-E0C8-4A95-8E7D-C3256BBCD580}.Release|Mixed Platforms.ActiveCfg = Release
		{97E6C30F-E0C8-4A95-8E7D-C3256BBCD580}.Release|Mixed Platforms.Build.0 = Release
	EndGlobalSection
	GlobalSection(SolutionProperties) = preSolution
		HideSolutionNode = FALSE
	EndGlobalSection
	GlobalSection(NestedProjects) = preSolution
		{9CB902C0-C352-447D-8E42-5EA5E2E23873} = {C3133F44-2137-4F03-AC07-AA7623F71C31}
		{BBD25F50-FA7A-4799-9832-287AF59FB6C4} = {C3133F44-2137-4F03-AC07-AA7623F71C31}
		{4964BBE5-F111-454F-86C1-766960A72396} = {C3133F44-2137-4F03-AC07-AA7623F71C31}
		{3CC541EB-6E9A-4A16-B0E1-AC88AEF969FC} = {C3133F44-2137-4F03-AC07-AA7623F71C31}
		{C7063C65-7677-4CAA-99AB-2AAB9A5AB6DB} = {C3133F44-2137-4F03-AC07-AA7623F71C31}
		{5B4A9C51-D19A-4F4D-B8D8-FC9B26AA7EF5} = {C3133F44-2137-4F03-AC07-AA7623F71C31}
		{F98E5179-88E3-404E-83BE-54F0A3E7DBC0} = {8E43AAC5-08E5-4845-9AE5-B823ACA0A28E}
		{74212D20-BB98-401F-A5F7-03669B2CD07A} = {8E43AAC5-08E5-4845-9AE5-B823ACA0A28E}
		{47B58366-342A-4699-9CF5-E13FB8F8B413} = {8E43AAC5-08E5-4845-9AE5-B823ACA0A28E}
		{51186183-BEEA-4B6D-8865-B7070EFCA126} = {8E43AAC5-08E5-4845-9AE5-B823ACA0A28E}
		{B1C0C2EB-55DA-45EA-B58C-EF04BC5CC281} = {AB3DA531-0E71-4D2F-9F27-A114EA42301F}
		{C3FC6479-AE9B-4CAE-9083-2192F1266A4E} = {BBA8D9D5-A6C6-442F-9572-12D5E9B37F33}
		{D8FC2102-488A-480A-8197-8842B8192E68} = {BBA8D9D5-A6C6-442F-9572-12D5E9B37F33}
		{AA6A8258-ED37-44F4-A8F4-5253D1A2B1E0} = {BBA8D9D5-A6C6-442F-9572-12D5E9B37F33}
		{301C6060-336E-4363-BF63-9ED84A0770FB} = {EBFC24C5-319C-4666-9F6B-662E488F4574}
		{67EC8A41-03B9-49A5-AFFE-98B9EC073366} = {EBFC24C5-319C-4666-9F6B-662E488F4574}
		{0923826F-91B8-4439-AE96-070240E73663} = {EBFC24C5-319C-4666-9F6B-662E488F4574}
		{F6890247-F6CC-4EFB-B3DF-0D60D9DACAEE} = {EBFC24C5-319C-4666-9F6B-662E488F4574}
		{97E6C30F-E0C8-4A95-8E7D-C3256BBCD580} = {EBFC24C5-319C-4666-9F6B-662E488F4574}
	EndGlobalSection
EndGlobal
