
Microsoft Visual Studio Solution File, Format Version 12.00
# Visual Studio 14
VisualStudioVersion = 14.0.24720.0
MinimumVisualStudioVersion = 10.0.40219.1
Project("{FAE04EC0-301F-11D3-BF4B-00C04F79EFBC}") = "KMD", "KMD\KMD.csproj", "{47B58366-342A-4699-9CF5-E13FB8F8B413}"
EndProject
Project("{FAE04EC0-301F-11D3-BF4B-00C04F79EFBC}") = "DPR", "DPR\DPR.csproj", "{F98E5179-88E3-404E-83BE-54F0A3E7DBC0}"
EndProject
Project("{FAE04EC0-301F-11D3-BF4B-00C04F79EFBC}") = "Local", "Local\Local.csproj", "{74212D20-BB98-401F-A5F7-03669B2CD07A}"
EndProject
Project("{FAE04EC0-301F-11D3-BF4B-00C04F79EFBC}") = "Web", "Web\Web.csproj", "{4964BBE5-F111-454F-86C1-766960A72396}"
EndProject
Project("{FAE04EC0-301F-11D3-BF4B-00C04F79EFBC}") = "PersonMaster", "PersonMaster\PersonMaster.csproj", "{51186183-BEEA-4B6D-8865-B7070EFCA126}"
EndProject
Project("{930C7802-8A8C-48F9-8165-68863BCCD9DD}") = "WixInstaller", "WixInstaller\WixInstaller.wixproj", "{D51844A7-91FC-405B-B25C-497AE9856548}"
	ProjectSection(ProjectDependencies) = postProject
		{24E1E816-D9CD-47B8-96B6-619EAF3379C6} = {24E1E816-D9CD-47B8-96B6-619EAF3379C6}
		{0A0ED81D-1F70-444B-A61F-837955728598} = {0A0ED81D-1F70-444B-A61F-837955728598}
		{74212D20-BB98-401F-A5F7-03669B2CD07A} = {74212D20-BB98-401F-A5F7-03669B2CD07A}
		{F6E48545-473F-4133-90F7-B93A4612F50F} = {F6E48545-473F-4133-90F7-B93A4612F50F}
		{700C3C48-4833-4136-B6B4-6B6D8890AA13} = {700C3C48-4833-4136-B6B4-6B6D8890AA13}
		{EDDB494D-782D-4D45-8599-633057B9B203} = {EDDB494D-782D-4D45-8599-633057B9B203}
		{47B58366-342A-4699-9CF5-E13FB8F8B413} = {47B58366-342A-4699-9CF5-E13FB8F8B413}
		{895FDF74-8A3F-475B-B28D-B88BAB9C941E} = {895FDF74-8A3F-475B-B28D-B88BAB9C941E}
		{F98E5179-88E3-404E-83BE-54F0A3E7DBC0} = {F98E5179-88E3-404E-83BE-54F0A3E7DBC0}
		{51186183-BEEA-4B6D-8865-B7070EFCA126} = {51186183-BEEA-4B6D-8865-B7070EFCA126}
		{233BE1AB-28DA-4B2F-8CC0-4BB3D88ADC95} = {233BE1AB-28DA-4B2F-8CC0-4BB3D88ADC95}
		{DA42D8BB-24D3-4416-A0BD-B98857F249AD} = {DA42D8BB-24D3-4416-A0BD-B98857F249AD}
		{4964BBE5-F111-454F-86C1-766960A72396} = {4964BBE5-F111-454F-86C1-766960A72396}
		{F9D6A4EA-9DB1-4BA7-A5BE-0C183FBABBF8} = {F9D6A4EA-9DB1-4BA7-A5BE-0C183FBABBF8}
	EndProjectSection
EndProject
Project("{FAE04EC0-301F-11D3-BF4B-00C04F79EFBC}") = "CprBroker.CustomActions", "CprBroker.CustomActions\CprBroker.CustomActions.csproj", "{EBE4DA5E-1E87-4071-B8A3-EC6096B35B31}"
EndProject
Project("{FAE04EC0-301F-11D3-BF4B-00C04F79EFBC}") = "E_M", "E_M\E_M.csproj", "{24E1E816-D9CD-47B8-96B6-619EAF3379C6}"
EndProject
Project("{FAE04EC0-301F-11D3-BF4B-00C04F79EFBC}") = "BatchClient", "BatchClient\BatchClient.csproj", "{895FDF74-8A3F-475B-B28D-B88BAB9C941E}"
EndProject
Project("{FAE04EC0-301F-11D3-BF4B-00C04F79EFBC}") = "E_M.Tests", "E_M.Tests\E_M.Tests.csproj", "{37B2453E-5D68-4920-98D3-476BA76DF900}"
EndProject
Project("{FAE04EC0-301F-11D3-BF4B-00C04F79EFBC}") = "DPR.Tests", "DPR.Tests\DPR.Tests.csproj", "{6EC5979C-CDC3-4F01-8527-344A3307D642}"
EndProject
Project("{FAE04EC0-301F-11D3-BF4B-00C04F79EFBC}") = "CPRDirect", "CPRDirect\CPRDirect.csproj", "{EDDB494D-782D-4D45-8599-633057B9B203}"
EndProject
Project("{FAE04EC0-301F-11D3-BF4B-00C04F79EFBC}") = "CPRDirect.Tests", "CPRDirect.Tests\CPRDirect.Tests.csproj", "{F9F2357B-981F-4048-96C5-315EE3872276}"
EndProject
Project("{FAE04EC0-301F-11D3-BF4B-00C04F79EFBC}") = "Local.Tests", "Local.Tests\Local.Tests.csproj", "{9F79A89C-BA9C-4EC2-99D9-EA4FB42F59AD}"
EndProject
Project("{FAE04EC0-301F-11D3-BF4B-00C04F79EFBC}") = "Local.Search", "Local.Search\Local.Search.csproj", "{700C3C48-4833-4136-B6B4-6B6D8890AA13}"
EndProject
Project("{FAE04EC0-301F-11D3-BF4B-00C04F79EFBC}") = "PartInterface", "PartInterface\PartInterface.csproj", "{DA42D8BB-24D3-4416-A0BD-B98857F249AD}"
EndProject
Project("{FAE04EC0-301F-11D3-BF4B-00C04F79EFBC}") = "PartInterface.Tests", "PartInterface.Tests\PartInterface.Tests.csproj", "{06CCC703-83F2-44B9-B67A-F7F3A0071E2D}"
EndProject
Project("{FAE04EC0-301F-11D3-BF4B-00C04F79EFBC}") = "CprServices", "CprServices\CprServices.csproj", "{F9D6A4EA-9DB1-4BA7-A5BE-0C183FBABBF8}"
EndProject
Project("{FAE04EC0-301F-11D3-BF4B-00C04F79EFBC}") = "CprServices.Tests", "CprServices.Tests\CprServices.Tests.csproj", "{E77D5B58-56A9-4A19-B25F-AE160547E364}"
EndProject
Project("{FAE04EC0-301F-11D3-BF4B-00C04F79EFBC}") = "CprBroker.CustomActions.Tests", "CprBroker.CustomActions.Tests\CprBroker.CustomActions.Tests.csproj", "{25EEFC62-8AD8-490D-840D-31AD03094C29}"
EndProject
Project("{FAE04EC0-301F-11D3-BF4B-00C04F79EFBC}") = "DBR", "DBR\DBR.csproj", "{F6E48545-473F-4133-90F7-B93A4612F50F}"
EndProject
Project("{FAE04EC0-301F-11D3-BF4B-00C04F79EFBC}") = "DBR.Tests", "DBR.Tests\DBR.Tests.csproj", "{FF2FFCD5-6091-4B10-8FD9-C737BD45C86B}"
EndProject
Project("{FAE04EC0-301F-11D3-BF4B-00C04F79EFBC}") = "Diagrams", "Diagrams\Diagrams.csproj", "{4FB91DE2-3C1A-4F3D-BCE9-AE0E110C08D7}"
EndProject
Project("{FAE04EC0-301F-11D3-BF4B-00C04F79EFBC}") = "ServicePlatform", "ServicePlatform\ServicePlatform.csproj", "{233BE1AB-28DA-4B2F-8CC0-4BB3D88ADC95}"
EndProject
Project("{FAE04EC0-301F-11D3-BF4B-00C04F79EFBC}") = "ServicePlatform.Tests", "ServicePlatform.Tests\ServicePlatform.Tests.csproj", "{8F016E38-D959-4EAF-9E1A-07D395E764FE}"
EndProject
Project("{2150E333-8FDC-42A3-9474-1A3956D46DE8}") = "Providers", "Providers", "{3AF1BAC9-AF91-421F-8BF5-3C2D57EC95B8}"
EndProject
Project("{2150E333-8FDC-42A3-9474-1A3956D46DE8}") = "Tests", "Tests", "{3389B1C0-EC1E-4298-86E9-27C68859AA4E}"
EndProject
Project("{2150E333-8FDC-42A3-9474-1A3956D46DE8}") = "Installation", "Installation", "{284ACAE2-9300-447C-BD74-13A27006DA38}"
EndProject
Project("{FAE04EC0-301F-11D3-BF4B-00C04F79EFBC}") = "WixInstaller.Tests", "WixInstaller.Tests\WixInstaller.Tests.csproj", "{A983F732-5CD5-4DE1-B435-A89E1E18C5D8}"
	ProjectSection(ProjectDependencies) = postProject
		{D51844A7-91FC-405B-B25C-497AE9856548} = {D51844A7-91FC-405B-B25C-497AE9856548}
	EndProjectSection
EndProject
Project("{FAE04EC0-301F-11D3-BF4B-00C04F79EFBC}") = "Tracking", "Tracking\Tracking.csproj", "{0A0ED81D-1F70-444B-A61F-837955728598}"
EndProject
Project("{2150E333-8FDC-42A3-9474-1A3956D46DE8}") = "Tests", "Tests", "{E1F110C7-3655-43A2-8C95-50FD661D7CE0}"
EndProject
Project("{FAE04EC0-301F-11D3-BF4B-00C04F79EFBC}") = "Tracking.Tests", "Tracking.Tests\Tracking.Tests.csproj", "{119AC305-96EE-4A08-9FCF-060A826EE82C}"
EndProject
Project("{FAE04EC0-301F-11D3-BF4B-00C04F79EFBC}") = "DBR.Tests.Comparison", "DBR.Tests.Comparison\DBR.Tests.Comparison.csproj", "{8155A4BE-AC2D-4950-A930-E0062655B60C}"
EndProject
Global
	GlobalSection(SolutionConfigurationPlatforms) = preSolution
		Debug.Mono|.NET = Debug.Mono|.NET
		Debug.Mono|Any CPU = Debug.Mono|Any CPU
		Debug.Mono|Mixed Platforms = Debug.Mono|Mixed Platforms
		Debug.Mono|Mono = Debug.Mono|Mono
		Debug.Mono|Win32 = Debug.Mono|Win32
		Debug.Mono|x86 = Debug.Mono|x86
		Debug|.NET = Debug|.NET
		Debug|Any CPU = Debug|Any CPU
		Debug|Mixed Platforms = Debug|Mixed Platforms
		Debug|Mono = Debug|Mono
		Debug|Win32 = Debug|Win32
		Debug|x86 = Debug|x86
		Release|.NET = Release|.NET
		Release|Any CPU = Release|Any CPU
		Release|Mixed Platforms = Release|Mixed Platforms
		Release|Mono = Release|Mono
		Release|Win32 = Release|Win32
		Release|x86 = Release|x86
	EndGlobalSection
	GlobalSection(ProjectConfigurationPlatforms) = postSolution
		{47B58366-342A-4699-9CF5-E13FB8F8B413}.Debug.Mono|.NET.ActiveCfg = Debug|Any CPU
		{47B58366-342A-4699-9CF5-E13FB8F8B413}.Debug.Mono|Any CPU.ActiveCfg = Debug|Any CPU
		{47B58366-342A-4699-9CF5-E13FB8F8B413}.Debug.Mono|Any CPU.Build.0 = Debug|Any CPU
		{47B58366-342A-4699-9CF5-E13FB8F8B413}.Debug.Mono|Mixed Platforms.ActiveCfg = Debug|Any CPU
		{47B58366-342A-4699-9CF5-E13FB8F8B413}.Debug.Mono|Mixed Platforms.Build.0 = Debug|Any CPU
		{47B58366-342A-4699-9CF5-E13FB8F8B413}.Debug.Mono|Mono.ActiveCfg = Debug|Any CPU
		{47B58366-342A-4699-9CF5-E13FB8F8B413}.Debug.Mono|Win32.ActiveCfg = Debug|Any CPU
		{47B58366-342A-4699-9CF5-E13FB8F8B413}.Debug.Mono|x86.ActiveCfg = Debug|Any CPU
		{47B58366-342A-4699-9CF5-E13FB8F8B413}.Debug|.NET.ActiveCfg = Debug|Any CPU
		{47B58366-342A-4699-9CF5-E13FB8F8B413}.Debug|Any CPU.ActiveCfg = Debug|Any CPU
		{47B58366-342A-4699-9CF5-E13FB8F8B413}.Debug|Any CPU.Build.0 = Debug|Any CPU
		{47B58366-342A-4699-9CF5-E13FB8F8B413}.Debug|Mixed Platforms.ActiveCfg = Debug|Any CPU
		{47B58366-342A-4699-9CF5-E13FB8F8B413}.Debug|Mixed Platforms.Build.0 = Debug|Any CPU
		{47B58366-342A-4699-9CF5-E13FB8F8B413}.Debug|Mono.ActiveCfg = Debug|Any CPU
		{47B58366-342A-4699-9CF5-E13FB8F8B413}.Debug|Mono.Build.0 = Debug|Any CPU
		{47B58366-342A-4699-9CF5-E13FB8F8B413}.Debug|Win32.ActiveCfg = Debug|Any CPU
		{47B58366-342A-4699-9CF5-E13FB8F8B413}.Debug|x86.ActiveCfg = Debug|Any CPU
		{47B58366-342A-4699-9CF5-E13FB8F8B413}.Release|.NET.ActiveCfg = Release|Any CPU
		{47B58366-342A-4699-9CF5-E13FB8F8B413}.Release|Any CPU.ActiveCfg = Release|Any CPU
		{47B58366-342A-4699-9CF5-E13FB8F8B413}.Release|Any CPU.Build.0 = Release|Any CPU
		{47B58366-342A-4699-9CF5-E13FB8F8B413}.Release|Mixed Platforms.ActiveCfg = Release|Any CPU
		{47B58366-342A-4699-9CF5-E13FB8F8B413}.Release|Mixed Platforms.Build.0 = Release|Any CPU
		{47B58366-342A-4699-9CF5-E13FB8F8B413}.Release|Mono.ActiveCfg = Release|Any CPU
		{47B58366-342A-4699-9CF5-E13FB8F8B413}.Release|Mono.Build.0 = Release|Any CPU
		{47B58366-342A-4699-9CF5-E13FB8F8B413}.Release|Win32.ActiveCfg = Release|Any CPU
		{47B58366-342A-4699-9CF5-E13FB8F8B413}.Release|x86.ActiveCfg = Release|Any CPU
		{F98E5179-88E3-404E-83BE-54F0A3E7DBC0}.Debug.Mono|.NET.ActiveCfg = Debug|Any CPU
		{F98E5179-88E3-404E-83BE-54F0A3E7DBC0}.Debug.Mono|Any CPU.ActiveCfg = Debug|Any CPU
		{F98E5179-88E3-404E-83BE-54F0A3E7DBC0}.Debug.Mono|Any CPU.Build.0 = Debug|Any CPU
		{F98E5179-88E3-404E-83BE-54F0A3E7DBC0}.Debug.Mono|Mixed Platforms.ActiveCfg = Debug|Any CPU
		{F98E5179-88E3-404E-83BE-54F0A3E7DBC0}.Debug.Mono|Mixed Platforms.Build.0 = Debug|Any CPU
		{F98E5179-88E3-404E-83BE-54F0A3E7DBC0}.Debug.Mono|Mono.ActiveCfg = Debug|Any CPU
		{F98E5179-88E3-404E-83BE-54F0A3E7DBC0}.Debug.Mono|Win32.ActiveCfg = Debug|Any CPU
		{F98E5179-88E3-404E-83BE-54F0A3E7DBC0}.Debug.Mono|x86.ActiveCfg = Debug|Any CPU
		{F98E5179-88E3-404E-83BE-54F0A3E7DBC0}.Debug|.NET.ActiveCfg = Debug|Any CPU
		{F98E5179-88E3-404E-83BE-54F0A3E7DBC0}.Debug|Any CPU.ActiveCfg = Debug|Any CPU
		{F98E5179-88E3-404E-83BE-54F0A3E7DBC0}.Debug|Any CPU.Build.0 = Debug|Any CPU
		{F98E5179-88E3-404E-83BE-54F0A3E7DBC0}.Debug|Mixed Platforms.ActiveCfg = Debug|Any CPU
		{F98E5179-88E3-404E-83BE-54F0A3E7DBC0}.Debug|Mixed Platforms.Build.0 = Debug|Any CPU
		{F98E5179-88E3-404E-83BE-54F0A3E7DBC0}.Debug|Mono.ActiveCfg = Debug|Any CPU
		{F98E5179-88E3-404E-83BE-54F0A3E7DBC0}.Debug|Mono.Build.0 = Debug|Any CPU
		{F98E5179-88E3-404E-83BE-54F0A3E7DBC0}.Debug|Win32.ActiveCfg = Debug|Any CPU
		{F98E5179-88E3-404E-83BE-54F0A3E7DBC0}.Debug|x86.ActiveCfg = Debug|Any CPU
		{F98E5179-88E3-404E-83BE-54F0A3E7DBC0}.Release|.NET.ActiveCfg = Release|Any CPU
		{F98E5179-88E3-404E-83BE-54F0A3E7DBC0}.Release|Any CPU.ActiveCfg = Release|Any CPU
		{F98E5179-88E3-404E-83BE-54F0A3E7DBC0}.Release|Any CPU.Build.0 = Release|Any CPU
		{F98E5179-88E3-404E-83BE-54F0A3E7DBC0}.Release|Mixed Platforms.ActiveCfg = Release|Any CPU
		{F98E5179-88E3-404E-83BE-54F0A3E7DBC0}.Release|Mixed Platforms.Build.0 = Release|Any CPU
		{F98E5179-88E3-404E-83BE-54F0A3E7DBC0}.Release|Mono.ActiveCfg = Release|Any CPU
		{F98E5179-88E3-404E-83BE-54F0A3E7DBC0}.Release|Mono.Build.0 = Release|Any CPU
		{F98E5179-88E3-404E-83BE-54F0A3E7DBC0}.Release|Win32.ActiveCfg = Release|Any CPU
		{F98E5179-88E3-404E-83BE-54F0A3E7DBC0}.Release|x86.ActiveCfg = Release|Any CPU
		{74212D20-BB98-401F-A5F7-03669B2CD07A}.Debug.Mono|.NET.ActiveCfg = Debug|Any CPU
		{74212D20-BB98-401F-A5F7-03669B2CD07A}.Debug.Mono|Any CPU.ActiveCfg = Debug|Any CPU
		{74212D20-BB98-401F-A5F7-03669B2CD07A}.Debug.Mono|Any CPU.Build.0 = Debug|Any CPU
		{74212D20-BB98-401F-A5F7-03669B2CD07A}.Debug.Mono|Mixed Platforms.ActiveCfg = Debug|Any CPU
		{74212D20-BB98-401F-A5F7-03669B2CD07A}.Debug.Mono|Mixed Platforms.Build.0 = Debug|Any CPU
		{74212D20-BB98-401F-A5F7-03669B2CD07A}.Debug.Mono|Mono.ActiveCfg = Debug|Any CPU
		{74212D20-BB98-401F-A5F7-03669B2CD07A}.Debug.Mono|Win32.ActiveCfg = Debug|Any CPU
		{74212D20-BB98-401F-A5F7-03669B2CD07A}.Debug.Mono|x86.ActiveCfg = Debug|Any CPU
		{74212D20-BB98-401F-A5F7-03669B2CD07A}.Debug|.NET.ActiveCfg = Debug|Any CPU
		{74212D20-BB98-401F-A5F7-03669B2CD07A}.Debug|Any CPU.ActiveCfg = Debug|Any CPU
		{74212D20-BB98-401F-A5F7-03669B2CD07A}.Debug|Any CPU.Build.0 = Debug|Any CPU
		{74212D20-BB98-401F-A5F7-03669B2CD07A}.Debug|Mixed Platforms.ActiveCfg = Debug|Any CPU
		{74212D20-BB98-401F-A5F7-03669B2CD07A}.Debug|Mixed Platforms.Build.0 = Debug|Any CPU
		{74212D20-BB98-401F-A5F7-03669B2CD07A}.Debug|Mono.ActiveCfg = Debug|Any CPU
		{74212D20-BB98-401F-A5F7-03669B2CD07A}.Debug|Mono.Build.0 = Debug|Any CPU
		{74212D20-BB98-401F-A5F7-03669B2CD07A}.Debug|Win32.ActiveCfg = Debug|Any CPU
		{74212D20-BB98-401F-A5F7-03669B2CD07A}.Debug|x86.ActiveCfg = Debug|Any CPU
		{74212D20-BB98-401F-A5F7-03669B2CD07A}.Release|.NET.ActiveCfg = Release|Any CPU
		{74212D20-BB98-401F-A5F7-03669B2CD07A}.Release|Any CPU.ActiveCfg = Release|Any CPU
		{74212D20-BB98-401F-A5F7-03669B2CD07A}.Release|Any CPU.Build.0 = Release|Any CPU
		{74212D20-BB98-401F-A5F7-03669B2CD07A}.Release|Mixed Platforms.ActiveCfg = Release|Any CPU
		{74212D20-BB98-401F-A5F7-03669B2CD07A}.Release|Mixed Platforms.Build.0 = Release|Any CPU
		{74212D20-BB98-401F-A5F7-03669B2CD07A}.Release|Mono.ActiveCfg = Release|Any CPU
		{74212D20-BB98-401F-A5F7-03669B2CD07A}.Release|Mono.Build.0 = Release|Any CPU
		{74212D20-BB98-401F-A5F7-03669B2CD07A}.Release|Win32.ActiveCfg = Release|Any CPU
		{74212D20-BB98-401F-A5F7-03669B2CD07A}.Release|x86.ActiveCfg = Release|Any CPU
		{4964BBE5-F111-454F-86C1-766960A72396}.Debug.Mono|.NET.ActiveCfg = Debug|Any CPU
		{4964BBE5-F111-454F-86C1-766960A72396}.Debug.Mono|Any CPU.ActiveCfg = Debug|Any CPU
		{4964BBE5-F111-454F-86C1-766960A72396}.Debug.Mono|Any CPU.Build.0 = Debug|Any CPU
		{4964BBE5-F111-454F-86C1-766960A72396}.Debug.Mono|Mixed Platforms.ActiveCfg = Debug|Any CPU
		{4964BBE5-F111-454F-86C1-766960A72396}.Debug.Mono|Mixed Platforms.Build.0 = Debug|Any CPU
		{4964BBE5-F111-454F-86C1-766960A72396}.Debug.Mono|Mono.ActiveCfg = Debug|Any CPU
		{4964BBE5-F111-454F-86C1-766960A72396}.Debug.Mono|Win32.ActiveCfg = Debug|Any CPU
		{4964BBE5-F111-454F-86C1-766960A72396}.Debug.Mono|x86.ActiveCfg = Debug|Any CPU
		{4964BBE5-F111-454F-86C1-766960A72396}.Debug|.NET.ActiveCfg = Debug|Any CPU
		{4964BBE5-F111-454F-86C1-766960A72396}.Debug|Any CPU.ActiveCfg = Debug|Any CPU
		{4964BBE5-F111-454F-86C1-766960A72396}.Debug|Any CPU.Build.0 = Debug|Any CPU
		{4964BBE5-F111-454F-86C1-766960A72396}.Debug|Mixed Platforms.ActiveCfg = Debug|Any CPU
		{4964BBE5-F111-454F-86C1-766960A72396}.Debug|Mixed Platforms.Build.0 = Debug|Any CPU
		{4964BBE5-F111-454F-86C1-766960A72396}.Debug|Mono.ActiveCfg = Debug|Any CPU
		{4964BBE5-F111-454F-86C1-766960A72396}.Debug|Mono.Build.0 = Debug|Any CPU
		{4964BBE5-F111-454F-86C1-766960A72396}.Debug|Win32.ActiveCfg = Debug|Any CPU
		{4964BBE5-F111-454F-86C1-766960A72396}.Debug|x86.ActiveCfg = Debug|Any CPU
		{4964BBE5-F111-454F-86C1-766960A72396}.Release|.NET.ActiveCfg = Release|Any CPU
		{4964BBE5-F111-454F-86C1-766960A72396}.Release|Any CPU.ActiveCfg = Release|Any CPU
		{4964BBE5-F111-454F-86C1-766960A72396}.Release|Any CPU.Build.0 = Release|Any CPU
		{4964BBE5-F111-454F-86C1-766960A72396}.Release|Mixed Platforms.ActiveCfg = Release|Any CPU
		{4964BBE5-F111-454F-86C1-766960A72396}.Release|Mixed Platforms.Build.0 = Release|Any CPU
		{4964BBE5-F111-454F-86C1-766960A72396}.Release|Mono.ActiveCfg = Release|Any CPU
		{4964BBE5-F111-454F-86C1-766960A72396}.Release|Mono.Build.0 = Release|Any CPU
		{4964BBE5-F111-454F-86C1-766960A72396}.Release|Win32.ActiveCfg = Release|Any CPU
		{4964BBE5-F111-454F-86C1-766960A72396}.Release|x86.ActiveCfg = Release|Any CPU
		{51186183-BEEA-4B6D-8865-B7070EFCA126}.Debug.Mono|.NET.ActiveCfg = Debug|Any CPU
		{51186183-BEEA-4B6D-8865-B7070EFCA126}.Debug.Mono|Any CPU.ActiveCfg = Debug|Any CPU
		{51186183-BEEA-4B6D-8865-B7070EFCA126}.Debug.Mono|Any CPU.Build.0 = Debug|Any CPU
		{51186183-BEEA-4B6D-8865-B7070EFCA126}.Debug.Mono|Mixed Platforms.ActiveCfg = Debug|Any CPU
		{51186183-BEEA-4B6D-8865-B7070EFCA126}.Debug.Mono|Mixed Platforms.Build.0 = Debug|Any CPU
		{51186183-BEEA-4B6D-8865-B7070EFCA126}.Debug.Mono|Mono.ActiveCfg = Debug|Any CPU
		{51186183-BEEA-4B6D-8865-B7070EFCA126}.Debug.Mono|Win32.ActiveCfg = Debug|Any CPU
		{51186183-BEEA-4B6D-8865-B7070EFCA126}.Debug.Mono|x86.ActiveCfg = Debug|Any CPU
		{51186183-BEEA-4B6D-8865-B7070EFCA126}.Debug|.NET.ActiveCfg = Debug|Any CPU
		{51186183-BEEA-4B6D-8865-B7070EFCA126}.Debug|Any CPU.ActiveCfg = Debug|Any CPU
		{51186183-BEEA-4B6D-8865-B7070EFCA126}.Debug|Any CPU.Build.0 = Debug|Any CPU
		{51186183-BEEA-4B6D-8865-B7070EFCA126}.Debug|Mixed Platforms.ActiveCfg = Debug|Any CPU
		{51186183-BEEA-4B6D-8865-B7070EFCA126}.Debug|Mixed Platforms.Build.0 = Debug|Any CPU
		{51186183-BEEA-4B6D-8865-B7070EFCA126}.Debug|Mono.ActiveCfg = Debug|Any CPU
		{51186183-BEEA-4B6D-8865-B7070EFCA126}.Debug|Mono.Build.0 = Debug|Any CPU
		{51186183-BEEA-4B6D-8865-B7070EFCA126}.Debug|Win32.ActiveCfg = Debug|Any CPU
		{51186183-BEEA-4B6D-8865-B7070EFCA126}.Debug|x86.ActiveCfg = Debug|Any CPU
		{51186183-BEEA-4B6D-8865-B7070EFCA126}.Release|.NET.ActiveCfg = Release|Any CPU
		{51186183-BEEA-4B6D-8865-B7070EFCA126}.Release|Any CPU.ActiveCfg = Release|Any CPU
		{51186183-BEEA-4B6D-8865-B7070EFCA126}.Release|Any CPU.Build.0 = Release|Any CPU
		{51186183-BEEA-4B6D-8865-B7070EFCA126}.Release|Mixed Platforms.ActiveCfg = Release|Any CPU
		{51186183-BEEA-4B6D-8865-B7070EFCA126}.Release|Mixed Platforms.Build.0 = Release|Any CPU
		{51186183-BEEA-4B6D-8865-B7070EFCA126}.Release|Mono.ActiveCfg = Release|Any CPU
		{51186183-BEEA-4B6D-8865-B7070EFCA126}.Release|Mono.Build.0 = Release|Any CPU
		{51186183-BEEA-4B6D-8865-B7070EFCA126}.Release|Win32.ActiveCfg = Release|Any CPU
		{51186183-BEEA-4B6D-8865-B7070EFCA126}.Release|x86.ActiveCfg = Release|Any CPU
		{D51844A7-91FC-405B-B25C-497AE9856548}.Debug.Mono|.NET.ActiveCfg = Debug|x86
		{D51844A7-91FC-405B-B25C-497AE9856548}.Debug.Mono|Any CPU.ActiveCfg = Debug|x86
		{D51844A7-91FC-405B-B25C-497AE9856548}.Debug.Mono|Mixed Platforms.ActiveCfg = Debug|x86
		{D51844A7-91FC-405B-B25C-497AE9856548}.Debug.Mono|Mixed Platforms.Build.0 = Debug|x86
		{D51844A7-91FC-405B-B25C-497AE9856548}.Debug.Mono|Mono.ActiveCfg = Debug|x86
		{D51844A7-91FC-405B-B25C-497AE9856548}.Debug.Mono|Win32.ActiveCfg = Debug|x86
		{D51844A7-91FC-405B-B25C-497AE9856548}.Debug.Mono|Win32.Build.0 = Debug|x86
		{D51844A7-91FC-405B-B25C-497AE9856548}.Debug.Mono|x86.ActiveCfg = Debug|x86
		{D51844A7-91FC-405B-B25C-497AE9856548}.Debug.Mono|x86.Build.0 = Debug|x86
		{D51844A7-91FC-405B-B25C-497AE9856548}.Debug|.NET.ActiveCfg = Debug|x86
		{D51844A7-91FC-405B-B25C-497AE9856548}.Debug|Any CPU.ActiveCfg = Debug|x86
		{D51844A7-91FC-405B-B25C-497AE9856548}.Debug|Mixed Platforms.ActiveCfg = Debug|x86
		{D51844A7-91FC-405B-B25C-497AE9856548}.Debug|Mono.ActiveCfg = Debug|x86
		{D51844A7-91FC-405B-B25C-497AE9856548}.Debug|Win32.ActiveCfg = Debug|x86
		{D51844A7-91FC-405B-B25C-497AE9856548}.Debug|x86.ActiveCfg = Debug|x86
		{D51844A7-91FC-405B-B25C-497AE9856548}.Debug|x86.Build.0 = Debug|x86
		{D51844A7-91FC-405B-B25C-497AE9856548}.Release|.NET.ActiveCfg = Release|x86
		{D51844A7-91FC-405B-B25C-497AE9856548}.Release|Any CPU.ActiveCfg = Release|x86
		{D51844A7-91FC-405B-B25C-497AE9856548}.Release|Mixed Platforms.ActiveCfg = Release|x86
		{D51844A7-91FC-405B-B25C-497AE9856548}.Release|Mixed Platforms.Build.0 = Release|x86
		{D51844A7-91FC-405B-B25C-497AE9856548}.Release|Mono.ActiveCfg = Release|x86
		{D51844A7-91FC-405B-B25C-497AE9856548}.Release|Win32.ActiveCfg = Release|x86
		{D51844A7-91FC-405B-B25C-497AE9856548}.Release|x86.ActiveCfg = Release|x86
		{D51844A7-91FC-405B-B25C-497AE9856548}.Release|x86.Build.0 = Release|x86
		{EBE4DA5E-1E87-4071-B8A3-EC6096B35B31}.Debug.Mono|.NET.ActiveCfg = Debug|Any CPU
		{EBE4DA5E-1E87-4071-B8A3-EC6096B35B31}.Debug.Mono|Any CPU.ActiveCfg = Debug|Any CPU
		{EBE4DA5E-1E87-4071-B8A3-EC6096B35B31}.Debug.Mono|Any CPU.Build.0 = Debug|Any CPU
		{EBE4DA5E-1E87-4071-B8A3-EC6096B35B31}.Debug.Mono|Mixed Platforms.ActiveCfg = Debug|x86
		{EBE4DA5E-1E87-4071-B8A3-EC6096B35B31}.Debug.Mono|Mixed Platforms.Build.0 = Debug|x86
		{EBE4DA5E-1E87-4071-B8A3-EC6096B35B31}.Debug.Mono|Mono.ActiveCfg = Debug|Any CPU
		{EBE4DA5E-1E87-4071-B8A3-EC6096B35B31}.Debug.Mono|Win32.ActiveCfg = Debug|x86
		{EBE4DA5E-1E87-4071-B8A3-EC6096B35B31}.Debug.Mono|Win32.Build.0 = Debug|x86
		{EBE4DA5E-1E87-4071-B8A3-EC6096B35B31}.Debug.Mono|x86.ActiveCfg = Debug|x86
		{EBE4DA5E-1E87-4071-B8A3-EC6096B35B31}.Debug.Mono|x86.Build.0 = Debug|x86
		{EBE4DA5E-1E87-4071-B8A3-EC6096B35B31}.Debug|.NET.ActiveCfg = Debug|x86
		{EBE4DA5E-1E87-4071-B8A3-EC6096B35B31}.Debug|Any CPU.ActiveCfg = Debug|x86
		{EBE4DA5E-1E87-4071-B8A3-EC6096B35B31}.Debug|Mixed Platforms.ActiveCfg = Debug|Any CPU
		{EBE4DA5E-1E87-4071-B8A3-EC6096B35B31}.Debug|Mixed Platforms.Build.0 = Debug|Any CPU
		{EBE4DA5E-1E87-4071-B8A3-EC6096B35B31}.Debug|Mono.ActiveCfg = Debug|x86
		{EBE4DA5E-1E87-4071-B8A3-EC6096B35B31}.Debug|Win32.ActiveCfg = Debug|x86
		{EBE4DA5E-1E87-4071-B8A3-EC6096B35B31}.Debug|x86.ActiveCfg = Debug|x86
		{EBE4DA5E-1E87-4071-B8A3-EC6096B35B31}.Debug|x86.Build.0 = Debug|x86
		{EBE4DA5E-1E87-4071-B8A3-EC6096B35B31}.Release|.NET.ActiveCfg = Release|x86
		{EBE4DA5E-1E87-4071-B8A3-EC6096B35B31}.Release|Any CPU.ActiveCfg = Release|x86
		{EBE4DA5E-1E87-4071-B8A3-EC6096B35B31}.Release|Mixed Platforms.ActiveCfg = Release|Any CPU
		{EBE4DA5E-1E87-4071-B8A3-EC6096B35B31}.Release|Mixed Platforms.Build.0 = Release|Any CPU
		{EBE4DA5E-1E87-4071-B8A3-EC6096B35B31}.Release|Mono.ActiveCfg = Release|x86
		{EBE4DA5E-1E87-4071-B8A3-EC6096B35B31}.Release|Win32.ActiveCfg = Release|x86
		{EBE4DA5E-1E87-4071-B8A3-EC6096B35B31}.Release|x86.ActiveCfg = Release|x86
		{EBE4DA5E-1E87-4071-B8A3-EC6096B35B31}.Release|x86.Build.0 = Release|x86
		{24E1E816-D9CD-47B8-96B6-619EAF3379C6}.Debug.Mono|.NET.ActiveCfg = Debug|Any CPU
		{24E1E816-D9CD-47B8-96B6-619EAF3379C6}.Debug.Mono|Any CPU.ActiveCfg = Debug|Any CPU
		{24E1E816-D9CD-47B8-96B6-619EAF3379C6}.Debug.Mono|Any CPU.Build.0 = Debug|Any CPU
		{24E1E816-D9CD-47B8-96B6-619EAF3379C6}.Debug.Mono|Mixed Platforms.ActiveCfg = Debug|Any CPU
		{24E1E816-D9CD-47B8-96B6-619EAF3379C6}.Debug.Mono|Mixed Platforms.Build.0 = Debug|Any CPU
		{24E1E816-D9CD-47B8-96B6-619EAF3379C6}.Debug.Mono|Mono.ActiveCfg = Debug|Any CPU
		{24E1E816-D9CD-47B8-96B6-619EAF3379C6}.Debug.Mono|Win32.ActiveCfg = Debug|Any CPU
		{24E1E816-D9CD-47B8-96B6-619EAF3379C6}.Debug.Mono|x86.ActiveCfg = Debug|Any CPU
		{24E1E816-D9CD-47B8-96B6-619EAF3379C6}.Debug|.NET.ActiveCfg = Debug|Any CPU
		{24E1E816-D9CD-47B8-96B6-619EAF3379C6}.Debug|Any CPU.ActiveCfg = Debug|Any CPU
		{24E1E816-D9CD-47B8-96B6-619EAF3379C6}.Debug|Any CPU.Build.0 = Debug|Any CPU
		{24E1E816-D9CD-47B8-96B6-619EAF3379C6}.Debug|Mixed Platforms.ActiveCfg = Debug|Any CPU
		{24E1E816-D9CD-47B8-96B6-619EAF3379C6}.Debug|Mixed Platforms.Build.0 = Debug|Any CPU
		{24E1E816-D9CD-47B8-96B6-619EAF3379C6}.Debug|Mono.ActiveCfg = Debug|Any CPU
		{24E1E816-D9CD-47B8-96B6-619EAF3379C6}.Debug|Mono.Build.0 = Debug|Any CPU
		{24E1E816-D9CD-47B8-96B6-619EAF3379C6}.Debug|Win32.ActiveCfg = Debug|Any CPU
		{24E1E816-D9CD-47B8-96B6-619EAF3379C6}.Debug|x86.ActiveCfg = Debug|Any CPU
		{24E1E816-D9CD-47B8-96B6-619EAF3379C6}.Release|.NET.ActiveCfg = Release|Any CPU
		{24E1E816-D9CD-47B8-96B6-619EAF3379C6}.Release|Any CPU.ActiveCfg = Release|Any CPU
		{24E1E816-D9CD-47B8-96B6-619EAF3379C6}.Release|Any CPU.Build.0 = Release|Any CPU
		{24E1E816-D9CD-47B8-96B6-619EAF3379C6}.Release|Mixed Platforms.ActiveCfg = Release|Any CPU
		{24E1E816-D9CD-47B8-96B6-619EAF3379C6}.Release|Mixed Platforms.Build.0 = Release|Any CPU
		{24E1E816-D9CD-47B8-96B6-619EAF3379C6}.Release|Mono.ActiveCfg = Release|Any CPU
		{24E1E816-D9CD-47B8-96B6-619EAF3379C6}.Release|Mono.Build.0 = Release|Any CPU
		{24E1E816-D9CD-47B8-96B6-619EAF3379C6}.Release|Win32.ActiveCfg = Release|Any CPU
		{24E1E816-D9CD-47B8-96B6-619EAF3379C6}.Release|x86.ActiveCfg = Release|Any CPU
		{895FDF74-8A3F-475B-B28D-B88BAB9C941E}.Debug.Mono|.NET.ActiveCfg = Debug.Mono|Any CPU
		{895FDF74-8A3F-475B-B28D-B88BAB9C941E}.Debug.Mono|Any CPU.ActiveCfg = Debug.Mono|Any CPU
		{895FDF74-8A3F-475B-B28D-B88BAB9C941E}.Debug.Mono|Any CPU.Build.0 = Debug.Mono|Any CPU
		{895FDF74-8A3F-475B-B28D-B88BAB9C941E}.Debug.Mono|Mixed Platforms.ActiveCfg = Debug.Mono|Any CPU
		{895FDF74-8A3F-475B-B28D-B88BAB9C941E}.Debug.Mono|Mixed Platforms.Build.0 = Debug.Mono|Any CPU
		{895FDF74-8A3F-475B-B28D-B88BAB9C941E}.Debug.Mono|Mono.ActiveCfg = Debug.Mono|Any CPU
		{895FDF74-8A3F-475B-B28D-B88BAB9C941E}.Debug.Mono|Win32.ActiveCfg = Debug.Mono|Any CPU
		{895FDF74-8A3F-475B-B28D-B88BAB9C941E}.Debug.Mono|x86.ActiveCfg = Debug.Mono|Any CPU
		{895FDF74-8A3F-475B-B28D-B88BAB9C941E}.Debug|.NET.ActiveCfg = Debug|Any CPU
		{895FDF74-8A3F-475B-B28D-B88BAB9C941E}.Debug|Any CPU.ActiveCfg = Debug|Any CPU
		{895FDF74-8A3F-475B-B28D-B88BAB9C941E}.Debug|Any CPU.Build.0 = Debug|Any CPU
		{895FDF74-8A3F-475B-B28D-B88BAB9C941E}.Debug|Mixed Platforms.ActiveCfg = Debug|Any CPU
		{895FDF74-8A3F-475B-B28D-B88BAB9C941E}.Debug|Mixed Platforms.Build.0 = Debug|Any CPU
		{895FDF74-8A3F-475B-B28D-B88BAB9C941E}.Debug|Mono.ActiveCfg = Debug|Any CPU
		{895FDF74-8A3F-475B-B28D-B88BAB9C941E}.Debug|Mono.Build.0 = Debug|Any CPU
		{895FDF74-8A3F-475B-B28D-B88BAB9C941E}.Debug|Win32.ActiveCfg = Debug|Any CPU
		{895FDF74-8A3F-475B-B28D-B88BAB9C941E}.Debug|x86.ActiveCfg = Debug|Any CPU
		{895FDF74-8A3F-475B-B28D-B88BAB9C941E}.Release|.NET.ActiveCfg = Release|Any CPU
		{895FDF74-8A3F-475B-B28D-B88BAB9C941E}.Release|Any CPU.ActiveCfg = Release|Any CPU
		{895FDF74-8A3F-475B-B28D-B88BAB9C941E}.Release|Any CPU.Build.0 = Release|Any CPU
		{895FDF74-8A3F-475B-B28D-B88BAB9C941E}.Release|Mixed Platforms.ActiveCfg = Release|Any CPU
		{895FDF74-8A3F-475B-B28D-B88BAB9C941E}.Release|Mixed Platforms.Build.0 = Release|Any CPU
		{895FDF74-8A3F-475B-B28D-B88BAB9C941E}.Release|Mono.ActiveCfg = Release|Any CPU
		{895FDF74-8A3F-475B-B28D-B88BAB9C941E}.Release|Mono.Build.0 = Release|Any CPU
		{895FDF74-8A3F-475B-B28D-B88BAB9C941E}.Release|Win32.ActiveCfg = Release|Any CPU
		{895FDF74-8A3F-475B-B28D-B88BAB9C941E}.Release|x86.ActiveCfg = Release|Any CPU
		{37B2453E-5D68-4920-98D3-476BA76DF900}.Debug.Mono|.NET.ActiveCfg = Debug.Mono|Any CPU
		{37B2453E-5D68-4920-98D3-476BA76DF900}.Debug.Mono|Any CPU.ActiveCfg = Debug.Mono|Any CPU
		{37B2453E-5D68-4920-98D3-476BA76DF900}.Debug.Mono|Any CPU.Build.0 = Debug.Mono|Any CPU
		{37B2453E-5D68-4920-98D3-476BA76DF900}.Debug.Mono|Mixed Platforms.ActiveCfg = Debug.Mono|Any CPU
		{37B2453E-5D68-4920-98D3-476BA76DF900}.Debug.Mono|Mixed Platforms.Build.0 = Debug.Mono|Any CPU
		{37B2453E-5D68-4920-98D3-476BA76DF900}.Debug.Mono|Mono.ActiveCfg = Debug.Mono|Any CPU
		{37B2453E-5D68-4920-98D3-476BA76DF900}.Debug.Mono|Win32.ActiveCfg = Debug.Mono|Any CPU
		{37B2453E-5D68-4920-98D3-476BA76DF900}.Debug.Mono|x86.ActiveCfg = Debug.Mono|Any CPU
		{37B2453E-5D68-4920-98D3-476BA76DF900}.Debug|.NET.ActiveCfg = Debug|Any CPU
		{37B2453E-5D68-4920-98D3-476BA76DF900}.Debug|Any CPU.ActiveCfg = Debug|Any CPU
		{37B2453E-5D68-4920-98D3-476BA76DF900}.Debug|Any CPU.Build.0 = Debug|Any CPU
		{37B2453E-5D68-4920-98D3-476BA76DF900}.Debug|Mixed Platforms.ActiveCfg = Debug|Any CPU
		{37B2453E-5D68-4920-98D3-476BA76DF900}.Debug|Mixed Platforms.Build.0 = Debug|Any CPU
		{37B2453E-5D68-4920-98D3-476BA76DF900}.Debug|Mono.ActiveCfg = Debug|Any CPU
		{37B2453E-5D68-4920-98D3-476BA76DF900}.Debug|Win32.ActiveCfg = Debug|Any CPU
		{37B2453E-5D68-4920-98D3-476BA76DF900}.Debug|x86.ActiveCfg = Debug|Any CPU
		{37B2453E-5D68-4920-98D3-476BA76DF900}.Release|.NET.ActiveCfg = Release|Any CPU
		{37B2453E-5D68-4920-98D3-476BA76DF900}.Release|Any CPU.ActiveCfg = Release|Any CPU
		{37B2453E-5D68-4920-98D3-476BA76DF900}.Release|Any CPU.Build.0 = Release|Any CPU
		{37B2453E-5D68-4920-98D3-476BA76DF900}.Release|Mixed Platforms.ActiveCfg = Release|Any CPU
		{37B2453E-5D68-4920-98D3-476BA76DF900}.Release|Mixed Platforms.Build.0 = Release|Any CPU
		{37B2453E-5D68-4920-98D3-476BA76DF900}.Release|Mono.ActiveCfg = Release|Any CPU
		{37B2453E-5D68-4920-98D3-476BA76DF900}.Release|Win32.ActiveCfg = Release|Any CPU
		{37B2453E-5D68-4920-98D3-476BA76DF900}.Release|x86.ActiveCfg = Release|Any CPU
		{6EC5979C-CDC3-4F01-8527-344A3307D642}.Debug.Mono|.NET.ActiveCfg = Debug.Mono|Any CPU
		{6EC5979C-CDC3-4F01-8527-344A3307D642}.Debug.Mono|Any CPU.ActiveCfg = Debug.Mono|Any CPU
		{6EC5979C-CDC3-4F01-8527-344A3307D642}.Debug.Mono|Any CPU.Build.0 = Debug.Mono|Any CPU
		{6EC5979C-CDC3-4F01-8527-344A3307D642}.Debug.Mono|Mixed Platforms.ActiveCfg = Debug.Mono|Any CPU
		{6EC5979C-CDC3-4F01-8527-344A3307D642}.Debug.Mono|Mixed Platforms.Build.0 = Debug.Mono|Any CPU
		{6EC5979C-CDC3-4F01-8527-344A3307D642}.Debug.Mono|Mono.ActiveCfg = Debug.Mono|Any CPU
		{6EC5979C-CDC3-4F01-8527-344A3307D642}.Debug.Mono|Win32.ActiveCfg = Debug.Mono|Any CPU
		{6EC5979C-CDC3-4F01-8527-344A3307D642}.Debug.Mono|x86.ActiveCfg = Debug.Mono|Any CPU
		{6EC5979C-CDC3-4F01-8527-344A3307D642}.Debug|.NET.ActiveCfg = Debug|Any CPU
		{6EC5979C-CDC3-4F01-8527-344A3307D642}.Debug|Any CPU.ActiveCfg = Debug|Any CPU
		{6EC5979C-CDC3-4F01-8527-344A3307D642}.Debug|Any CPU.Build.0 = Debug|Any CPU
		{6EC5979C-CDC3-4F01-8527-344A3307D642}.Debug|Mixed Platforms.ActiveCfg = Debug|Any CPU
		{6EC5979C-CDC3-4F01-8527-344A3307D642}.Debug|Mixed Platforms.Build.0 = Debug|Any CPU
		{6EC5979C-CDC3-4F01-8527-344A3307D642}.Debug|Mono.ActiveCfg = Debug|Any CPU
		{6EC5979C-CDC3-4F01-8527-344A3307D642}.Debug|Win32.ActiveCfg = Debug|Any CPU
		{6EC5979C-CDC3-4F01-8527-344A3307D642}.Debug|x86.ActiveCfg = Debug|Any CPU
		{6EC5979C-CDC3-4F01-8527-344A3307D642}.Release|.NET.ActiveCfg = Release|Any CPU
		{6EC5979C-CDC3-4F01-8527-344A3307D642}.Release|Any CPU.ActiveCfg = Release|Any CPU
		{6EC5979C-CDC3-4F01-8527-344A3307D642}.Release|Any CPU.Build.0 = Release|Any CPU
		{6EC5979C-CDC3-4F01-8527-344A3307D642}.Release|Mixed Platforms.ActiveCfg = Release|Any CPU
		{6EC5979C-CDC3-4F01-8527-344A3307D642}.Release|Mixed Platforms.Build.0 = Release|Any CPU
		{6EC5979C-CDC3-4F01-8527-344A3307D642}.Release|Mono.ActiveCfg = Release|Any CPU
		{6EC5979C-CDC3-4F01-8527-344A3307D642}.Release|Win32.ActiveCfg = Release|Any CPU
		{6EC5979C-CDC3-4F01-8527-344A3307D642}.Release|x86.ActiveCfg = Release|Any CPU
		{EDDB494D-782D-4D45-8599-633057B9B203}.Debug.Mono|.NET.ActiveCfg = Debug|Any CPU
		{EDDB494D-782D-4D45-8599-633057B9B203}.Debug.Mono|Any CPU.ActiveCfg = Debug|Any CPU
		{EDDB494D-782D-4D45-8599-633057B9B203}.Debug.Mono|Any CPU.Build.0 = Debug|Any CPU
		{EDDB494D-782D-4D45-8599-633057B9B203}.Debug.Mono|Mixed Platforms.ActiveCfg = Debug|Any CPU
		{EDDB494D-782D-4D45-8599-633057B9B203}.Debug.Mono|Mixed Platforms.Build.0 = Debug|Any CPU
		{EDDB494D-782D-4D45-8599-633057B9B203}.Debug.Mono|Mono.ActiveCfg = Debug|Any CPU
		{EDDB494D-782D-4D45-8599-633057B9B203}.Debug.Mono|Win32.ActiveCfg = Debug|Any CPU
		{EDDB494D-782D-4D45-8599-633057B9B203}.Debug.Mono|x86.ActiveCfg = Debug|Any CPU
		{EDDB494D-782D-4D45-8599-633057B9B203}.Debug|.NET.ActiveCfg = Debug|Any CPU
		{EDDB494D-782D-4D45-8599-633057B9B203}.Debug|Any CPU.ActiveCfg = Debug|Any CPU
		{EDDB494D-782D-4D45-8599-633057B9B203}.Debug|Any CPU.Build.0 = Debug|Any CPU
		{EDDB494D-782D-4D45-8599-633057B9B203}.Debug|Mixed Platforms.ActiveCfg = Debug|Any CPU
		{EDDB494D-782D-4D45-8599-633057B9B203}.Debug|Mixed Platforms.Build.0 = Debug|Any CPU
		{EDDB494D-782D-4D45-8599-633057B9B203}.Debug|Mono.ActiveCfg = Debug|Any CPU
		{EDDB494D-782D-4D45-8599-633057B9B203}.Debug|Mono.Build.0 = Debug|Any CPU
		{EDDB494D-782D-4D45-8599-633057B9B203}.Debug|Win32.ActiveCfg = Debug|Any CPU
		{EDDB494D-782D-4D45-8599-633057B9B203}.Debug|x86.ActiveCfg = Debug|Any CPU
		{EDDB494D-782D-4D45-8599-633057B9B203}.Release|.NET.ActiveCfg = Release|Any CPU
		{EDDB494D-782D-4D45-8599-633057B9B203}.Release|Any CPU.ActiveCfg = Release|Any CPU
		{EDDB494D-782D-4D45-8599-633057B9B203}.Release|Any CPU.Build.0 = Release|Any CPU
		{EDDB494D-782D-4D45-8599-633057B9B203}.Release|Mixed Platforms.ActiveCfg = Release|Any CPU
		{EDDB494D-782D-4D45-8599-633057B9B203}.Release|Mixed Platforms.Build.0 = Release|Any CPU
		{EDDB494D-782D-4D45-8599-633057B9B203}.Release|Mono.ActiveCfg = Release|Any CPU
		{EDDB494D-782D-4D45-8599-633057B9B203}.Release|Mono.Build.0 = Release|Any CPU
		{EDDB494D-782D-4D45-8599-633057B9B203}.Release|Win32.ActiveCfg = Release|Any CPU
		{EDDB494D-782D-4D45-8599-633057B9B203}.Release|x86.ActiveCfg = Release|Any CPU
		{F9F2357B-981F-4048-96C5-315EE3872276}.Debug.Mono|.NET.ActiveCfg = Debug|Any CPU
		{F9F2357B-981F-4048-96C5-315EE3872276}.Debug.Mono|Any CPU.ActiveCfg = Debug|Any CPU
		{F9F2357B-981F-4048-96C5-315EE3872276}.Debug.Mono|Any CPU.Build.0 = Debug|Any CPU
		{F9F2357B-981F-4048-96C5-315EE3872276}.Debug.Mono|Mixed Platforms.ActiveCfg = Debug|Any CPU
		{F9F2357B-981F-4048-96C5-315EE3872276}.Debug.Mono|Mixed Platforms.Build.0 = Debug|Any CPU
		{F9F2357B-981F-4048-96C5-315EE3872276}.Debug.Mono|Mono.ActiveCfg = Debug|Any CPU
		{F9F2357B-981F-4048-96C5-315EE3872276}.Debug.Mono|Win32.ActiveCfg = Debug|Any CPU
		{F9F2357B-981F-4048-96C5-315EE3872276}.Debug.Mono|x86.ActiveCfg = Debug|Any CPU
		{F9F2357B-981F-4048-96C5-315EE3872276}.Debug|.NET.ActiveCfg = Debug|Any CPU
		{F9F2357B-981F-4048-96C5-315EE3872276}.Debug|Any CPU.ActiveCfg = Debug|Any CPU
		{F9F2357B-981F-4048-96C5-315EE3872276}.Debug|Any CPU.Build.0 = Debug|Any CPU
		{F9F2357B-981F-4048-96C5-315EE3872276}.Debug|Mixed Platforms.ActiveCfg = Debug|Any CPU
		{F9F2357B-981F-4048-96C5-315EE3872276}.Debug|Mixed Platforms.Build.0 = Debug|Any CPU
		{F9F2357B-981F-4048-96C5-315EE3872276}.Debug|Mono.ActiveCfg = Debug|Any CPU
		{F9F2357B-981F-4048-96C5-315EE3872276}.Debug|Win32.ActiveCfg = Debug|Any CPU
		{F9F2357B-981F-4048-96C5-315EE3872276}.Debug|x86.ActiveCfg = Debug|Any CPU
		{F9F2357B-981F-4048-96C5-315EE3872276}.Release|.NET.ActiveCfg = Release|Any CPU
		{F9F2357B-981F-4048-96C5-315EE3872276}.Release|Any CPU.ActiveCfg = Release|Any CPU
		{F9F2357B-981F-4048-96C5-315EE3872276}.Release|Any CPU.Build.0 = Release|Any CPU
		{F9F2357B-981F-4048-96C5-315EE3872276}.Release|Mixed Platforms.ActiveCfg = Release|Any CPU
		{F9F2357B-981F-4048-96C5-315EE3872276}.Release|Mixed Platforms.Build.0 = Release|Any CPU
		{F9F2357B-981F-4048-96C5-315EE3872276}.Release|Mono.ActiveCfg = Release|Any CPU
		{F9F2357B-981F-4048-96C5-315EE3872276}.Release|Win32.ActiveCfg = Release|Any CPU
		{F9F2357B-981F-4048-96C5-315EE3872276}.Release|x86.ActiveCfg = Release|Any CPU
		{9F79A89C-BA9C-4EC2-99D9-EA4FB42F59AD}.Debug.Mono|.NET.ActiveCfg = Debug|Any CPU
		{9F79A89C-BA9C-4EC2-99D9-EA4FB42F59AD}.Debug.Mono|Any CPU.ActiveCfg = Debug|Any CPU
		{9F79A89C-BA9C-4EC2-99D9-EA4FB42F59AD}.Debug.Mono|Any CPU.Build.0 = Debug|Any CPU
		{9F79A89C-BA9C-4EC2-99D9-EA4FB42F59AD}.Debug.Mono|Mixed Platforms.ActiveCfg = Debug|Any CPU
		{9F79A89C-BA9C-4EC2-99D9-EA4FB42F59AD}.Debug.Mono|Mixed Platforms.Build.0 = Debug|Any CPU
		{9F79A89C-BA9C-4EC2-99D9-EA4FB42F59AD}.Debug.Mono|Mono.ActiveCfg = Debug|Any CPU
		{9F79A89C-BA9C-4EC2-99D9-EA4FB42F59AD}.Debug.Mono|Win32.ActiveCfg = Debug|Any CPU
		{9F79A89C-BA9C-4EC2-99D9-EA4FB42F59AD}.Debug.Mono|x86.ActiveCfg = Debug|Any CPU
		{9F79A89C-BA9C-4EC2-99D9-EA4FB42F59AD}.Debug|.NET.ActiveCfg = Debug|Any CPU
		{9F79A89C-BA9C-4EC2-99D9-EA4FB42F59AD}.Debug|Any CPU.ActiveCfg = Debug|Any CPU
		{9F79A89C-BA9C-4EC2-99D9-EA4FB42F59AD}.Debug|Any CPU.Build.0 = Debug|Any CPU
		{9F79A89C-BA9C-4EC2-99D9-EA4FB42F59AD}.Debug|Mixed Platforms.ActiveCfg = Debug|Any CPU
		{9F79A89C-BA9C-4EC2-99D9-EA4FB42F59AD}.Debug|Mixed Platforms.Build.0 = Debug|Any CPU
		{9F79A89C-BA9C-4EC2-99D9-EA4FB42F59AD}.Debug|Mono.ActiveCfg = Debug|Any CPU
		{9F79A89C-BA9C-4EC2-99D9-EA4FB42F59AD}.Debug|Win32.ActiveCfg = Debug|Any CPU
		{9F79A89C-BA9C-4EC2-99D9-EA4FB42F59AD}.Debug|x86.ActiveCfg = Debug|Any CPU
		{9F79A89C-BA9C-4EC2-99D9-EA4FB42F59AD}.Release|.NET.ActiveCfg = Release|Any CPU
		{9F79A89C-BA9C-4EC2-99D9-EA4FB42F59AD}.Release|Any CPU.ActiveCfg = Release|Any CPU
		{9F79A89C-BA9C-4EC2-99D9-EA4FB42F59AD}.Release|Any CPU.Build.0 = Release|Any CPU
		{9F79A89C-BA9C-4EC2-99D9-EA4FB42F59AD}.Release|Mixed Platforms.ActiveCfg = Release|Any CPU
		{9F79A89C-BA9C-4EC2-99D9-EA4FB42F59AD}.Release|Mixed Platforms.Build.0 = Release|Any CPU
		{9F79A89C-BA9C-4EC2-99D9-EA4FB42F59AD}.Release|Mono.ActiveCfg = Release|Any CPU
		{9F79A89C-BA9C-4EC2-99D9-EA4FB42F59AD}.Release|Win32.ActiveCfg = Release|Any CPU
		{9F79A89C-BA9C-4EC2-99D9-EA4FB42F59AD}.Release|x86.ActiveCfg = Release|Any CPU
		{700C3C48-4833-4136-B6B4-6B6D8890AA13}.Debug.Mono|.NET.ActiveCfg = Debug|Any CPU
		{700C3C48-4833-4136-B6B4-6B6D8890AA13}.Debug.Mono|Any CPU.ActiveCfg = Debug|Any CPU
		{700C3C48-4833-4136-B6B4-6B6D8890AA13}.Debug.Mono|Any CPU.Build.0 = Debug|Any CPU
		{700C3C48-4833-4136-B6B4-6B6D8890AA13}.Debug.Mono|Mixed Platforms.ActiveCfg = Debug|x86
		{700C3C48-4833-4136-B6B4-6B6D8890AA13}.Debug.Mono|Mixed Platforms.Build.0 = Debug|x86
		{700C3C48-4833-4136-B6B4-6B6D8890AA13}.Debug.Mono|Mono.ActiveCfg = Debug|Any CPU
		{700C3C48-4833-4136-B6B4-6B6D8890AA13}.Debug.Mono|Win32.ActiveCfg = Debug|x86
		{700C3C48-4833-4136-B6B4-6B6D8890AA13}.Debug.Mono|Win32.Build.0 = Debug|x86
		{700C3C48-4833-4136-B6B4-6B6D8890AA13}.Debug.Mono|x86.ActiveCfg = Debug|x86
		{700C3C48-4833-4136-B6B4-6B6D8890AA13}.Debug.Mono|x86.Build.0 = Debug|x86
		{700C3C48-4833-4136-B6B4-6B6D8890AA13}.Debug|.NET.ActiveCfg = Debug|x86
		{700C3C48-4833-4136-B6B4-6B6D8890AA13}.Debug|Any CPU.ActiveCfg = Debug|x86
		{700C3C48-4833-4136-B6B4-6B6D8890AA13}.Debug|Mixed Platforms.ActiveCfg = Debug|Any CPU
		{700C3C48-4833-4136-B6B4-6B6D8890AA13}.Debug|Mixed Platforms.Build.0 = Debug|Any CPU
		{700C3C48-4833-4136-B6B4-6B6D8890AA13}.Debug|Mono.ActiveCfg = Debug|x86
		{700C3C48-4833-4136-B6B4-6B6D8890AA13}.Debug|Win32.ActiveCfg = Debug|x86
		{700C3C48-4833-4136-B6B4-6B6D8890AA13}.Debug|x86.ActiveCfg = Debug|x86
		{700C3C48-4833-4136-B6B4-6B6D8890AA13}.Debug|x86.Build.0 = Debug|x86
		{700C3C48-4833-4136-B6B4-6B6D8890AA13}.Release|.NET.ActiveCfg = Release|x86
		{700C3C48-4833-4136-B6B4-6B6D8890AA13}.Release|Any CPU.ActiveCfg = Release|x86
		{700C3C48-4833-4136-B6B4-6B6D8890AA13}.Release|Mixed Platforms.ActiveCfg = Release|Any CPU
		{700C3C48-4833-4136-B6B4-6B6D8890AA13}.Release|Mixed Platforms.Build.0 = Release|Any CPU
		{700C3C48-4833-4136-B6B4-6B6D8890AA13}.Release|Mono.ActiveCfg = Release|x86
		{700C3C48-4833-4136-B6B4-6B6D8890AA13}.Release|Win32.ActiveCfg = Release|x86
		{700C3C48-4833-4136-B6B4-6B6D8890AA13}.Release|x86.ActiveCfg = Release|x86
		{700C3C48-4833-4136-B6B4-6B6D8890AA13}.Release|x86.Build.0 = Release|x86
		{DA42D8BB-24D3-4416-A0BD-B98857F249AD}.Debug.Mono|.NET.ActiveCfg = Debug|Any CPU
		{DA42D8BB-24D3-4416-A0BD-B98857F249AD}.Debug.Mono|Any CPU.ActiveCfg = Debug|Any CPU
		{DA42D8BB-24D3-4416-A0BD-B98857F249AD}.Debug.Mono|Any CPU.Build.0 = Debug|Any CPU
		{DA42D8BB-24D3-4416-A0BD-B98857F249AD}.Debug.Mono|Mixed Platforms.ActiveCfg = Debug|Any CPU
		{DA42D8BB-24D3-4416-A0BD-B98857F249AD}.Debug.Mono|Mixed Platforms.Build.0 = Debug|Any CPU
		{DA42D8BB-24D3-4416-A0BD-B98857F249AD}.Debug.Mono|Mono.ActiveCfg = Debug|Any CPU
		{DA42D8BB-24D3-4416-A0BD-B98857F249AD}.Debug.Mono|Win32.ActiveCfg = Debug|Any CPU
		{DA42D8BB-24D3-4416-A0BD-B98857F249AD}.Debug.Mono|x86.ActiveCfg = Debug|Any CPU
		{DA42D8BB-24D3-4416-A0BD-B98857F249AD}.Debug|.NET.ActiveCfg = Debug|Any CPU
		{DA42D8BB-24D3-4416-A0BD-B98857F249AD}.Debug|Any CPU.ActiveCfg = Debug|Any CPU
		{DA42D8BB-24D3-4416-A0BD-B98857F249AD}.Debug|Any CPU.Build.0 = Debug|Any CPU
		{DA42D8BB-24D3-4416-A0BD-B98857F249AD}.Debug|Mixed Platforms.ActiveCfg = Debug|Any CPU
		{DA42D8BB-24D3-4416-A0BD-B98857F249AD}.Debug|Mixed Platforms.Build.0 = Debug|Any CPU
		{DA42D8BB-24D3-4416-A0BD-B98857F249AD}.Debug|Mono.ActiveCfg = Debug|Any CPU
		{DA42D8BB-24D3-4416-A0BD-B98857F249AD}.Debug|Win32.ActiveCfg = Debug|Any CPU
		{DA42D8BB-24D3-4416-A0BD-B98857F249AD}.Debug|x86.ActiveCfg = Debug|Any CPU
		{DA42D8BB-24D3-4416-A0BD-B98857F249AD}.Release|.NET.ActiveCfg = Release|Any CPU
		{DA42D8BB-24D3-4416-A0BD-B98857F249AD}.Release|Any CPU.ActiveCfg = Release|Any CPU
		{DA42D8BB-24D3-4416-A0BD-B98857F249AD}.Release|Any CPU.Build.0 = Release|Any CPU
		{DA42D8BB-24D3-4416-A0BD-B98857F249AD}.Release|Mixed Platforms.ActiveCfg = Release|Any CPU
		{DA42D8BB-24D3-4416-A0BD-B98857F249AD}.Release|Mixed Platforms.Build.0 = Release|Any CPU
		{DA42D8BB-24D3-4416-A0BD-B98857F249AD}.Release|Mono.ActiveCfg = Release|Any CPU
		{DA42D8BB-24D3-4416-A0BD-B98857F249AD}.Release|Win32.ActiveCfg = Release|Any CPU
		{DA42D8BB-24D3-4416-A0BD-B98857F249AD}.Release|x86.ActiveCfg = Release|Any CPU
		{06CCC703-83F2-44B9-B67A-F7F3A0071E2D}.Debug.Mono|.NET.ActiveCfg = Debug|Any CPU
		{06CCC703-83F2-44B9-B67A-F7F3A0071E2D}.Debug.Mono|Any CPU.ActiveCfg = Debug|Any CPU
		{06CCC703-83F2-44B9-B67A-F7F3A0071E2D}.Debug.Mono|Any CPU.Build.0 = Debug|Any CPU
		{06CCC703-83F2-44B9-B67A-F7F3A0071E2D}.Debug.Mono|Mixed Platforms.ActiveCfg = Debug|Any CPU
		{06CCC703-83F2-44B9-B67A-F7F3A0071E2D}.Debug.Mono|Mixed Platforms.Build.0 = Debug|Any CPU
		{06CCC703-83F2-44B9-B67A-F7F3A0071E2D}.Debug.Mono|Mono.ActiveCfg = Debug|Any CPU
		{06CCC703-83F2-44B9-B67A-F7F3A0071E2D}.Debug.Mono|Win32.ActiveCfg = Debug|Any CPU
		{06CCC703-83F2-44B9-B67A-F7F3A0071E2D}.Debug.Mono|x86.ActiveCfg = Debug|Any CPU
		{06CCC703-83F2-44B9-B67A-F7F3A0071E2D}.Debug|.NET.ActiveCfg = Debug|Any CPU
		{06CCC703-83F2-44B9-B67A-F7F3A0071E2D}.Debug|Any CPU.ActiveCfg = Debug|Any CPU
		{06CCC703-83F2-44B9-B67A-F7F3A0071E2D}.Debug|Any CPU.Build.0 = Debug|Any CPU
		{06CCC703-83F2-44B9-B67A-F7F3A0071E2D}.Debug|Mixed Platforms.ActiveCfg = Debug|Any CPU
		{06CCC703-83F2-44B9-B67A-F7F3A0071E2D}.Debug|Mixed Platforms.Build.0 = Debug|Any CPU
		{06CCC703-83F2-44B9-B67A-F7F3A0071E2D}.Debug|Mono.ActiveCfg = Debug|Any CPU
		{06CCC703-83F2-44B9-B67A-F7F3A0071E2D}.Debug|Win32.ActiveCfg = Debug|Any CPU
		{06CCC703-83F2-44B9-B67A-F7F3A0071E2D}.Debug|x86.ActiveCfg = Debug|Any CPU
		{06CCC703-83F2-44B9-B67A-F7F3A0071E2D}.Release|.NET.ActiveCfg = Release|Any CPU
		{06CCC703-83F2-44B9-B67A-F7F3A0071E2D}.Release|Any CPU.ActiveCfg = Release|Any CPU
		{06CCC703-83F2-44B9-B67A-F7F3A0071E2D}.Release|Any CPU.Build.0 = Release|Any CPU
		{06CCC703-83F2-44B9-B67A-F7F3A0071E2D}.Release|Mixed Platforms.ActiveCfg = Release|Any CPU
		{06CCC703-83F2-44B9-B67A-F7F3A0071E2D}.Release|Mixed Platforms.Build.0 = Release|Any CPU
		{06CCC703-83F2-44B9-B67A-F7F3A0071E2D}.Release|Mono.ActiveCfg = Release|Any CPU
		{06CCC703-83F2-44B9-B67A-F7F3A0071E2D}.Release|Win32.ActiveCfg = Release|Any CPU
		{06CCC703-83F2-44B9-B67A-F7F3A0071E2D}.Release|x86.ActiveCfg = Release|Any CPU
		{F9D6A4EA-9DB1-4BA7-A5BE-0C183FBABBF8}.Debug.Mono|.NET.ActiveCfg = Debug|Any CPU
		{F9D6A4EA-9DB1-4BA7-A5BE-0C183FBABBF8}.Debug.Mono|Any CPU.ActiveCfg = Debug|Any CPU
		{F9D6A4EA-9DB1-4BA7-A5BE-0C183FBABBF8}.Debug.Mono|Any CPU.Build.0 = Debug|Any CPU
		{F9D6A4EA-9DB1-4BA7-A5BE-0C183FBABBF8}.Debug.Mono|Mixed Platforms.ActiveCfg = Debug|Any CPU
		{F9D6A4EA-9DB1-4BA7-A5BE-0C183FBABBF8}.Debug.Mono|Mixed Platforms.Build.0 = Debug|Any CPU
		{F9D6A4EA-9DB1-4BA7-A5BE-0C183FBABBF8}.Debug.Mono|Mono.ActiveCfg = Debug|Any CPU
		{F9D6A4EA-9DB1-4BA7-A5BE-0C183FBABBF8}.Debug.Mono|Win32.ActiveCfg = Debug|Any CPU
		{F9D6A4EA-9DB1-4BA7-A5BE-0C183FBABBF8}.Debug.Mono|x86.ActiveCfg = Debug|Any CPU
		{F9D6A4EA-9DB1-4BA7-A5BE-0C183FBABBF8}.Debug|.NET.ActiveCfg = Debug|Any CPU
		{F9D6A4EA-9DB1-4BA7-A5BE-0C183FBABBF8}.Debug|Any CPU.ActiveCfg = Debug|Any CPU
		{F9D6A4EA-9DB1-4BA7-A5BE-0C183FBABBF8}.Debug|Any CPU.Build.0 = Debug|Any CPU
		{F9D6A4EA-9DB1-4BA7-A5BE-0C183FBABBF8}.Debug|Mixed Platforms.ActiveCfg = Debug|Any CPU
		{F9D6A4EA-9DB1-4BA7-A5BE-0C183FBABBF8}.Debug|Mixed Platforms.Build.0 = Debug|Any CPU
		{F9D6A4EA-9DB1-4BA7-A5BE-0C183FBABBF8}.Debug|Mono.ActiveCfg = Debug|Any CPU
		{F9D6A4EA-9DB1-4BA7-A5BE-0C183FBABBF8}.Debug|Win32.ActiveCfg = Debug|Any CPU
		{F9D6A4EA-9DB1-4BA7-A5BE-0C183FBABBF8}.Debug|x86.ActiveCfg = Debug|Any CPU
		{F9D6A4EA-9DB1-4BA7-A5BE-0C183FBABBF8}.Release|.NET.ActiveCfg = Release|Any CPU
		{F9D6A4EA-9DB1-4BA7-A5BE-0C183FBABBF8}.Release|Any CPU.ActiveCfg = Release|Any CPU
		{F9D6A4EA-9DB1-4BA7-A5BE-0C183FBABBF8}.Release|Any CPU.Build.0 = Release|Any CPU
		{F9D6A4EA-9DB1-4BA7-A5BE-0C183FBABBF8}.Release|Mixed Platforms.ActiveCfg = Release|Any CPU
		{F9D6A4EA-9DB1-4BA7-A5BE-0C183FBABBF8}.Release|Mixed Platforms.Build.0 = Release|Any CPU
		{F9D6A4EA-9DB1-4BA7-A5BE-0C183FBABBF8}.Release|Mono.ActiveCfg = Release|Any CPU
		{F9D6A4EA-9DB1-4BA7-A5BE-0C183FBABBF8}.Release|Win32.ActiveCfg = Release|Any CPU
		{F9D6A4EA-9DB1-4BA7-A5BE-0C183FBABBF8}.Release|x86.ActiveCfg = Release|Any CPU
		{E77D5B58-56A9-4A19-B25F-AE160547E364}.Debug.Mono|.NET.ActiveCfg = Debug|Any CPU
		{E77D5B58-56A9-4A19-B25F-AE160547E364}.Debug.Mono|Any CPU.ActiveCfg = Debug|Any CPU
		{E77D5B58-56A9-4A19-B25F-AE160547E364}.Debug.Mono|Any CPU.Build.0 = Debug|Any CPU
		{E77D5B58-56A9-4A19-B25F-AE160547E364}.Debug.Mono|Mixed Platforms.ActiveCfg = Debug|Any CPU
		{E77D5B58-56A9-4A19-B25F-AE160547E364}.Debug.Mono|Mixed Platforms.Build.0 = Debug|Any CPU
		{E77D5B58-56A9-4A19-B25F-AE160547E364}.Debug.Mono|Mono.ActiveCfg = Debug|Any CPU
		{E77D5B58-56A9-4A19-B25F-AE160547E364}.Debug.Mono|Win32.ActiveCfg = Debug|Any CPU
		{E77D5B58-56A9-4A19-B25F-AE160547E364}.Debug.Mono|x86.ActiveCfg = Debug|Any CPU
		{E77D5B58-56A9-4A19-B25F-AE160547E364}.Debug|.NET.ActiveCfg = Debug|Any CPU
		{E77D5B58-56A9-4A19-B25F-AE160547E364}.Debug|Any CPU.ActiveCfg = Debug|Any CPU
		{E77D5B58-56A9-4A19-B25F-AE160547E364}.Debug|Any CPU.Build.0 = Debug|Any CPU
		{E77D5B58-56A9-4A19-B25F-AE160547E364}.Debug|Mixed Platforms.ActiveCfg = Debug|Any CPU
		{E77D5B58-56A9-4A19-B25F-AE160547E364}.Debug|Mixed Platforms.Build.0 = Debug|Any CPU
		{E77D5B58-56A9-4A19-B25F-AE160547E364}.Debug|Mono.ActiveCfg = Debug|Any CPU
		{E77D5B58-56A9-4A19-B25F-AE160547E364}.Debug|Win32.ActiveCfg = Debug|Any CPU
		{E77D5B58-56A9-4A19-B25F-AE160547E364}.Debug|x86.ActiveCfg = Debug|Any CPU
		{E77D5B58-56A9-4A19-B25F-AE160547E364}.Release|.NET.ActiveCfg = Release|Any CPU
		{E77D5B58-56A9-4A19-B25F-AE160547E364}.Release|Any CPU.ActiveCfg = Release|Any CPU
		{E77D5B58-56A9-4A19-B25F-AE160547E364}.Release|Any CPU.Build.0 = Release|Any CPU
		{E77D5B58-56A9-4A19-B25F-AE160547E364}.Release|Mixed Platforms.ActiveCfg = Release|Any CPU
		{E77D5B58-56A9-4A19-B25F-AE160547E364}.Release|Mixed Platforms.Build.0 = Release|Any CPU
		{E77D5B58-56A9-4A19-B25F-AE160547E364}.Release|Mono.ActiveCfg = Release|Any CPU
		{E77D5B58-56A9-4A19-B25F-AE160547E364}.Release|Win32.ActiveCfg = Release|Any CPU
		{E77D5B58-56A9-4A19-B25F-AE160547E364}.Release|x86.ActiveCfg = Release|Any CPU
		{25EEFC62-8AD8-490D-840D-31AD03094C29}.Debug.Mono|.NET.ActiveCfg = Debug|Any CPU
		{25EEFC62-8AD8-490D-840D-31AD03094C29}.Debug.Mono|Any CPU.ActiveCfg = Debug|Any CPU
		{25EEFC62-8AD8-490D-840D-31AD03094C29}.Debug.Mono|Any CPU.Build.0 = Debug|Any CPU
		{25EEFC62-8AD8-490D-840D-31AD03094C29}.Debug.Mono|Mixed Platforms.ActiveCfg = Debug|Any CPU
		{25EEFC62-8AD8-490D-840D-31AD03094C29}.Debug.Mono|Mixed Platforms.Build.0 = Debug|Any CPU
		{25EEFC62-8AD8-490D-840D-31AD03094C29}.Debug.Mono|Mono.ActiveCfg = Debug|Any CPU
		{25EEFC62-8AD8-490D-840D-31AD03094C29}.Debug.Mono|Win32.ActiveCfg = Debug|Any CPU
		{25EEFC62-8AD8-490D-840D-31AD03094C29}.Debug.Mono|x86.ActiveCfg = Debug|Any CPU
		{25EEFC62-8AD8-490D-840D-31AD03094C29}.Debug|.NET.ActiveCfg = Debug|Any CPU
		{25EEFC62-8AD8-490D-840D-31AD03094C29}.Debug|Any CPU.ActiveCfg = Debug|Any CPU
		{25EEFC62-8AD8-490D-840D-31AD03094C29}.Debug|Any CPU.Build.0 = Debug|Any CPU
		{25EEFC62-8AD8-490D-840D-31AD03094C29}.Debug|Mixed Platforms.ActiveCfg = Debug|Any CPU
		{25EEFC62-8AD8-490D-840D-31AD03094C29}.Debug|Mixed Platforms.Build.0 = Debug|Any CPU
		{25EEFC62-8AD8-490D-840D-31AD03094C29}.Debug|Mono.ActiveCfg = Debug|Any CPU
		{25EEFC62-8AD8-490D-840D-31AD03094C29}.Debug|Win32.ActiveCfg = Debug|Any CPU
		{25EEFC62-8AD8-490D-840D-31AD03094C29}.Debug|x86.ActiveCfg = Debug|Any CPU
		{25EEFC62-8AD8-490D-840D-31AD03094C29}.Release|.NET.ActiveCfg = Release|Any CPU
		{25EEFC62-8AD8-490D-840D-31AD03094C29}.Release|Any CPU.ActiveCfg = Release|Any CPU
		{25EEFC62-8AD8-490D-840D-31AD03094C29}.Release|Any CPU.Build.0 = Release|Any CPU
		{25EEFC62-8AD8-490D-840D-31AD03094C29}.Release|Mixed Platforms.ActiveCfg = Release|Any CPU
		{25EEFC62-8AD8-490D-840D-31AD03094C29}.Release|Mixed Platforms.Build.0 = Release|Any CPU
		{25EEFC62-8AD8-490D-840D-31AD03094C29}.Release|Mono.ActiveCfg = Release|Any CPU
		{25EEFC62-8AD8-490D-840D-31AD03094C29}.Release|Win32.ActiveCfg = Release|Any CPU
		{25EEFC62-8AD8-490D-840D-31AD03094C29}.Release|x86.ActiveCfg = Release|Any CPU
		{F6E48545-473F-4133-90F7-B93A4612F50F}.Debug.Mono|.NET.ActiveCfg = Debug|Any CPU
		{F6E48545-473F-4133-90F7-B93A4612F50F}.Debug.Mono|Any CPU.ActiveCfg = Debug|Any CPU
		{F6E48545-473F-4133-90F7-B93A4612F50F}.Debug.Mono|Any CPU.Build.0 = Debug|Any CPU
		{F6E48545-473F-4133-90F7-B93A4612F50F}.Debug.Mono|Mixed Platforms.ActiveCfg = Debug|Any CPU
		{F6E48545-473F-4133-90F7-B93A4612F50F}.Debug.Mono|Mixed Platforms.Build.0 = Debug|Any CPU
		{F6E48545-473F-4133-90F7-B93A4612F50F}.Debug.Mono|Mono.ActiveCfg = Debug|Any CPU
		{F6E48545-473F-4133-90F7-B93A4612F50F}.Debug.Mono|Win32.ActiveCfg = Debug|Any CPU
		{F6E48545-473F-4133-90F7-B93A4612F50F}.Debug.Mono|x86.ActiveCfg = Debug|Any CPU
		{F6E48545-473F-4133-90F7-B93A4612F50F}.Debug|.NET.ActiveCfg = Debug|Any CPU
		{F6E48545-473F-4133-90F7-B93A4612F50F}.Debug|Any CPU.ActiveCfg = Debug|Any CPU
		{F6E48545-473F-4133-90F7-B93A4612F50F}.Debug|Any CPU.Build.0 = Debug|Any CPU
		{F6E48545-473F-4133-90F7-B93A4612F50F}.Debug|Mixed Platforms.ActiveCfg = Debug|Any CPU
		{F6E48545-473F-4133-90F7-B93A4612F50F}.Debug|Mixed Platforms.Build.0 = Debug|Any CPU
		{F6E48545-473F-4133-90F7-B93A4612F50F}.Debug|Mono.ActiveCfg = Debug|Any CPU
		{F6E48545-473F-4133-90F7-B93A4612F50F}.Debug|Win32.ActiveCfg = Debug|Any CPU
		{F6E48545-473F-4133-90F7-B93A4612F50F}.Debug|x86.ActiveCfg = Debug|Any CPU
		{F6E48545-473F-4133-90F7-B93A4612F50F}.Release|.NET.ActiveCfg = Release|Any CPU
		{F6E48545-473F-4133-90F7-B93A4612F50F}.Release|Any CPU.ActiveCfg = Release|Any CPU
		{F6E48545-473F-4133-90F7-B93A4612F50F}.Release|Any CPU.Build.0 = Release|Any CPU
		{F6E48545-473F-4133-90F7-B93A4612F50F}.Release|Mixed Platforms.ActiveCfg = Release|Any CPU
		{F6E48545-473F-4133-90F7-B93A4612F50F}.Release|Mixed Platforms.Build.0 = Release|Any CPU
		{F6E48545-473F-4133-90F7-B93A4612F50F}.Release|Mono.ActiveCfg = Release|Any CPU
		{F6E48545-473F-4133-90F7-B93A4612F50F}.Release|Win32.ActiveCfg = Release|Any CPU
		{F6E48545-473F-4133-90F7-B93A4612F50F}.Release|x86.ActiveCfg = Release|Any CPU
		{FF2FFCD5-6091-4B10-8FD9-C737BD45C86B}.Debug.Mono|.NET.ActiveCfg = Debug|Any CPU
		{FF2FFCD5-6091-4B10-8FD9-C737BD45C86B}.Debug.Mono|Any CPU.ActiveCfg = Debug|Any CPU
		{FF2FFCD5-6091-4B10-8FD9-C737BD45C86B}.Debug.Mono|Any CPU.Build.0 = Debug|Any CPU
		{FF2FFCD5-6091-4B10-8FD9-C737BD45C86B}.Debug.Mono|Mixed Platforms.ActiveCfg = Debug|Any CPU
		{FF2FFCD5-6091-4B10-8FD9-C737BD45C86B}.Debug.Mono|Mixed Platforms.Build.0 = Debug|Any CPU
		{FF2FFCD5-6091-4B10-8FD9-C737BD45C86B}.Debug.Mono|Mono.ActiveCfg = Debug|Any CPU
		{FF2FFCD5-6091-4B10-8FD9-C737BD45C86B}.Debug.Mono|Win32.ActiveCfg = Debug|Any CPU
		{FF2FFCD5-6091-4B10-8FD9-C737BD45C86B}.Debug.Mono|x86.ActiveCfg = Debug|Any CPU
		{FF2FFCD5-6091-4B10-8FD9-C737BD45C86B}.Debug|.NET.ActiveCfg = Debug|Any CPU
		{FF2FFCD5-6091-4B10-8FD9-C737BD45C86B}.Debug|Any CPU.ActiveCfg = Debug|Any CPU
		{FF2FFCD5-6091-4B10-8FD9-C737BD45C86B}.Debug|Any CPU.Build.0 = Debug|Any CPU
		{FF2FFCD5-6091-4B10-8FD9-C737BD45C86B}.Debug|Mixed Platforms.ActiveCfg = Debug|Any CPU
		{FF2FFCD5-6091-4B10-8FD9-C737BD45C86B}.Debug|Mixed Platforms.Build.0 = Debug|Any CPU
		{FF2FFCD5-6091-4B10-8FD9-C737BD45C86B}.Debug|Mono.ActiveCfg = Debug|Any CPU
		{FF2FFCD5-6091-4B10-8FD9-C737BD45C86B}.Debug|Win32.ActiveCfg = Debug|Any CPU
		{FF2FFCD5-6091-4B10-8FD9-C737BD45C86B}.Debug|x86.ActiveCfg = Debug|Any CPU
		{FF2FFCD5-6091-4B10-8FD9-C737BD45C86B}.Release|.NET.ActiveCfg = Release|Any CPU
		{FF2FFCD5-6091-4B10-8FD9-C737BD45C86B}.Release|Any CPU.ActiveCfg = Release|Any CPU
		{FF2FFCD5-6091-4B10-8FD9-C737BD45C86B}.Release|Any CPU.Build.0 = Release|Any CPU
		{FF2FFCD5-6091-4B10-8FD9-C737BD45C86B}.Release|Mixed Platforms.ActiveCfg = Release|Any CPU
		{FF2FFCD5-6091-4B10-8FD9-C737BD45C86B}.Release|Mixed Platforms.Build.0 = Release|Any CPU
		{FF2FFCD5-6091-4B10-8FD9-C737BD45C86B}.Release|Mono.ActiveCfg = Release|Any CPU
		{FF2FFCD5-6091-4B10-8FD9-C737BD45C86B}.Release|Win32.ActiveCfg = Release|Any CPU
		{FF2FFCD5-6091-4B10-8FD9-C737BD45C86B}.Release|x86.ActiveCfg = Release|Any CPU
		{4FB91DE2-3C1A-4F3D-BCE9-AE0E110C08D7}.Debug.Mono|.NET.ActiveCfg = Debug|Any CPU
		{4FB91DE2-3C1A-4F3D-BCE9-AE0E110C08D7}.Debug.Mono|Any CPU.ActiveCfg = Debug|Any CPU
		{4FB91DE2-3C1A-4F3D-BCE9-AE0E110C08D7}.Debug.Mono|Any CPU.Build.0 = Debug|Any CPU
		{4FB91DE2-3C1A-4F3D-BCE9-AE0E110C08D7}.Debug.Mono|Mixed Platforms.ActiveCfg = Debug|Any CPU
		{4FB91DE2-3C1A-4F3D-BCE9-AE0E110C08D7}.Debug.Mono|Mixed Platforms.Build.0 = Debug|Any CPU
		{4FB91DE2-3C1A-4F3D-BCE9-AE0E110C08D7}.Debug.Mono|Mono.ActiveCfg = Debug|Any CPU
		{4FB91DE2-3C1A-4F3D-BCE9-AE0E110C08D7}.Debug.Mono|Win32.ActiveCfg = Debug|Any CPU
		{4FB91DE2-3C1A-4F3D-BCE9-AE0E110C08D7}.Debug.Mono|x86.ActiveCfg = Debug|Any CPU
		{4FB91DE2-3C1A-4F3D-BCE9-AE0E110C08D7}.Debug|.NET.ActiveCfg = Debug|Any CPU
		{4FB91DE2-3C1A-4F3D-BCE9-AE0E110C08D7}.Debug|Any CPU.ActiveCfg = Debug|Any CPU
		{4FB91DE2-3C1A-4F3D-BCE9-AE0E110C08D7}.Debug|Any CPU.Build.0 = Debug|Any CPU
		{4FB91DE2-3C1A-4F3D-BCE9-AE0E110C08D7}.Debug|Mixed Platforms.ActiveCfg = Debug|Any CPU
		{4FB91DE2-3C1A-4F3D-BCE9-AE0E110C08D7}.Debug|Mixed Platforms.Build.0 = Debug|Any CPU
		{4FB91DE2-3C1A-4F3D-BCE9-AE0E110C08D7}.Debug|Mono.ActiveCfg = Debug|Any CPU
		{4FB91DE2-3C1A-4F3D-BCE9-AE0E110C08D7}.Debug|Win32.ActiveCfg = Debug|Any CPU
		{4FB91DE2-3C1A-4F3D-BCE9-AE0E110C08D7}.Debug|x86.ActiveCfg = Debug|Any CPU
		{4FB91DE2-3C1A-4F3D-BCE9-AE0E110C08D7}.Release|.NET.ActiveCfg = Release|Any CPU
		{4FB91DE2-3C1A-4F3D-BCE9-AE0E110C08D7}.Release|Any CPU.ActiveCfg = Release|Any CPU
		{4FB91DE2-3C1A-4F3D-BCE9-AE0E110C08D7}.Release|Any CPU.Build.0 = Release|Any CPU
		{4FB91DE2-3C1A-4F3D-BCE9-AE0E110C08D7}.Release|Mixed Platforms.ActiveCfg = Release|Any CPU
		{4FB91DE2-3C1A-4F3D-BCE9-AE0E110C08D7}.Release|Mixed Platforms.Build.0 = Release|Any CPU
		{4FB91DE2-3C1A-4F3D-BCE9-AE0E110C08D7}.Release|Mono.ActiveCfg = Release|Any CPU
		{4FB91DE2-3C1A-4F3D-BCE9-AE0E110C08D7}.Release|Win32.ActiveCfg = Release|Any CPU
		{4FB91DE2-3C1A-4F3D-BCE9-AE0E110C08D7}.Release|x86.ActiveCfg = Release|Any CPU
		{233BE1AB-28DA-4B2F-8CC0-4BB3D88ADC95}.Debug.Mono|.NET.ActiveCfg = Debug|Any CPU
		{233BE1AB-28DA-4B2F-8CC0-4BB3D88ADC95}.Debug.Mono|Any CPU.ActiveCfg = Debug|Any CPU
		{233BE1AB-28DA-4B2F-8CC0-4BB3D88ADC95}.Debug.Mono|Any CPU.Build.0 = Debug|Any CPU
		{233BE1AB-28DA-4B2F-8CC0-4BB3D88ADC95}.Debug.Mono|Mixed Platforms.ActiveCfg = Debug|Any CPU
		{233BE1AB-28DA-4B2F-8CC0-4BB3D88ADC95}.Debug.Mono|Mixed Platforms.Build.0 = Debug|Any CPU
		{233BE1AB-28DA-4B2F-8CC0-4BB3D88ADC95}.Debug.Mono|Mono.ActiveCfg = Debug|Any CPU
		{233BE1AB-28DA-4B2F-8CC0-4BB3D88ADC95}.Debug.Mono|Win32.ActiveCfg = Debug|Any CPU
		{233BE1AB-28DA-4B2F-8CC0-4BB3D88ADC95}.Debug.Mono|x86.ActiveCfg = Debug|Any CPU
		{233BE1AB-28DA-4B2F-8CC0-4BB3D88ADC95}.Debug|.NET.ActiveCfg = Debug|Any CPU
		{233BE1AB-28DA-4B2F-8CC0-4BB3D88ADC95}.Debug|Any CPU.ActiveCfg = Debug|Any CPU
		{233BE1AB-28DA-4B2F-8CC0-4BB3D88ADC95}.Debug|Any CPU.Build.0 = Debug|Any CPU
		{233BE1AB-28DA-4B2F-8CC0-4BB3D88ADC95}.Debug|Mixed Platforms.ActiveCfg = Debug|Any CPU
		{233BE1AB-28DA-4B2F-8CC0-4BB3D88ADC95}.Debug|Mixed Platforms.Build.0 = Debug|Any CPU
		{233BE1AB-28DA-4B2F-8CC0-4BB3D88ADC95}.Debug|Mono.ActiveCfg = Debug|Any CPU
		{233BE1AB-28DA-4B2F-8CC0-4BB3D88ADC95}.Debug|Win32.ActiveCfg = Debug|Any CPU
		{233BE1AB-28DA-4B2F-8CC0-4BB3D88ADC95}.Debug|x86.ActiveCfg = Debug|Any CPU
		{233BE1AB-28DA-4B2F-8CC0-4BB3D88ADC95}.Release|.NET.ActiveCfg = Release|Any CPU
		{233BE1AB-28DA-4B2F-8CC0-4BB3D88ADC95}.Release|Any CPU.ActiveCfg = Release|Any CPU
		{233BE1AB-28DA-4B2F-8CC0-4BB3D88ADC95}.Release|Any CPU.Build.0 = Release|Any CPU
		{233BE1AB-28DA-4B2F-8CC0-4BB3D88ADC95}.Release|Mixed Platforms.ActiveCfg = Release|Any CPU
		{233BE1AB-28DA-4B2F-8CC0-4BB3D88ADC95}.Release|Mixed Platforms.Build.0 = Release|Any CPU
		{233BE1AB-28DA-4B2F-8CC0-4BB3D88ADC95}.Release|Mono.ActiveCfg = Release|Any CPU
		{233BE1AB-28DA-4B2F-8CC0-4BB3D88ADC95}.Release|Win32.ActiveCfg = Release|Any CPU
		{233BE1AB-28DA-4B2F-8CC0-4BB3D88ADC95}.Release|x86.ActiveCfg = Release|Any CPU
		{8F016E38-D959-4EAF-9E1A-07D395E764FE}.Debug.Mono|.NET.ActiveCfg = Debug|Any CPU
		{8F016E38-D959-4EAF-9E1A-07D395E764FE}.Debug.Mono|Any CPU.ActiveCfg = Debug|Any CPU
		{8F016E38-D959-4EAF-9E1A-07D395E764FE}.Debug.Mono|Any CPU.Build.0 = Debug|Any CPU
		{8F016E38-D959-4EAF-9E1A-07D395E764FE}.Debug.Mono|Mixed Platforms.ActiveCfg = Debug|Any CPU
		{8F016E38-D959-4EAF-9E1A-07D395E764FE}.Debug.Mono|Mixed Platforms.Build.0 = Debug|Any CPU
		{8F016E38-D959-4EAF-9E1A-07D395E764FE}.Debug.Mono|Mono.ActiveCfg = Debug|Any CPU
		{8F016E38-D959-4EAF-9E1A-07D395E764FE}.Debug.Mono|Win32.ActiveCfg = Debug|Any CPU
		{8F016E38-D959-4EAF-9E1A-07D395E764FE}.Debug.Mono|x86.ActiveCfg = Debug|Any CPU
		{8F016E38-D959-4EAF-9E1A-07D395E764FE}.Debug|.NET.ActiveCfg = Debug|Any CPU
		{8F016E38-D959-4EAF-9E1A-07D395E764FE}.Debug|Any CPU.ActiveCfg = Debug|Any CPU
		{8F016E38-D959-4EAF-9E1A-07D395E764FE}.Debug|Any CPU.Build.0 = Debug|Any CPU
		{8F016E38-D959-4EAF-9E1A-07D395E764FE}.Debug|Mixed Platforms.ActiveCfg = Debug|Any CPU
		{8F016E38-D959-4EAF-9E1A-07D395E764FE}.Debug|Mixed Platforms.Build.0 = Debug|Any CPU
		{8F016E38-D959-4EAF-9E1A-07D395E764FE}.Debug|Mono.ActiveCfg = Debug|Any CPU
		{8F016E38-D959-4EAF-9E1A-07D395E764FE}.Debug|Win32.ActiveCfg = Debug|Any CPU
		{8F016E38-D959-4EAF-9E1A-07D395E764FE}.Debug|x86.ActiveCfg = Debug|Any CPU
		{8F016E38-D959-4EAF-9E1A-07D395E764FE}.Release|.NET.ActiveCfg = Release|Any CPU
		{8F016E38-D959-4EAF-9E1A-07D395E764FE}.Release|Any CPU.ActiveCfg = Release|Any CPU
		{8F016E38-D959-4EAF-9E1A-07D395E764FE}.Release|Any CPU.Build.0 = Release|Any CPU
		{8F016E38-D959-4EAF-9E1A-07D395E764FE}.Release|Mixed Platforms.ActiveCfg = Release|Any CPU
		{8F016E38-D959-4EAF-9E1A-07D395E764FE}.Release|Mixed Platforms.Build.0 = Release|Any CPU
		{8F016E38-D959-4EAF-9E1A-07D395E764FE}.Release|Mono.ActiveCfg = Release|Any CPU
		{8F016E38-D959-4EAF-9E1A-07D395E764FE}.Release|Win32.ActiveCfg = Release|Any CPU
		{8F016E38-D959-4EAF-9E1A-07D395E764FE}.Release|x86.ActiveCfg = Release|Any CPU
		{A983F732-5CD5-4DE1-B435-A89E1E18C5D8}.Debug.Mono|.NET.ActiveCfg = Debug|Any CPU
		{A983F732-5CD5-4DE1-B435-A89E1E18C5D8}.Debug.Mono|.NET.Build.0 = Debug|Any CPU
		{A983F732-5CD5-4DE1-B435-A89E1E18C5D8}.Debug.Mono|Any CPU.ActiveCfg = Debug|Any CPU
		{A983F732-5CD5-4DE1-B435-A89E1E18C5D8}.Debug.Mono|Any CPU.Build.0 = Debug|Any CPU
		{A983F732-5CD5-4DE1-B435-A89E1E18C5D8}.Debug.Mono|Mixed Platforms.ActiveCfg = Debug|Any CPU
		{A983F732-5CD5-4DE1-B435-A89E1E18C5D8}.Debug.Mono|Mixed Platforms.Build.0 = Debug|Any CPU
		{A983F732-5CD5-4DE1-B435-A89E1E18C5D8}.Debug.Mono|Mono.ActiveCfg = Debug|Any CPU
		{A983F732-5CD5-4DE1-B435-A89E1E18C5D8}.Debug.Mono|Mono.Build.0 = Debug|Any CPU
		{A983F732-5CD5-4DE1-B435-A89E1E18C5D8}.Debug.Mono|Win32.ActiveCfg = Debug|Any CPU
		{A983F732-5CD5-4DE1-B435-A89E1E18C5D8}.Debug.Mono|Win32.Build.0 = Debug|Any CPU
		{A983F732-5CD5-4DE1-B435-A89E1E18C5D8}.Debug.Mono|x86.ActiveCfg = Debug|Any CPU
		{A983F732-5CD5-4DE1-B435-A89E1E18C5D8}.Debug.Mono|x86.Build.0 = Debug|Any CPU
		{A983F732-5CD5-4DE1-B435-A89E1E18C5D8}.Debug|.NET.ActiveCfg = Debug|Any CPU
		{A983F732-5CD5-4DE1-B435-A89E1E18C5D8}.Debug|.NET.Build.0 = Debug|Any CPU
		{A983F732-5CD5-4DE1-B435-A89E1E18C5D8}.Debug|Any CPU.ActiveCfg = Debug|Any CPU
		{A983F732-5CD5-4DE1-B435-A89E1E18C5D8}.Debug|Any CPU.Build.0 = Debug|Any CPU
		{A983F732-5CD5-4DE1-B435-A89E1E18C5D8}.Debug|Mixed Platforms.ActiveCfg = Debug|Any CPU
		{A983F732-5CD5-4DE1-B435-A89E1E18C5D8}.Debug|Mono.ActiveCfg = Debug|Any CPU
		{A983F732-5CD5-4DE1-B435-A89E1E18C5D8}.Debug|Mono.Build.0 = Debug|Any CPU
		{A983F732-5CD5-4DE1-B435-A89E1E18C5D8}.Debug|Win32.ActiveCfg = Debug|Any CPU
		{A983F732-5CD5-4DE1-B435-A89E1E18C5D8}.Debug|Win32.Build.0 = Debug|Any CPU
		{A983F732-5CD5-4DE1-B435-A89E1E18C5D8}.Debug|x86.ActiveCfg = Debug|Any CPU
		{A983F732-5CD5-4DE1-B435-A89E1E18C5D8}.Debug|x86.Build.0 = Debug|Any CPU
		{A983F732-5CD5-4DE1-B435-A89E1E18C5D8}.Release|.NET.ActiveCfg = Release|Any CPU
		{A983F732-5CD5-4DE1-B435-A89E1E18C5D8}.Release|.NET.Build.0 = Release|Any CPU
		{A983F732-5CD5-4DE1-B435-A89E1E18C5D8}.Release|Any CPU.ActiveCfg = Release|Any CPU
		{A983F732-5CD5-4DE1-B435-A89E1E18C5D8}.Release|Any CPU.Build.0 = Release|Any CPU
		{A983F732-5CD5-4DE1-B435-A89E1E18C5D8}.Release|Mixed Platforms.ActiveCfg = Release|Any CPU
		{A983F732-5CD5-4DE1-B435-A89E1E18C5D8}.Release|Mixed Platforms.Build.0 = Release|Any CPU
		{A983F732-5CD5-4DE1-B435-A89E1E18C5D8}.Release|Mono.ActiveCfg = Release|Any CPU
		{A983F732-5CD5-4DE1-B435-A89E1E18C5D8}.Release|Mono.Build.0 = Release|Any CPU
		{A983F732-5CD5-4DE1-B435-A89E1E18C5D8}.Release|Win32.ActiveCfg = Release|Any CPU
		{A983F732-5CD5-4DE1-B435-A89E1E18C5D8}.Release|Win32.Build.0 = Release|Any CPU
		{A983F732-5CD5-4DE1-B435-A89E1E18C5D8}.Release|x86.ActiveCfg = Release|Any CPU
		{A983F732-5CD5-4DE1-B435-A89E1E18C5D8}.Release|x86.Build.0 = Release|Any CPU
		{0A0ED81D-1F70-444B-A61F-837955728598}.Debug.Mono|.NET.ActiveCfg = Debug|Any CPU
		{0A0ED81D-1F70-444B-A61F-837955728598}.Debug.Mono|.NET.Build.0 = Debug|Any CPU
		{0A0ED81D-1F70-444B-A61F-837955728598}.Debug.Mono|Any CPU.ActiveCfg = Debug|Any CPU
		{0A0ED81D-1F70-444B-A61F-837955728598}.Debug.Mono|Any CPU.Build.0 = Debug|Any CPU
		{0A0ED81D-1F70-444B-A61F-837955728598}.Debug.Mono|Mixed Platforms.ActiveCfg = Debug|Any CPU
		{0A0ED81D-1F70-444B-A61F-837955728598}.Debug.Mono|Mixed Platforms.Build.0 = Debug|Any CPU
		{0A0ED81D-1F70-444B-A61F-837955728598}.Debug.Mono|Mono.ActiveCfg = Debug|Any CPU
		{0A0ED81D-1F70-444B-A61F-837955728598}.Debug.Mono|Mono.Build.0 = Debug|Any CPU
		{0A0ED81D-1F70-444B-A61F-837955728598}.Debug.Mono|Win32.ActiveCfg = Debug|Any CPU
		{0A0ED81D-1F70-444B-A61F-837955728598}.Debug.Mono|Win32.Build.0 = Debug|Any CPU
		{0A0ED81D-1F70-444B-A61F-837955728598}.Debug.Mono|x86.ActiveCfg = Debug|Any CPU
		{0A0ED81D-1F70-444B-A61F-837955728598}.Debug.Mono|x86.Build.0 = Debug|Any CPU
		{0A0ED81D-1F70-444B-A61F-837955728598}.Debug|.NET.ActiveCfg = Debug|Any CPU
		{0A0ED81D-1F70-444B-A61F-837955728598}.Debug|.NET.Build.0 = Debug|Any CPU
		{0A0ED81D-1F70-444B-A61F-837955728598}.Debug|Any CPU.ActiveCfg = Debug|Any CPU
		{0A0ED81D-1F70-444B-A61F-837955728598}.Debug|Any CPU.Build.0 = Debug|Any CPU
		{0A0ED81D-1F70-444B-A61F-837955728598}.Debug|Mixed Platforms.ActiveCfg = Debug|Any CPU
		{0A0ED81D-1F70-444B-A61F-837955728598}.Debug|Mixed Platforms.Build.0 = Debug|Any CPU
		{0A0ED81D-1F70-444B-A61F-837955728598}.Debug|Mono.ActiveCfg = Debug|Any CPU
		{0A0ED81D-1F70-444B-A61F-837955728598}.Debug|Mono.Build.0 = Debug|Any CPU
		{0A0ED81D-1F70-444B-A61F-837955728598}.Debug|Win32.ActiveCfg = Debug|Any CPU
		{0A0ED81D-1F70-444B-A61F-837955728598}.Debug|Win32.Build.0 = Debug|Any CPU
		{0A0ED81D-1F70-444B-A61F-837955728598}.Debug|x86.ActiveCfg = Debug|Any CPU
		{0A0ED81D-1F70-444B-A61F-837955728598}.Debug|x86.Build.0 = Debug|Any CPU
		{0A0ED81D-1F70-444B-A61F-837955728598}.Release|.NET.ActiveCfg = Release|Any CPU
		{0A0ED81D-1F70-444B-A61F-837955728598}.Release|.NET.Build.0 = Release|Any CPU
		{0A0ED81D-1F70-444B-A61F-837955728598}.Release|Any CPU.ActiveCfg = Release|Any CPU
		{0A0ED81D-1F70-444B-A61F-837955728598}.Release|Any CPU.Build.0 = Release|Any CPU
		{0A0ED81D-1F70-444B-A61F-837955728598}.Release|Mixed Platforms.ActiveCfg = Release|Any CPU
		{0A0ED81D-1F70-444B-A61F-837955728598}.Release|Mixed Platforms.Build.0 = Release|Any CPU
		{0A0ED81D-1F70-444B-A61F-837955728598}.Release|Mono.ActiveCfg = Release|Any CPU
		{0A0ED81D-1F70-444B-A61F-837955728598}.Release|Mono.Build.0 = Release|Any CPU
		{0A0ED81D-1F70-444B-A61F-837955728598}.Release|Win32.ActiveCfg = Release|Any CPU
		{0A0ED81D-1F70-444B-A61F-837955728598}.Release|Win32.Build.0 = Release|Any CPU
		{0A0ED81D-1F70-444B-A61F-837955728598}.Release|x86.ActiveCfg = Release|Any CPU
		{0A0ED81D-1F70-444B-A61F-837955728598}.Release|x86.Build.0 = Release|Any CPU
		{119AC305-96EE-4A08-9FCF-060A826EE82C}.Debug.Mono|.NET.ActiveCfg = Debug|Any CPU
		{119AC305-96EE-4A08-9FCF-060A826EE82C}.Debug.Mono|.NET.Build.0 = Debug|Any CPU
		{119AC305-96EE-4A08-9FCF-060A826EE82C}.Debug.Mono|Any CPU.ActiveCfg = Debug|Any CPU
		{119AC305-96EE-4A08-9FCF-060A826EE82C}.Debug.Mono|Any CPU.Build.0 = Debug|Any CPU
		{119AC305-96EE-4A08-9FCF-060A826EE82C}.Debug.Mono|Mixed Platforms.ActiveCfg = Debug|Any CPU
		{119AC305-96EE-4A08-9FCF-060A826EE82C}.Debug.Mono|Mixed Platforms.Build.0 = Debug|Any CPU
		{119AC305-96EE-4A08-9FCF-060A826EE82C}.Debug.Mono|Mono.ActiveCfg = Debug|Any CPU
		{119AC305-96EE-4A08-9FCF-060A826EE82C}.Debug.Mono|Mono.Build.0 = Debug|Any CPU
		{119AC305-96EE-4A08-9FCF-060A826EE82C}.Debug.Mono|Win32.ActiveCfg = Debug|Any CPU
		{119AC305-96EE-4A08-9FCF-060A826EE82C}.Debug.Mono|Win32.Build.0 = Debug|Any CPU
		{119AC305-96EE-4A08-9FCF-060A826EE82C}.Debug.Mono|x86.ActiveCfg = Debug|Any CPU
		{119AC305-96EE-4A08-9FCF-060A826EE82C}.Debug.Mono|x86.Build.0 = Debug|Any CPU
		{119AC305-96EE-4A08-9FCF-060A826EE82C}.Debug|.NET.ActiveCfg = Debug|Any CPU
		{119AC305-96EE-4A08-9FCF-060A826EE82C}.Debug|.NET.Build.0 = Debug|Any CPU
		{119AC305-96EE-4A08-9FCF-060A826EE82C}.Debug|Any CPU.ActiveCfg = Debug|Any CPU
		{119AC305-96EE-4A08-9FCF-060A826EE82C}.Debug|Any CPU.Build.0 = Debug|Any CPU
		{119AC305-96EE-4A08-9FCF-060A826EE82C}.Debug|Mixed Platforms.ActiveCfg = Debug|Any CPU
		{119AC305-96EE-4A08-9FCF-060A826EE82C}.Debug|Mixed Platforms.Build.0 = Debug|Any CPU
		{119AC305-96EE-4A08-9FCF-060A826EE82C}.Debug|Mono.ActiveCfg = Debug|Any CPU
		{119AC305-96EE-4A08-9FCF-060A826EE82C}.Debug|Mono.Build.0 = Debug|Any CPU
		{119AC305-96EE-4A08-9FCF-060A826EE82C}.Debug|Win32.ActiveCfg = Debug|Any CPU
		{119AC305-96EE-4A08-9FCF-060A826EE82C}.Debug|Win32.Build.0 = Debug|Any CPU
		{119AC305-96EE-4A08-9FCF-060A826EE82C}.Debug|x86.ActiveCfg = Debug|Any CPU
		{119AC305-96EE-4A08-9FCF-060A826EE82C}.Debug|x86.Build.0 = Debug|Any CPU
		{119AC305-96EE-4A08-9FCF-060A826EE82C}.Release|.NET.ActiveCfg = Release|Any CPU
		{119AC305-96EE-4A08-9FCF-060A826EE82C}.Release|.NET.Build.0 = Release|Any CPU
		{119AC305-96EE-4A08-9FCF-060A826EE82C}.Release|Any CPU.ActiveCfg = Release|Any CPU
		{119AC305-96EE-4A08-9FCF-060A826EE82C}.Release|Any CPU.Build.0 = Release|Any CPU
		{119AC305-96EE-4A08-9FCF-060A826EE82C}.Release|Mixed Platforms.ActiveCfg = Release|Any CPU
		{119AC305-96EE-4A08-9FCF-060A826EE82C}.Release|Mixed Platforms.Build.0 = Release|Any CPU
		{119AC305-96EE-4A08-9FCF-060A826EE82C}.Release|Mono.ActiveCfg = Release|Any CPU
		{119AC305-96EE-4A08-9FCF-060A826EE82C}.Release|Mono.Build.0 = Release|Any CPU
		{119AC305-96EE-4A08-9FCF-060A826EE82C}.Release|Win32.ActiveCfg = Release|Any CPU
		{119AC305-96EE-4A08-9FCF-060A826EE82C}.Release|Win32.Build.0 = Release|Any CPU
		{119AC305-96EE-4A08-9FCF-060A826EE82C}.Release|x86.ActiveCfg = Release|Any CPU
		{119AC305-96EE-4A08-9FCF-060A826EE82C}.Release|x86.Build.0 = Release|Any CPU
		{8155A4BE-AC2D-4950-A930-E0062655B60C}.Debug.Mono|.NET.ActiveCfg = Debug|Any CPU
		{8155A4BE-AC2D-4950-A930-E0062655B60C}.Debug.Mono|.NET.Build.0 = Debug|Any CPU
		{8155A4BE-AC2D-4950-A930-E0062655B60C}.Debug.Mono|Any CPU.ActiveCfg = Debug|Any CPU
		{8155A4BE-AC2D-4950-A930-E0062655B60C}.Debug.Mono|Any CPU.Build.0 = Debug|Any CPU
		{8155A4BE-AC2D-4950-A930-E0062655B60C}.Debug.Mono|Mixed Platforms.ActiveCfg = Debug|Any CPU
		{8155A4BE-AC2D-4950-A930-E0062655B60C}.Debug.Mono|Mixed Platforms.Build.0 = Debug|Any CPU
		{8155A4BE-AC2D-4950-A930-E0062655B60C}.Debug.Mono|Mono.ActiveCfg = Debug|Any CPU
		{8155A4BE-AC2D-4950-A930-E0062655B60C}.Debug.Mono|Mono.Build.0 = Debug|Any CPU
		{8155A4BE-AC2D-4950-A930-E0062655B60C}.Debug.Mono|Win32.ActiveCfg = Debug|Any CPU
		{8155A4BE-AC2D-4950-A930-E0062655B60C}.Debug.Mono|Win32.Build.0 = Debug|Any CPU
		{8155A4BE-AC2D-4950-A930-E0062655B60C}.Debug.Mono|x86.ActiveCfg = Debug|Any CPU
		{8155A4BE-AC2D-4950-A930-E0062655B60C}.Debug.Mono|x86.Build.0 = Debug|Any CPU
		{8155A4BE-AC2D-4950-A930-E0062655B60C}.Debug|.NET.ActiveCfg = Debug|Any CPU
		{8155A4BE-AC2D-4950-A930-E0062655B60C}.Debug|.NET.Build.0 = Debug|Any CPU
		{8155A4BE-AC2D-4950-A930-E0062655B60C}.Debug|Any CPU.ActiveCfg = Debug|Any CPU
		{8155A4BE-AC2D-4950-A930-E0062655B60C}.Debug|Any CPU.Build.0 = Debug|Any CPU
		{8155A4BE-AC2D-4950-A930-E0062655B60C}.Debug|Mixed Platforms.ActiveCfg = Debug|Any CPU
		{8155A4BE-AC2D-4950-A930-E0062655B60C}.Debug|Mixed Platforms.Build.0 = Debug|Any CPU
		{8155A4BE-AC2D-4950-A930-E0062655B60C}.Debug|Mono.ActiveCfg = Debug|Any CPU
		{8155A4BE-AC2D-4950-A930-E0062655B60C}.Debug|Mono.Build.0 = Debug|Any CPU
		{8155A4BE-AC2D-4950-A930-E0062655B60C}.Debug|Win32.ActiveCfg = Debug|Any CPU
		{8155A4BE-AC2D-4950-A930-E0062655B60C}.Debug|Win32.Build.0 = Debug|Any CPU
		{8155A4BE-AC2D-4950-A930-E0062655B60C}.Debug|x86.ActiveCfg = Debug|Any CPU
		{8155A4BE-AC2D-4950-A930-E0062655B60C}.Debug|x86.Build.0 = Debug|Any CPU
		{8155A4BE-AC2D-4950-A930-E0062655B60C}.Release|.NET.ActiveCfg = Release|Any CPU
		{8155A4BE-AC2D-4950-A930-E0062655B60C}.Release|.NET.Build.0 = Release|Any CPU
		{8155A4BE-AC2D-4950-A930-E0062655B60C}.Release|Any CPU.ActiveCfg = Release|Any CPU
		{8155A4BE-AC2D-4950-A930-E0062655B60C}.Release|Any CPU.Build.0 = Release|Any CPU
		{8155A4BE-AC2D-4950-A930-E0062655B60C}.Release|Mixed Platforms.ActiveCfg = Release|Any CPU
		{8155A4BE-AC2D-4950-A930-E0062655B60C}.Release|Mixed Platforms.Build.0 = Release|Any CPU
		{8155A4BE-AC2D-4950-A930-E0062655B60C}.Release|Mono.ActiveCfg = Release|Any CPU
		{8155A4BE-AC2D-4950-A930-E0062655B60C}.Release|Mono.Build.0 = Release|Any CPU
		{8155A4BE-AC2D-4950-A930-E0062655B60C}.Release|Win32.ActiveCfg = Release|Any CPU
		{8155A4BE-AC2D-4950-A930-E0062655B60C}.Release|Win32.Build.0 = Release|Any CPU
		{8155A4BE-AC2D-4950-A930-E0062655B60C}.Release|x86.ActiveCfg = Release|Any CPU
		{8155A4BE-AC2D-4950-A930-E0062655B60C}.Release|x86.Build.0 = Release|Any CPU
	EndGlobalSection
	GlobalSection(SolutionProperties) = preSolution
		HideSolutionNode = FALSE
	EndGlobalSection
	GlobalSection(NestedProjects) = preSolution
		{47B58366-342A-4699-9CF5-E13FB8F8B413} = {3AF1BAC9-AF91-421F-8BF5-3C2D57EC95B8}
		{F98E5179-88E3-404E-83BE-54F0A3E7DBC0} = {3AF1BAC9-AF91-421F-8BF5-3C2D57EC95B8}
		{74212D20-BB98-401F-A5F7-03669B2CD07A} = {3AF1BAC9-AF91-421F-8BF5-3C2D57EC95B8}
		{51186183-BEEA-4B6D-8865-B7070EFCA126} = {3AF1BAC9-AF91-421F-8BF5-3C2D57EC95B8}
		{D51844A7-91FC-405B-B25C-497AE9856548} = {284ACAE2-9300-447C-BD74-13A27006DA38}
		{EBE4DA5E-1E87-4071-B8A3-EC6096B35B31} = {284ACAE2-9300-447C-BD74-13A27006DA38}
		{24E1E816-D9CD-47B8-96B6-619EAF3379C6} = {3AF1BAC9-AF91-421F-8BF5-3C2D57EC95B8}
		{37B2453E-5D68-4920-98D3-476BA76DF900} = {3389B1C0-EC1E-4298-86E9-27C68859AA4E}
		{6EC5979C-CDC3-4F01-8527-344A3307D642} = {3389B1C0-EC1E-4298-86E9-27C68859AA4E}
		{EDDB494D-782D-4D45-8599-633057B9B203} = {3AF1BAC9-AF91-421F-8BF5-3C2D57EC95B8}
		{F9F2357B-981F-4048-96C5-315EE3872276} = {3389B1C0-EC1E-4298-86E9-27C68859AA4E}
		{9F79A89C-BA9C-4EC2-99D9-EA4FB42F59AD} = {3389B1C0-EC1E-4298-86E9-27C68859AA4E}
		{700C3C48-4833-4136-B6B4-6B6D8890AA13} = {3AF1BAC9-AF91-421F-8BF5-3C2D57EC95B8}
		{06CCC703-83F2-44B9-B67A-F7F3A0071E2D} = {E1F110C7-3655-43A2-8C95-50FD661D7CE0}
		{F9D6A4EA-9DB1-4BA7-A5BE-0C183FBABBF8} = {3AF1BAC9-AF91-421F-8BF5-3C2D57EC95B8}
		{E77D5B58-56A9-4A19-B25F-AE160547E364} = {3389B1C0-EC1E-4298-86E9-27C68859AA4E}
		{25EEFC62-8AD8-490D-840D-31AD03094C29} = {284ACAE2-9300-447C-BD74-13A27006DA38}
		{F6E48545-473F-4133-90F7-B93A4612F50F} = {3AF1BAC9-AF91-421F-8BF5-3C2D57EC95B8}
		{FF2FFCD5-6091-4B10-8FD9-C737BD45C86B} = {3389B1C0-EC1E-4298-86E9-27C68859AA4E}
		{233BE1AB-28DA-4B2F-8CC0-4BB3D88ADC95} = {3AF1BAC9-AF91-421F-8BF5-3C2D57EC95B8}
		{8F016E38-D959-4EAF-9E1A-07D395E764FE} = {3389B1C0-EC1E-4298-86E9-27C68859AA4E}
		{3389B1C0-EC1E-4298-86E9-27C68859AA4E} = {3AF1BAC9-AF91-421F-8BF5-3C2D57EC95B8}
		{A983F732-5CD5-4DE1-B435-A89E1E18C5D8} = {284ACAE2-9300-447C-BD74-13A27006DA38}
		{119AC305-96EE-4A08-9FCF-060A826EE82C} = {E1F110C7-3655-43A2-8C95-50FD661D7CE0}
		{8155A4BE-AC2D-4950-A930-E0062655B60C} = {3389B1C0-EC1E-4298-86E9-27C68859AA4E}
	EndGlobalSection
EndGlobal
