
Microsoft Visual Studio Solution File, Format Version 11.00
# Visual Studio 2010
Project("{FAE04EC0-301F-11D3-BF4B-00C04F79EFBC}") = "CPR Business Application Demo", "CPR Business Application Demo\CPR Business Application Demo.csproj", "{F5B234B8-F852-470B-AB7D-A3C4F3C66EDB}"
EndProject
Global
	GlobalSection(SolutionConfigurationPlatforms) = preSolution
		Debug|Any CPU = Debug|Any CPU
		Release|Any CPU = Release|Any CPU
	EndGlobalSection
	GlobalSection(ProjectConfigurationPlatforms) = postSolution
		{F5B234B8-F852-470B-AB7D-A3C4F3C66EDB}.Debug|Any CPU.ActiveCfg = Debug|Any CPU
		{F5B234B8-F852-470B-AB7D-A3C4F3C66EDB}.Debug|Any CPU.Build.0 = Debug|Any CPU
		{F5B234B8-F852-470B-AB7D-A3C4F3C66EDB}.Release|Any CPU.ActiveCfg = Release|Any CPU
		{F5B234B8-F852-470B-AB7D-A3C4F3C66EDB}.Release|Any CPU.Build.0 = Release|Any CPU
	EndGlobalSection
	GlobalSection(SolutionProperties) = preSolution
		HideSolutionNode = FALSE
	EndGlobalSection
EndGlobal
